// !$*UTF8*$!
{
	archiveVersion = 1;
	classes = {
	};
	objectVersion = 46;
	objects = {

/* Begin PBXBuildFile section */
		272753641E88846E0021DFCF /* StaffLayer.swift in Sources */ = {isa = PBXBuildFile; fileRef = 2727535F1E88846E0021DFCF /* StaffLayer.swift */; };
		272753691E888F780021DFCF /* MusicNotationKitTests.swift in Sources */ = {isa = PBXBuildFile; fileRef = 272753631E88846E0021DFCF /* MusicNotationKitTests.swift */; };
		275695A11EA31E1B009B5397 /* StaffRenderer.swift in Sources */ = {isa = PBXBuildFile; fileRef = 275695A01EA31E1B009B5397 /* StaffRenderer.swift */; };
		277CFF381E99A91200363B80 /* BarLineLayer.swift in Sources */ = {isa = PBXBuildFile; fileRef = 277CFF371E99A91200363B80 /* BarLineLayer.swift */; };
		277CFF3A1E99ABBE00363B80 /* GlobalConstants.swift in Sources */ = {isa = PBXBuildFile; fileRef = 277CFF391E99ABBE00363B80 /* GlobalConstants.swift */; };
		27CE87A91E7512B4007AD729 /* MusicNotationKitiOS.framework in Frameworks */ = {isa = PBXBuildFile; fileRef = 27CE87A01E7512B4007AD729 /* MusicNotationKitiOS.framework */; };
		27CE87AE1E7512B4007AD729 /* MusicNotationKitiOSTests.swift in Sources */ = {isa = PBXBuildFile; fileRef = 27CE87AD1E7512B4007AD729 /* MusicNotationKitiOSTests.swift */; };
		27CE87B01E7512B4007AD729 /* MusicNotationKitiOS.h in Headers */ = {isa = PBXBuildFile; fileRef = 27CE87A21E7512B4007AD729 /* MusicNotationKitiOS.h */; settings = {ATTRIBUTES = (Public, ); }; };
		27E81BE21EA2B710002EEB35 /* NoteheadLayer.swift in Sources */ = {isa = PBXBuildFile; fileRef = 27E81BE11EA2B710002EEB35 /* NoteheadLayer.swift */; };
		85095E884BB870EB3BD411A4 /* Pods_MusicNotationKitiOS_MusicNotationKitiOSTests.framework in Frameworks */ = {isa = PBXBuildFile; fileRef = 6BCC5C9CC080C9776ECC7A32 /* Pods_MusicNotationKitiOS_MusicNotationKitiOSTests.framework */; };
		D70544100FA1A1380BFB8366 /* Pods_MusicNotationKitiOS.framework in Frameworks */ = {isa = PBXBuildFile; fileRef = 489BA68F7050C0A9A22D2849 /* Pods_MusicNotationKitiOS.framework */; };
/* End PBXBuildFile section */

/* Begin PBXContainerItemProxy section */
		27CE87AA1E7512B4007AD729 /* PBXContainerItemProxy */ = {
			isa = PBXContainerItemProxy;
			containerPortal = 27CE87781E751245007AD729 /* Project object */;
			proxyType = 1;
			remoteGlobalIDString = 27CE879F1E7512B4007AD729;
			remoteInfo = MusicNotationKitiOS;
		};
/* End PBXContainerItemProxy section */

/* Begin PBXFileReference section */
		038255A1273E03BB58C2A7CC /* Pods-MusicNotationKitiOS-MusicNotationKitiOSTests.release.xcconfig */ = {isa = PBXFileReference; includeInIndex = 1; lastKnownFileType = text.xcconfig; name = "Pods-MusicNotationKitiOS-MusicNotationKitiOSTests.release.xcconfig"; path = "../Pods/Target Support Files/Pods-MusicNotationKitiOS-MusicNotationKitiOSTests/Pods-MusicNotationKitiOS-MusicNotationKitiOSTests.release.xcconfig"; sourceTree = "<group>"; };
		08F12DB351665490AB31C6E8 /* Pods-MusicNotationKitiOS.release.xcconfig */ = {isa = PBXFileReference; includeInIndex = 1; lastKnownFileType = text.xcconfig; name = "Pods-MusicNotationKitiOS.release.xcconfig"; path = "../Pods/Target Support Files/Pods-MusicNotationKitiOS/Pods-MusicNotationKitiOS.release.xcconfig"; sourceTree = "<group>"; };
		2727535F1E88846E0021DFCF /* StaffLayer.swift */ = {isa = PBXFileReference; fileEncoding = 4; lastKnownFileType = sourcecode.swift; path = StaffLayer.swift; sourceTree = "<group>"; };
		272753631E88846E0021DFCF /* MusicNotationKitTests.swift */ = {isa = PBXFileReference; fileEncoding = 4; lastKnownFileType = sourcecode.swift; path = MusicNotationKitTests.swift; sourceTree = "<group>"; };
		272753671E888F320021DFCF /* XCTest.framework */ = {isa = PBXFileReference; lastKnownFileType = wrapper.framework; name = XCTest.framework; path = Platforms/iPhoneOS.platform/Developer/Library/Frameworks/XCTest.framework; sourceTree = DEVELOPER_DIR; };
		275695A01EA31E1B009B5397 /* StaffRenderer.swift */ = {isa = PBXFileReference; fileEncoding = 4; lastKnownFileType = sourcecode.swift; path = StaffRenderer.swift; sourceTree = "<group>"; };
		277CFF371E99A91200363B80 /* BarLineLayer.swift */ = {isa = PBXFileReference; fileEncoding = 4; lastKnownFileType = sourcecode.swift; path = BarLineLayer.swift; sourceTree = "<group>"; };
		277CFF391E99ABBE00363B80 /* GlobalConstants.swift */ = {isa = PBXFileReference; fileEncoding = 4; lastKnownFileType = sourcecode.swift; path = GlobalConstants.swift; sourceTree = "<group>"; };
		27CE87A01E7512B4007AD729 /* MusicNotationKitiOS.framework */ = {isa = PBXFileReference; explicitFileType = wrapper.framework; includeInIndex = 0; path = MusicNotationKitiOS.framework; sourceTree = BUILT_PRODUCTS_DIR; };
		27CE87A21E7512B4007AD729 /* MusicNotationKitiOS.h */ = {isa = PBXFileReference; lastKnownFileType = sourcecode.c.h; path = MusicNotationKitiOS.h; sourceTree = "<group>"; };
		27CE87A31E7512B4007AD729 /* Info.plist */ = {isa = PBXFileReference; lastKnownFileType = text.plist.xml; path = Info.plist; sourceTree = "<group>"; };
		27CE87A81E7512B4007AD729 /* MusicNotationKitiOSTests.xctest */ = {isa = PBXFileReference; explicitFileType = wrapper.cfbundle; includeInIndex = 0; path = MusicNotationKitiOSTests.xctest; sourceTree = BUILT_PRODUCTS_DIR; };
		27CE87AD1E7512B4007AD729 /* MusicNotationKitiOSTests.swift */ = {isa = PBXFileReference; lastKnownFileType = sourcecode.swift; path = MusicNotationKitiOSTests.swift; sourceTree = "<group>"; };
		27CE87AF1E7512B4007AD729 /* Info.plist */ = {isa = PBXFileReference; lastKnownFileType = text.plist.xml; path = Info.plist; sourceTree = "<group>"; };
		27CE87BA1E7DF6A3007AD729 /* MusicNotationKit.playground */ = {isa = PBXFileReference; lastKnownFileType = file.playground; path = MusicNotationKit.playground; sourceTree = "<group>"; };
		27E81BE11EA2B710002EEB35 /* NoteheadLayer.swift */ = {isa = PBXFileReference; fileEncoding = 4; lastKnownFileType = sourcecode.swift; path = NoteheadLayer.swift; sourceTree = "<group>"; };
		489BA68F7050C0A9A22D2849 /* Pods_MusicNotationKitiOS.framework */ = {isa = PBXFileReference; explicitFileType = wrapper.framework; includeInIndex = 0; path = Pods_MusicNotationKitiOS.framework; sourceTree = BUILT_PRODUCTS_DIR; };
		6BCC5C9CC080C9776ECC7A32 /* Pods_MusicNotationKitiOS_MusicNotationKitiOSTests.framework */ = {isa = PBXFileReference; explicitFileType = wrapper.framework; includeInIndex = 0; path = Pods_MusicNotationKitiOS_MusicNotationKitiOSTests.framework; sourceTree = BUILT_PRODUCTS_DIR; };
		A821489B9B8AC5FCB0D24139 /* Pods-MusicNotationKitiOS.debug.xcconfig */ = {isa = PBXFileReference; includeInIndex = 1; lastKnownFileType = text.xcconfig; name = "Pods-MusicNotationKitiOS.debug.xcconfig"; path = "../Pods/Target Support Files/Pods-MusicNotationKitiOS/Pods-MusicNotationKitiOS.debug.xcconfig"; sourceTree = "<group>"; };
		DD0AEFF50F47608D8209B272 /* Pods-MusicNotationKitiOS-MusicNotationKitiOSTests.debug.xcconfig */ = {isa = PBXFileReference; includeInIndex = 1; lastKnownFileType = text.xcconfig; name = "Pods-MusicNotationKitiOS-MusicNotationKitiOSTests.debug.xcconfig"; path = "../Pods/Target Support Files/Pods-MusicNotationKitiOS-MusicNotationKitiOSTests/Pods-MusicNotationKitiOS-MusicNotationKitiOSTests.debug.xcconfig"; sourceTree = "<group>"; };
/* End PBXFileReference section */

/* Begin PBXFrameworksBuildPhase section */
		27CE879C1E7512B4007AD729 /* Frameworks */ = {
			isa = PBXFrameworksBuildPhase;
			buildActionMask = 2147483647;
			files = (
				D70544100FA1A1380BFB8366 /* Pods_MusicNotationKitiOS.framework in Frameworks */,
			);
			runOnlyForDeploymentPostprocessing = 0;
		};
		27CE87A51E7512B4007AD729 /* Frameworks */ = {
			isa = PBXFrameworksBuildPhase;
			buildActionMask = 2147483647;
			files = (
				27CE87A91E7512B4007AD729 /* MusicNotationKitiOS.framework in Frameworks */,
				85095E884BB870EB3BD411A4 /* Pods_MusicNotationKitiOS_MusicNotationKitiOSTests.framework in Frameworks */,
			);
			runOnlyForDeploymentPostprocessing = 0;
		};
/* End PBXFrameworksBuildPhase section */

/* Begin PBXGroup section */
		2727535E1E88846E0021DFCF /* Sources */ = {
			isa = PBXGroup;
			children = (
				2727535F1E88846E0021DFCF /* StaffLayer.swift */,
				277CFF371E99A91200363B80 /* BarLineLayer.swift */,
				277CFF391E99ABBE00363B80 /* GlobalConstants.swift */,
				27E81BE11EA2B710002EEB35 /* NoteheadLayer.swift */,
				275695A01EA31E1B009B5397 /* StaffRenderer.swift */,
			);
			name = Sources;
			path = ../Sources;
			sourceTree = "<group>";
		};
		272753601E88846E0021DFCF /* Tests */ = {
			isa = PBXGroup;
			children = (
				272753621E88846E0021DFCF /* MusicNotationKitTests */,
			);
			name = Tests;
			path = ../Tests;
			sourceTree = "<group>";
		};
		272753621E88846E0021DFCF /* MusicNotationKitTests */ = {
			isa = PBXGroup;
			children = (
				272753631E88846E0021DFCF /* MusicNotationKitTests.swift */,
			);
			path = MusicNotationKitTests;
			sourceTree = "<group>";
		};
		27CE87771E751245007AD729 = {
			isa = PBXGroup;
			children = (
				2727535E1E88846E0021DFCF /* Sources */,
				272753601E88846E0021DFCF /* Tests */,
				27CE87BA1E7DF6A3007AD729 /* MusicNotationKit.playground */,
				27CE87A11E7512B4007AD729 /* MusicNotationKitiOS */,
				27CE87AC1E7512B4007AD729 /* MusicNotationKitiOSTests */,
				27CE87841E751256007AD729 /* Products */,
				8E38138266F481550E86CB50 /* Pods */,
				3E72D0684F8DA608BD9A20D8 /* Frameworks */,
			);
			sourceTree = "<group>";
		};
		27CE87841E751256007AD729 /* Products */ = {
			isa = PBXGroup;
			children = (
				27CE87A01E7512B4007AD729 /* MusicNotationKitiOS.framework */,
				27CE87A81E7512B4007AD729 /* MusicNotationKitiOSTests.xctest */,
			);
			name = Products;
			sourceTree = "<group>";
		};
		27CE87A11E7512B4007AD729 /* MusicNotationKitiOS */ = {
			isa = PBXGroup;
			children = (
				27CE87A21E7512B4007AD729 /* MusicNotationKitiOS.h */,
				27CE87A31E7512B4007AD729 /* Info.plist */,
			);
			path = MusicNotationKitiOS;
			sourceTree = "<group>";
		};
		27CE87AC1E7512B4007AD729 /* MusicNotationKitiOSTests */ = {
			isa = PBXGroup;
			children = (
				27CE87AD1E7512B4007AD729 /* MusicNotationKitiOSTests.swift */,
				27CE87AF1E7512B4007AD729 /* Info.plist */,
			);
			path = MusicNotationKitiOSTests;
			sourceTree = "<group>";
		};
		3E72D0684F8DA608BD9A20D8 /* Frameworks */ = {
			isa = PBXGroup;
			children = (
				272753671E888F320021DFCF /* XCTest.framework */,
				489BA68F7050C0A9A22D2849 /* Pods_MusicNotationKitiOS.framework */,
				6BCC5C9CC080C9776ECC7A32 /* Pods_MusicNotationKitiOS_MusicNotationKitiOSTests.framework */,
			);
			name = Frameworks;
			sourceTree = "<group>";
		};
		8E38138266F481550E86CB50 /* Pods */ = {
			isa = PBXGroup;
			children = (
				A821489B9B8AC5FCB0D24139 /* Pods-MusicNotationKitiOS.debug.xcconfig */,
				08F12DB351665490AB31C6E8 /* Pods-MusicNotationKitiOS.release.xcconfig */,
				DD0AEFF50F47608D8209B272 /* Pods-MusicNotationKitiOS-MusicNotationKitiOSTests.debug.xcconfig */,
				038255A1273E03BB58C2A7CC /* Pods-MusicNotationKitiOS-MusicNotationKitiOSTests.release.xcconfig */,
			);
			name = Pods;
			sourceTree = "<group>";
		};
/* End PBXGroup section */

/* Begin PBXHeadersBuildPhase section */
		27CE879D1E7512B4007AD729 /* Headers */ = {
			isa = PBXHeadersBuildPhase;
			buildActionMask = 2147483647;
			files = (
				27CE87B01E7512B4007AD729 /* MusicNotationKitiOS.h in Headers */,
			);
			runOnlyForDeploymentPostprocessing = 0;
		};
/* End PBXHeadersBuildPhase section */

/* Begin PBXNativeTarget section */
		27CE879F1E7512B4007AD729 /* MusicNotationKitiOS */ = {
			isa = PBXNativeTarget;
			buildConfigurationList = 27CE87B11E7512B4007AD729 /* Build configuration list for PBXNativeTarget "MusicNotationKitiOS" */;
			buildPhases = (
				E798045C52F641F83F970935 /* [CP] Check Pods Manifest.lock */,
				27CE879B1E7512B4007AD729 /* Sources */,
				27CE879C1E7512B4007AD729 /* Frameworks */,
				27CE879D1E7512B4007AD729 /* Headers */,
				27CE879E1E7512B4007AD729 /* Resources */,
				8E7F27831C0DB483041B94B8 /* [CP] Copy Pods Resources */,
			);
			buildRules = (
			);
			dependencies = (
			);
			name = MusicNotationKitiOS;
			productName = MusicNotationKitiOS;
			productReference = 27CE87A01E7512B4007AD729 /* MusicNotationKitiOS.framework */;
			productType = "com.apple.product-type.framework";
		};
		27CE87A71E7512B4007AD729 /* MusicNotationKitiOSTests */ = {
			isa = PBXNativeTarget;
			buildConfigurationList = 27CE87B41E7512B4007AD729 /* Build configuration list for PBXNativeTarget "MusicNotationKitiOSTests" */;
			buildPhases = (
				D55F02CBCBA8F6584D17419F /* [CP] Check Pods Manifest.lock */,
				27CE87A41E7512B4007AD729 /* Sources */,
				27CE87A51E7512B4007AD729 /* Frameworks */,
				27CE87A61E7512B4007AD729 /* Resources */,
				84E32C74EA8E9F16D5EDF567 /* [CP] Embed Pods Frameworks */,
				C12660F9BCAD500C56A597A8 /* [CP] Copy Pods Resources */,
			);
			buildRules = (
			);
			dependencies = (
				27CE87AB1E7512B4007AD729 /* PBXTargetDependency */,
			);
			name = MusicNotationKitiOSTests;
			productName = MusicNotationKitiOSTests;
			productReference = 27CE87A81E7512B4007AD729 /* MusicNotationKitiOSTests.xctest */;
			productType = "com.apple.product-type.bundle.unit-test";
		};
/* End PBXNativeTarget section */

/* Begin PBXProject section */
		27CE87781E751245007AD729 /* Project object */ = {
			isa = PBXProject;
			attributes = {
				LastSwiftUpdateCheck = 0820;
				LastUpgradeCheck = 0820;
				TargetAttributes = {
					27CE879F1E7512B4007AD729 = {
						CreatedOnToolsVersion = 8.2.1;
						LastSwiftMigration = 0820;
						ProvisioningStyle = Manual;
					};
					27CE87A71E7512B4007AD729 = {
						CreatedOnToolsVersion = 8.2.1;
						DevelopmentTeam = MZZ6S2F4BB;
						ProvisioningStyle = Manual;
					};
				};
			};
			buildConfigurationList = 27CE877B1E751245007AD729 /* Build configuration list for PBXProject "MusicNotationKit" */;
			compatibilityVersion = "Xcode 3.2";
			developmentRegion = English;
			hasScannedForEncodings = 0;
			knownRegions = (
				en,
			);
			mainGroup = 27CE87771E751245007AD729;
			productRefGroup = 27CE87841E751256007AD729 /* Products */;
			projectDirPath = "";
			projectRoot = "";
			targets = (
				27CE879F1E7512B4007AD729 /* MusicNotationKitiOS */,
				27CE87A71E7512B4007AD729 /* MusicNotationKitiOSTests */,
			);
		};
/* End PBXProject section */

/* Begin PBXResourcesBuildPhase section */
		27CE879E1E7512B4007AD729 /* Resources */ = {
			isa = PBXResourcesBuildPhase;
			buildActionMask = 2147483647;
			files = (
			);
			runOnlyForDeploymentPostprocessing = 0;
		};
		27CE87A61E7512B4007AD729 /* Resources */ = {
			isa = PBXResourcesBuildPhase;
			buildActionMask = 2147483647;
			files = (
			);
			runOnlyForDeploymentPostprocessing = 0;
		};
/* End PBXResourcesBuildPhase section */

/* Begin PBXShellScriptBuildPhase section */
		84E32C74EA8E9F16D5EDF567 /* [CP] Embed Pods Frameworks */ = {
			isa = PBXShellScriptBuildPhase;
			buildActionMask = 2147483647;
			files = (
			);
			inputPaths = (
			);
			name = "[CP] Embed Pods Frameworks";
			outputPaths = (
			);
			runOnlyForDeploymentPostprocessing = 0;
			shellPath = /bin/sh;
			shellScript = "\"${SRCROOT}/../Pods/Target Support Files/Pods-MusicNotationKitiOS-MusicNotationKitiOSTests/Pods-MusicNotationKitiOS-MusicNotationKitiOSTests-frameworks.sh\"\n";
			showEnvVarsInLog = 0;
		};
		8E7F27831C0DB483041B94B8 /* [CP] Copy Pods Resources */ = {
			isa = PBXShellScriptBuildPhase;
			buildActionMask = 2147483647;
			files = (
			);
			inputPaths = (
			);
			name = "[CP] Copy Pods Resources";
			outputPaths = (
			);
			runOnlyForDeploymentPostprocessing = 0;
			shellPath = /bin/sh;
			shellScript = "\"${SRCROOT}/../Pods/Target Support Files/Pods-MusicNotationKitiOS/Pods-MusicNotationKitiOS-resources.sh\"\n";
			showEnvVarsInLog = 0;
		};
		C12660F9BCAD500C56A597A8 /* [CP] Copy Pods Resources */ = {
			isa = PBXShellScriptBuildPhase;
			buildActionMask = 2147483647;
			files = (
			);
			inputPaths = (
			);
			name = "[CP] Copy Pods Resources";
			outputPaths = (
			);
			runOnlyForDeploymentPostprocessing = 0;
			shellPath = /bin/sh;
			shellScript = "\"${SRCROOT}/../Pods/Target Support Files/Pods-MusicNotationKitiOS-MusicNotationKitiOSTests/Pods-MusicNotationKitiOS-MusicNotationKitiOSTests-resources.sh\"\n";
			showEnvVarsInLog = 0;
		};
		D55F02CBCBA8F6584D17419F /* [CP] Check Pods Manifest.lock */ = {
			isa = PBXShellScriptBuildPhase;
			buildActionMask = 2147483647;
			files = (
			);
			inputPaths = (
			);
			name = "[CP] Check Pods Manifest.lock";
			outputPaths = (
			);
			runOnlyForDeploymentPostprocessing = 0;
			shellPath = /bin/sh;
			shellScript = "diff \"${PODS_ROOT}/../Podfile.lock\" \"${PODS_ROOT}/Manifest.lock\" > /dev/null\nif [ $? != 0 ] ; then\n    # print error to STDERR\n    echo \"error: The sandbox is not in sync with the Podfile.lock. Run 'pod install' or update your CocoaPods installation.\" >&2\n    exit 1\nfi\n";
			showEnvVarsInLog = 0;
		};
		E798045C52F641F83F970935 /* [CP] Check Pods Manifest.lock */ = {
			isa = PBXShellScriptBuildPhase;
			buildActionMask = 2147483647;
			files = (
			);
			inputPaths = (
			);
			name = "[CP] Check Pods Manifest.lock";
			outputPaths = (
			);
			runOnlyForDeploymentPostprocessing = 0;
			shellPath = /bin/sh;
			shellScript = "diff \"${PODS_ROOT}/../Podfile.lock\" \"${PODS_ROOT}/Manifest.lock\" > /dev/null\nif [ $? != 0 ] ; then\n    # print error to STDERR\n    echo \"error: The sandbox is not in sync with the Podfile.lock. Run 'pod install' or update your CocoaPods installation.\" >&2\n    exit 1\nfi\n";
			showEnvVarsInLog = 0;
		};
/* End PBXShellScriptBuildPhase section */

/* Begin PBXSourcesBuildPhase section */
		27CE879B1E7512B4007AD729 /* Sources */ = {
			isa = PBXSourcesBuildPhase;
			buildActionMask = 2147483647;
			files = (
				272753641E88846E0021DFCF /* StaffLayer.swift in Sources */,
				277CFF3A1E99ABBE00363B80 /* GlobalConstants.swift in Sources */,
				277CFF381E99A91200363B80 /* BarLineLayer.swift in Sources */,
				27E81BE21EA2B710002EEB35 /* NoteheadLayer.swift in Sources */,
				275695A11EA31E1B009B5397 /* StaffRenderer.swift in Sources */,
			);
			runOnlyForDeploymentPostprocessing = 0;
		};
		27CE87A41E7512B4007AD729 /* Sources */ = {
			isa = PBXSourcesBuildPhase;
			buildActionMask = 2147483647;
			files = (
				272753691E888F780021DFCF /* MusicNotationKitTests.swift in Sources */,
				27CE87AE1E7512B4007AD729 /* MusicNotationKitiOSTests.swift in Sources */,
			);
			runOnlyForDeploymentPostprocessing = 0;
		};
/* End PBXSourcesBuildPhase section */

/* Begin PBXTargetDependency section */
		27CE87AB1E7512B4007AD729 /* PBXTargetDependency */ = {
			isa = PBXTargetDependency;
			target = 27CE879F1E7512B4007AD729 /* MusicNotationKitiOS */;
			targetProxy = 27CE87AA1E7512B4007AD729 /* PBXContainerItemProxy */;
		};
/* End PBXTargetDependency section */

/* Begin XCBuildConfiguration section */
		27CE877C1E751245007AD729 /* Debug */ = {
			isa = XCBuildConfiguration;
			buildSettings = {
				CLANG_WARN_BOOL_CONVERSION = YES;
				CLANG_WARN_CONSTANT_CONVERSION = YES;
				CLANG_WARN_EMPTY_BODY = YES;
				CLANG_WARN_ENUM_CONVERSION = YES;
				CLANG_WARN_INFINITE_RECURSION = YES;
				CLANG_WARN_INT_CONVERSION = YES;
				CLANG_WARN_SUSPICIOUS_MOVE = YES;
				CLANG_WARN_UNREACHABLE_CODE = YES;
				CLANG_WARN__DUPLICATE_METHOD_MATCH = YES;
				ENABLE_STRICT_OBJC_MSGSEND = YES;
				ENABLE_TESTABILITY = YES;
				GCC_NO_COMMON_BLOCKS = YES;
				GCC_WARN_64_TO_32_BIT_CONVERSION = YES;
				GCC_WARN_ABOUT_RETURN_TYPE = YES;
				GCC_WARN_UNDECLARED_SELECTOR = YES;
				GCC_WARN_UNINITIALIZED_AUTOS = YES;
				GCC_WARN_UNUSED_FUNCTION = YES;
				GCC_WARN_UNUSED_VARIABLE = YES;
				ONLY_ACTIVE_ARCH = YES;
			};
			name = Debug;
		};
		27CE877D1E751245007AD729 /* Release */ = {
			isa = XCBuildConfiguration;
			buildSettings = {
				CLANG_WARN_BOOL_CONVERSION = YES;
				CLANG_WARN_CONSTANT_CONVERSION = YES;
				CLANG_WARN_EMPTY_BODY = YES;
				CLANG_WARN_ENUM_CONVERSION = YES;
				CLANG_WARN_INFINITE_RECURSION = YES;
				CLANG_WARN_INT_CONVERSION = YES;
				CLANG_WARN_SUSPICIOUS_MOVE = YES;
				CLANG_WARN_UNREACHABLE_CODE = YES;
				CLANG_WARN__DUPLICATE_METHOD_MATCH = YES;
				ENABLE_STRICT_OBJC_MSGSEND = YES;
				GCC_NO_COMMON_BLOCKS = YES;
				GCC_WARN_64_TO_32_BIT_CONVERSION = YES;
				GCC_WARN_ABOUT_RETURN_TYPE = YES;
				GCC_WARN_UNDECLARED_SELECTOR = YES;
				GCC_WARN_UNINITIALIZED_AUTOS = YES;
				GCC_WARN_UNUSED_FUNCTION = YES;
				GCC_WARN_UNUSED_VARIABLE = YES;
			};
			name = Release;
		};
		27CE87B21E7512B4007AD729 /* Debug */ = {
			isa = XCBuildConfiguration;
			baseConfigurationReference = A821489B9B8AC5FCB0D24139 /* Pods-MusicNotationKitiOS.debug.xcconfig */;
			buildSettings = {
				ALWAYS_SEARCH_USER_PATHS = NO;
				CLANG_ANALYZER_NONNULL = YES;
				CLANG_CXX_LANGUAGE_STANDARD = "gnu++0x";
				CLANG_CXX_LIBRARY = "libc++";
				CLANG_ENABLE_MODULES = YES;
				CLANG_ENABLE_OBJC_ARC = YES;
				CLANG_WARN_BOOL_CONVERSION = YES;
				CLANG_WARN_CONSTANT_CONVERSION = YES;
				CLANG_WARN_DIRECT_OBJC_ISA_USAGE = YES_ERROR;
				CLANG_WARN_DOCUMENTATION_COMMENTS = YES;
				CLANG_WARN_EMPTY_BODY = YES;
				CLANG_WARN_ENUM_CONVERSION = YES;
				CLANG_WARN_INFINITE_RECURSION = YES;
				CLANG_WARN_INT_CONVERSION = YES;
				CLANG_WARN_OBJC_ROOT_CLASS = YES_ERROR;
				CLANG_WARN_SUSPICIOUS_MOVE = YES;
				CLANG_WARN_UNREACHABLE_CODE = YES;
				CLANG_WARN__DUPLICATE_METHOD_MATCH = YES;
				CODE_SIGN_IDENTITY = "";
				"CODE_SIGN_IDENTITY[sdk=iphoneos*]" = "";
				COPY_PHASE_STRIP = NO;
				CURRENT_PROJECT_VERSION = 1;
				DEBUG_INFORMATION_FORMAT = dwarf;
				DEFINES_MODULE = YES;
				DEVELOPMENT_TEAM = "";
				DYLIB_COMPATIBILITY_VERSION = 1;
				DYLIB_CURRENT_VERSION = 1;
				DYLIB_INSTALL_NAME_BASE = "@rpath";
				ENABLE_STRICT_OBJC_MSGSEND = YES;
				ENABLE_TESTABILITY = YES;
				GCC_C_LANGUAGE_STANDARD = gnu99;
				GCC_DYNAMIC_NO_PIC = NO;
				GCC_NO_COMMON_BLOCKS = YES;
				GCC_OPTIMIZATION_LEVEL = 0;
				GCC_PREPROCESSOR_DEFINITIONS = (
					"DEBUG=1",
					"$(inherited)",
				);
				GCC_WARN_64_TO_32_BIT_CONVERSION = YES;
				GCC_WARN_ABOUT_RETURN_TYPE = YES_ERROR;
				GCC_WARN_UNDECLARED_SELECTOR = YES;
				GCC_WARN_UNINITIALIZED_AUTOS = YES_AGGRESSIVE;
				GCC_WARN_UNUSED_FUNCTION = YES;
				GCC_WARN_UNUSED_VARIABLE = YES;
				INFOPLIST_FILE = MusicNotationKitiOS/Info.plist;
				INSTALL_PATH = "$(LOCAL_LIBRARY_DIR)/Frameworks";
				IPHONEOS_DEPLOYMENT_TARGET = 8.0;
				LD_RUNPATH_SEARCH_PATHS = "$(inherited) @executable_path/Frameworks @loader_path/Frameworks";
				MTL_ENABLE_DEBUG_INFO = YES;
				ONLY_ACTIVE_ARCH = YES;
				PRODUCT_BUNDLE_IDENTIFIER = com.kylesherman.MusicNotationKitiOS;
				PRODUCT_NAME = "$(TARGET_NAME)";
				SDKROOT = iphoneos;
				SKIP_INSTALL = YES;
				SWIFT_ACTIVE_COMPILATION_CONDITIONS = DEBUG;
				SWIFT_OPTIMIZATION_LEVEL = "-Onone";
				SWIFT_VERSION = 3.0;
				TARGETED_DEVICE_FAMILY = "1,2";
				VERSIONING_SYSTEM = "apple-generic";
				VERSION_INFO_PREFIX = "";
			};
			name = Debug;
		};
		27CE87B31E7512B4007AD729 /* Release */ = {
			isa = XCBuildConfiguration;
			baseConfigurationReference = 08F12DB351665490AB31C6E8 /* Pods-MusicNotationKitiOS.release.xcconfig */;
			buildSettings = {
				ALWAYS_SEARCH_USER_PATHS = NO;
				CLANG_ANALYZER_NONNULL = YES;
				CLANG_CXX_LANGUAGE_STANDARD = "gnu++0x";
				CLANG_CXX_LIBRARY = "libc++";
				CLANG_ENABLE_MODULES = YES;
				CLANG_ENABLE_OBJC_ARC = YES;
				CLANG_WARN_BOOL_CONVERSION = YES;
				CLANG_WARN_CONSTANT_CONVERSION = YES;
				CLANG_WARN_DIRECT_OBJC_ISA_USAGE = YES_ERROR;
				CLANG_WARN_DOCUMENTATION_COMMENTS = YES;
				CLANG_WARN_EMPTY_BODY = YES;
				CLANG_WARN_ENUM_CONVERSION = YES;
				CLANG_WARN_INFINITE_RECURSION = YES;
				CLANG_WARN_INT_CONVERSION = YES;
				CLANG_WARN_OBJC_ROOT_CLASS = YES_ERROR;
				CLANG_WARN_SUSPICIOUS_MOVE = YES;
				CLANG_WARN_UNREACHABLE_CODE = YES;
				CLANG_WARN__DUPLICATE_METHOD_MATCH = YES;
				CODE_SIGN_IDENTITY = "";
				"CODE_SIGN_IDENTITY[sdk=iphoneos*]" = "";
				COPY_PHASE_STRIP = NO;
				CURRENT_PROJECT_VERSION = 1;
				DEBUG_INFORMATION_FORMAT = "dwarf-with-dsym";
				DEFINES_MODULE = YES;
				DEVELOPMENT_TEAM = "";
				DYLIB_COMPATIBILITY_VERSION = 1;
				DYLIB_CURRENT_VERSION = 1;
				DYLIB_INSTALL_NAME_BASE = "@rpath";
				ENABLE_NS_ASSERTIONS = NO;
				ENABLE_STRICT_OBJC_MSGSEND = YES;
				GCC_C_LANGUAGE_STANDARD = gnu99;
				GCC_NO_COMMON_BLOCKS = YES;
				GCC_WARN_64_TO_32_BIT_CONVERSION = YES;
				GCC_WARN_ABOUT_RETURN_TYPE = YES_ERROR;
				GCC_WARN_UNDECLARED_SELECTOR = YES;
				GCC_WARN_UNINITIALIZED_AUTOS = YES_AGGRESSIVE;
				GCC_WARN_UNUSED_FUNCTION = YES;
				GCC_WARN_UNUSED_VARIABLE = YES;
				INFOPLIST_FILE = MusicNotationKitiOS/Info.plist;
				INSTALL_PATH = "$(LOCAL_LIBRARY_DIR)/Frameworks";
				IPHONEOS_DEPLOYMENT_TARGET = 8.0;
				LD_RUNPATH_SEARCH_PATHS = "$(inherited) @executable_path/Frameworks @loader_path/Frameworks";
				MTL_ENABLE_DEBUG_INFO = NO;
				PRODUCT_BUNDLE_IDENTIFIER = com.kylesherman.MusicNotationKitiOS;
				PRODUCT_NAME = "$(TARGET_NAME)";
				SDKROOT = iphoneos;
				SKIP_INSTALL = YES;
				SWIFT_OPTIMIZATION_LEVEL = "-Owholemodule";
				SWIFT_VERSION = 3.0;
				TARGETED_DEVICE_FAMILY = "1,2";
				VALIDATE_PRODUCT = YES;
				VERSIONING_SYSTEM = "apple-generic";
				VERSION_INFO_PREFIX = "";
			};
			name = Release;
		};
		27CE87B51E7512B4007AD729 /* Debug */ = {
			isa = XCBuildConfiguration;
			baseConfigurationReference = DD0AEFF50F47608D8209B272 /* Pods-MusicNotationKitiOS-MusicNotationKitiOSTests.debug.xcconfig */;
			buildSettings = {
				ALWAYS_EMBED_SWIFT_STANDARD_LIBRARIES = "$(inherited)";
				ALWAYS_SEARCH_USER_PATHS = NO;
				CLANG_ANALYZER_NONNULL = YES;
				CLANG_CXX_LANGUAGE_STANDARD = "gnu++0x";
				CLANG_CXX_LIBRARY = "libc++";
				CLANG_ENABLE_MODULES = YES;
				CLANG_ENABLE_OBJC_ARC = YES;
				CLANG_WARN_BOOL_CONVERSION = YES;
				CLANG_WARN_CONSTANT_CONVERSION = YES;
				CLANG_WARN_DIRECT_OBJC_ISA_USAGE = YES_ERROR;
				CLANG_WARN_DOCUMENTATION_COMMENTS = YES;
				CLANG_WARN_EMPTY_BODY = YES;
				CLANG_WARN_ENUM_CONVERSION = YES;
				CLANG_WARN_INFINITE_RECURSION = YES;
				CLANG_WARN_INT_CONVERSION = YES;
				CLANG_WARN_OBJC_ROOT_CLASS = YES_ERROR;
				CLANG_WARN_SUSPICIOUS_MOVE = YES;
				CLANG_WARN_UNREACHABLE_CODE = YES;
				CLANG_WARN__DUPLICATE_METHOD_MATCH = YES;
				"CODE_SIGN_IDENTITY[sdk=iphoneos*]" = "iPhone Developer";
				COPY_PHASE_STRIP = NO;
				DEBUG_INFORMATION_FORMAT = dwarf;
				DEVELOPMENT_TEAM = MZZ6S2F4BB;
				ENABLE_STRICT_OBJC_MSGSEND = YES;
				ENABLE_TESTABILITY = YES;
				GCC_C_LANGUAGE_STANDARD = gnu99;
				GCC_DYNAMIC_NO_PIC = NO;
				GCC_NO_COMMON_BLOCKS = YES;
				GCC_OPTIMIZATION_LEVEL = 0;
				GCC_PREPROCESSOR_DEFINITIONS = (
					"DEBUG=1",
					"$(inherited)",
				);
				GCC_WARN_64_TO_32_BIT_CONVERSION = YES;
				GCC_WARN_ABOUT_RETURN_TYPE = YES_ERROR;
				GCC_WARN_UNDECLARED_SELECTOR = YES;
				GCC_WARN_UNINITIALIZED_AUTOS = YES_AGGRESSIVE;
				GCC_WARN_UNUSED_FUNCTION = YES;
				GCC_WARN_UNUSED_VARIABLE = YES;
				INFOPLIST_FILE = MusicNotationKitiOSTests/Info.plist;
				IPHONEOS_DEPLOYMENT_TARGET = 10.2;
				LD_RUNPATH_SEARCH_PATHS = "$(inherited) @executable_path/Frameworks @loader_path/Frameworks";
				MTL_ENABLE_DEBUG_INFO = YES;
				ONLY_ACTIVE_ARCH = YES;
				PRODUCT_BUNDLE_IDENTIFIER = com.kylesherman.MusicNotationKitiOSTests;
				PRODUCT_NAME = "$(TARGET_NAME)";
				SDKROOT = iphoneos;
				SWIFT_ACTIVE_COMPILATION_CONDITIONS = DEBUG;
				SWIFT_OPTIMIZATION_LEVEL = "-Onone";
				SWIFT_VERSION = 3.0;
			};
			name = Debug;
		};
		27CE87B61E7512B4007AD729 /* Release */ = {
			isa = XCBuildConfiguration;
			baseConfigurationReference = 038255A1273E03BB58C2A7CC /* Pods-MusicNotationKitiOS-MusicNotationKitiOSTests.release.xcconfig */;
			buildSettings = {
				ALWAYS_EMBED_SWIFT_STANDARD_LIBRARIES = "$(inherited)";
				ALWAYS_SEARCH_USER_PATHS = NO;
				CLANG_ANALYZER_NONNULL = YES;
				CLANG_CXX_LANGUAGE_STANDARD = "gnu++0x";
				CLANG_CXX_LIBRARY = "libc++";
				CLANG_ENABLE_MODULES = YES;
				CLANG_ENABLE_OBJC_ARC = YES;
				CLANG_WARN_BOOL_CONVERSION = YES;
				CLANG_WARN_CONSTANT_CONVERSION = YES;
				CLANG_WARN_DIRECT_OBJC_ISA_USAGE = YES_ERROR;
				CLANG_WARN_DOCUMENTATION_COMMENTS = YES;
				CLANG_WARN_EMPTY_BODY = YES;
				CLANG_WARN_ENUM_CONVERSION = YES;
				CLANG_WARN_INFINITE_RECURSION = YES;
				CLANG_WARN_INT_CONVERSION = YES;
				CLANG_WARN_OBJC_ROOT_CLASS = YES_ERROR;
				CLANG_WARN_SUSPICIOUS_MOVE = YES;
				CLANG_WARN_UNREACHABLE_CODE = YES;
				CLANG_WARN__DUPLICATE_METHOD_MATCH = YES;
				"CODE_SIGN_IDENTITY[sdk=iphoneos*]" = "iPhone Developer";
				COPY_PHASE_STRIP = NO;
				DEBUG_INFORMATION_FORMAT = "dwarf-with-dsym";
				DEVELOPMENT_TEAM = MZZ6S2F4BB;
				ENABLE_NS_ASSERTIONS = NO;
				ENABLE_STRICT_OBJC_MSGSEND = YES;
				GCC_C_LANGUAGE_STANDARD = gnu99;
				GCC_NO_COMMON_BLOCKS = YES;
				GCC_WARN_64_TO_32_BIT_CONVERSION = YES;
				GCC_WARN_ABOUT_RETURN_TYPE = YES_ERROR;
				GCC_WARN_UNDECLARED_SELECTOR = YES;
				GCC_WARN_UNINITIALIZED_AUTOS = YES_AGGRESSIVE;
				GCC_WARN_UNUSED_FUNCTION = YES;
				GCC_WARN_UNUSED_VARIABLE = YES;
				INFOPLIST_FILE = MusicNotationKitiOSTests/Info.plist;
				IPHONEOS_DEPLOYMENT_TARGET = 10.2;
				LD_RUNPATH_SEARCH_PATHS = "$(inherited) @executable_path/Frameworks @loader_path/Frameworks";
				MTL_ENABLE_DEBUG_INFO = NO;
				PRODUCT_BUNDLE_IDENTIFIER = com.kylesherman.MusicNotationKitiOSTests;
				PRODUCT_NAME = "$(TARGET_NAME)";
				SDKROOT = iphoneos;
				SWIFT_OPTIMIZATION_LEVEL = "-Owholemodule";
				SWIFT_VERSION = 3.0;
				VALIDATE_PRODUCT = YES;
			};
			name = Release;
		};
/* End XCBuildConfiguration section */

/* Begin XCConfigurationList section */
		27CE877B1E751245007AD729 /* Build configuration list for PBXProject "MusicNotationKit" */ = {
			isa = XCConfigurationList;
			buildConfigurations = (
				27CE877C1E751245007AD729 /* Debug */,
				27CE877D1E751245007AD729 /* Release */,
			);
			defaultConfigurationIsVisible = 0;
			defaultConfigurationName = Release;
		};
		27CE87B11E7512B4007AD729 /* Build configuration list for PBXNativeTarget "MusicNotationKitiOS" */ = {
			isa = XCConfigurationList;
			buildConfigurations = (
				27CE87B21E7512B4007AD729 /* Debug */,
				27CE87B31E7512B4007AD729 /* Release */,
			);
			defaultConfigurationIsVisible = 0;
			defaultConfigurationName = Release;
		};
		27CE87B41E7512B4007AD729 /* Build configuration list for PBXNativeTarget "MusicNotationKitiOSTests" */ = {
			isa = XCConfigurationList;
			buildConfigurations = (
				27CE87B51E7512B4007AD729 /* Debug */,
				27CE87B61E7512B4007AD729 /* Release */,
			);
			defaultConfigurationIsVisible = 0;
			defaultConfigurationName = Release;
		};
/* End XCConfigurationList section */
	};
	rootObject = 27CE87781E751245007AD729 /* Project object */;
}
