// !$*UTF8*$!
{
	archiveVersion = 1;
	classes = {
	};
	objectVersion = 46;
	objects = {

/* Begin PBXBuildFile section */
		OBJ_157 /* Clef.swift in Sources */ = {isa = PBXBuildFile; fileRef = OBJ_9 /* Clef.swift */; };
		OBJ_158 /* Enharmonic.swift in Sources */ = {isa = PBXBuildFile; fileRef = OBJ_10 /* Enharmonic.swift */; };
		OBJ_159 /* ImmutableMeasure.swift in Sources */ = {isa = PBXBuildFile; fileRef = OBJ_11 /* ImmutableMeasure.swift */; };
		OBJ_160 /* Interval.swift in Sources */ = {isa = PBXBuildFile; fileRef = OBJ_12 /* Interval.swift */; };
		OBJ_161 /* Key.swift in Sources */ = {isa = PBXBuildFile; fileRef = OBJ_13 /* Key.swift */; };
		OBJ_162 /* Measure.swift in Sources */ = {isa = PBXBuildFile; fileRef = OBJ_14 /* Measure.swift */; };
		OBJ_163 /* MeasureDurationValidator.swift in Sources */ = {isa = PBXBuildFile; fileRef = OBJ_15 /* MeasureDurationValidator.swift */; };
		OBJ_164 /* MeasureRepeat.swift in Sources */ = {isa = PBXBuildFile; fileRef = OBJ_16 /* MeasureRepeat.swift */; };
		OBJ_165 /* Note.swift in Sources */ = {isa = PBXBuildFile; fileRef = OBJ_17 /* Note.swift */; };
		OBJ_166 /* NoteCollection.swift in Sources */ = {isa = PBXBuildFile; fileRef = OBJ_18 /* NoteCollection.swift */; };
		OBJ_167 /* NoteDuration.swift in Sources */ = {isa = PBXBuildFile; fileRef = OBJ_19 /* NoteDuration.swift */; };
		OBJ_168 /* NoteHolder.swift in Sources */ = {isa = PBXBuildFile; fileRef = OBJ_20 /* NoteHolder.swift */; };
		OBJ_169 /* RepeatedMeasure.swift in Sources */ = {isa = PBXBuildFile; fileRef = OBJ_21 /* RepeatedMeasure.swift */; };
		OBJ_170 /* Staff.swift in Sources */ = {isa = PBXBuildFile; fileRef = OBJ_22 /* Staff.swift */; };
		OBJ_171 /* StaffLocation.swift in Sources */ = {isa = PBXBuildFile; fileRef = OBJ_23 /* StaffLocation.swift */; };
		OBJ_172 /* SwiftHelpers.swift in Sources */ = {isa = PBXBuildFile; fileRef = OBJ_24 /* SwiftHelpers.swift */; };
		OBJ_173 /* TimeSignature.swift in Sources */ = {isa = PBXBuildFile; fileRef = OBJ_25 /* TimeSignature.swift */; };
		OBJ_174 /* Tone.swift in Sources */ = {isa = PBXBuildFile; fileRef = OBJ_26 /* Tone.swift */; };
		OBJ_175 /* Tuplet.swift in Sources */ = {isa = PBXBuildFile; fileRef = OBJ_27 /* Tuplet.swift */; };
		OBJ_176 /* Types.swift in Sources */ = {isa = PBXBuildFile; fileRef = OBJ_28 /* Types.swift */; };
		OBJ_183 /* descriptor.pb.swift in Sources */ = {isa = PBXBuildFile; fileRef = OBJ_30 /* descriptor.pb.swift */; };
		OBJ_184 /* plugin.pb.swift in Sources */ = {isa = PBXBuildFile; fileRef = OBJ_31 /* plugin.pb.swift */; };
		OBJ_186 /* SwiftProtobuf.framework in Frameworks */ = {isa = PBXBuildFile; fileRef = OBJ_149 /* SwiftProtobuf.framework */; };
		OBJ_194 /* CodePrinter.swift in Sources */ = {isa = PBXBuildFile; fileRef = OBJ_33 /* CodePrinter.swift */; };
		OBJ_195 /* Context.swift in Sources */ = {isa = PBXBuildFile; fileRef = OBJ_34 /* Context.swift */; };
		OBJ_196 /* EnumGenerator.swift in Sources */ = {isa = PBXBuildFile; fileRef = OBJ_35 /* EnumGenerator.swift */; };
		OBJ_197 /* ExtensionGenerator.swift in Sources */ = {isa = PBXBuildFile; fileRef = OBJ_36 /* ExtensionGenerator.swift */; };
		OBJ_198 /* FileGenerator.swift in Sources */ = {isa = PBXBuildFile; fileRef = OBJ_37 /* FileGenerator.swift */; };
		OBJ_199 /* FileIo.swift in Sources */ = {isa = PBXBuildFile; fileRef = OBJ_38 /* FileIo.swift */; };
		OBJ_200 /* main.swift in Sources */ = {isa = PBXBuildFile; fileRef = OBJ_39 /* main.swift */; };
		OBJ_201 /* MessageFieldGenerator.swift in Sources */ = {isa = PBXBuildFile; fileRef = OBJ_40 /* MessageFieldGenerator.swift */; };
		OBJ_202 /* MessageGenerator.swift in Sources */ = {isa = PBXBuildFile; fileRef = OBJ_41 /* MessageGenerator.swift */; };
		OBJ_203 /* OneofGenerator.swift in Sources */ = {isa = PBXBuildFile; fileRef = OBJ_42 /* OneofGenerator.swift */; };
		OBJ_204 /* ReservedWords.swift in Sources */ = {isa = PBXBuildFile; fileRef = OBJ_43 /* ReservedWords.swift */; };
		OBJ_205 /* StringUtils.swift in Sources */ = {isa = PBXBuildFile; fileRef = OBJ_44 /* StringUtils.swift */; };
		OBJ_206 /* Version.swift in Sources */ = {isa = PBXBuildFile; fileRef = OBJ_45 /* Version.swift */; };
		OBJ_208 /* SwiftProtobuf.framework in Frameworks */ = {isa = PBXBuildFile; fileRef = OBJ_149 /* SwiftProtobuf.framework */; };
		OBJ_209 /* PluginLibrary.framework in Frameworks */ = {isa = PBXBuildFile; fileRef = OBJ_147 /* PluginLibrary.framework */; };
		OBJ_216 /* api.pb.swift in Sources */ = {isa = PBXBuildFile; fileRef = OBJ_47 /* api.pb.swift */; };
		OBJ_217 /* DebugDescriptionVisitor.swift in Sources */ = {isa = PBXBuildFile; fileRef = OBJ_48 /* DebugDescriptionVisitor.swift */; };
		OBJ_218 /* duration.pb.swift in Sources */ = {isa = PBXBuildFile; fileRef = OBJ_49 /* duration.pb.swift */; };
		OBJ_219 /* empty.pb.swift in Sources */ = {isa = PBXBuildFile; fileRef = OBJ_50 /* empty.pb.swift */; };
		OBJ_220 /* Enum.swift in Sources */ = {isa = PBXBuildFile; fileRef = OBJ_51 /* Enum.swift */; };
		OBJ_221 /* Errors.swift in Sources */ = {isa = PBXBuildFile; fileRef = OBJ_52 /* Errors.swift */; };
		OBJ_222 /* ExtensibleMessage.swift in Sources */ = {isa = PBXBuildFile; fileRef = OBJ_53 /* ExtensibleMessage.swift */; };
		OBJ_223 /* ExtensionFields.swift in Sources */ = {isa = PBXBuildFile; fileRef = OBJ_54 /* ExtensionFields.swift */; };
		OBJ_224 /* ExtensionFieldValueSet.swift in Sources */ = {isa = PBXBuildFile; fileRef = OBJ_55 /* ExtensionFieldValueSet.swift */; };
		OBJ_225 /* ExtensionSet.swift in Sources */ = {isa = PBXBuildFile; fileRef = OBJ_56 /* ExtensionSet.swift */; };
		OBJ_226 /* field_mask.pb.swift in Sources */ = {isa = PBXBuildFile; fileRef = OBJ_57 /* field_mask.pb.swift */; };
		OBJ_227 /* FieldDecoder.swift in Sources */ = {isa = PBXBuildFile; fileRef = OBJ_58 /* FieldDecoder.swift */; };
		OBJ_228 /* FieldNameMap.swift in Sources */ = {isa = PBXBuildFile; fileRef = OBJ_59 /* FieldNameMap.swift */; };
		OBJ_229 /* FieldTag.swift in Sources */ = {isa = PBXBuildFile; fileRef = OBJ_60 /* FieldTag.swift */; };
		OBJ_230 /* FieldTypes.swift in Sources */ = {isa = PBXBuildFile; fileRef = OBJ_61 /* FieldTypes.swift */; };
		OBJ_231 /* Google_Protobuf_Any.swift in Sources */ = {isa = PBXBuildFile; fileRef = OBJ_62 /* Google_Protobuf_Any.swift */; };
		OBJ_232 /* Google_Protobuf_Duration_Extensions.swift in Sources */ = {isa = PBXBuildFile; fileRef = OBJ_63 /* Google_Protobuf_Duration_Extensions.swift */; };
		OBJ_233 /* Google_Protobuf_FieldMask_Extensions.swift in Sources */ = {isa = PBXBuildFile; fileRef = OBJ_64 /* Google_Protobuf_FieldMask_Extensions.swift */; };
		OBJ_234 /* Google_Protobuf_Struct.swift in Sources */ = {isa = PBXBuildFile; fileRef = OBJ_65 /* Google_Protobuf_Struct.swift */; };
		OBJ_235 /* Google_Protobuf_Timestamp_Extensions.swift in Sources */ = {isa = PBXBuildFile; fileRef = OBJ_66 /* Google_Protobuf_Timestamp_Extensions.swift */; };
		OBJ_236 /* Google_Protobuf_Wrappers+Extensions.swift in Sources */ = {isa = PBXBuildFile; fileRef = OBJ_67 /* Google_Protobuf_Wrappers+Extensions.swift */; };
		OBJ_237 /* HashVisitor.swift in Sources */ = {isa = PBXBuildFile; fileRef = OBJ_68 /* HashVisitor.swift */; };
		OBJ_238 /* JSONDecoder.swift in Sources */ = {isa = PBXBuildFile; fileRef = OBJ_69 /* JSONDecoder.swift */; };
		OBJ_239 /* JSONEncoder.swift in Sources */ = {isa = PBXBuildFile; fileRef = OBJ_70 /* JSONEncoder.swift */; };
		OBJ_240 /* JSONScanner.swift in Sources */ = {isa = PBXBuildFile; fileRef = OBJ_71 /* JSONScanner.swift */; };
		OBJ_241 /* JSONToken.swift in Sources */ = {isa = PBXBuildFile; fileRef = OBJ_72 /* JSONToken.swift */; };
		OBJ_242 /* JSONTypeAdditions.swift in Sources */ = {isa = PBXBuildFile; fileRef = OBJ_73 /* JSONTypeAdditions.swift */; };
		OBJ_243 /* Map.swift in Sources */ = {isa = PBXBuildFile; fileRef = OBJ_74 /* Map.swift */; };
		OBJ_244 /* Message.swift in Sources */ = {isa = PBXBuildFile; fileRef = OBJ_75 /* Message.swift */; };
		OBJ_245 /* MessageExtension.swift in Sources */ = {isa = PBXBuildFile; fileRef = OBJ_76 /* MessageExtension.swift */; };
		OBJ_246 /* MirrorVisitor.swift in Sources */ = {isa = PBXBuildFile; fileRef = OBJ_77 /* MirrorVisitor.swift */; };
		OBJ_247 /* OneofEnum.swift in Sources */ = {isa = PBXBuildFile; fileRef = OBJ_78 /* OneofEnum.swift */; };
		OBJ_248 /* ProtobufDecoder.swift in Sources */ = {isa = PBXBuildFile; fileRef = OBJ_79 /* ProtobufDecoder.swift */; };
		OBJ_249 /* ProtobufEncoder.swift in Sources */ = {isa = PBXBuildFile; fileRef = OBJ_80 /* ProtobufEncoder.swift */; };
		OBJ_250 /* ProtobufEncodingSizeVisitor.swift in Sources */ = {isa = PBXBuildFile; fileRef = OBJ_81 /* ProtobufEncodingSizeVisitor.swift */; };
		OBJ_251 /* ProtobufEncodingVisitor.swift in Sources */ = {isa = PBXBuildFile; fileRef = OBJ_82 /* ProtobufEncodingVisitor.swift */; };
		OBJ_252 /* ProtobufTypeAdditions.swift in Sources */ = {isa = PBXBuildFile; fileRef = OBJ_83 /* ProtobufTypeAdditions.swift */; };
		OBJ_253 /* ProtoNameProviding.swift in Sources */ = {isa = PBXBuildFile; fileRef = OBJ_84 /* ProtoNameProviding.swift */; };
		OBJ_254 /* ProtoNameResolvers.swift in Sources */ = {isa = PBXBuildFile; fileRef = OBJ_85 /* ProtoNameResolvers.swift */; };
		OBJ_255 /* source_context.pb.swift in Sources */ = {isa = PBXBuildFile; fileRef = OBJ_86 /* source_context.pb.swift */; };
		OBJ_256 /* timestamp.pb.swift in Sources */ = {isa = PBXBuildFile; fileRef = OBJ_87 /* timestamp.pb.swift */; };
		OBJ_257 /* type.pb.swift in Sources */ = {isa = PBXBuildFile; fileRef = OBJ_88 /* type.pb.swift */; };
		OBJ_258 /* UnknownStorage.swift in Sources */ = {isa = PBXBuildFile; fileRef = OBJ_89 /* UnknownStorage.swift */; };
		OBJ_259 /* Varint.swift in Sources */ = {isa = PBXBuildFile; fileRef = OBJ_90 /* Varint.swift */; };
		OBJ_260 /* Visitor.swift in Sources */ = {isa = PBXBuildFile; fileRef = OBJ_91 /* Visitor.swift */; };
		OBJ_261 /* WireFormat.swift in Sources */ = {isa = PBXBuildFile; fileRef = OBJ_92 /* WireFormat.swift */; };
		OBJ_262 /* wrappers.pb.swift in Sources */ = {isa = PBXBuildFile; fileRef = OBJ_93 /* wrappers.pb.swift */; };
		OBJ_263 /* ZigZag.swift in Sources */ = {isa = PBXBuildFile; fileRef = OBJ_94 /* ZigZag.swift */; };
		OBJ_270 /* MusicNotationKit.swift in Sources */ = {isa = PBXBuildFile; fileRef = OBJ_96 /* MusicNotationKit.swift */; };
		OBJ_271 /* _Clef.pb.swift in Sources */ = {isa = PBXBuildFile; fileRef = OBJ_98 /* _Clef.pb.swift */; };
		OBJ_272 /* _Interval.pb.swift in Sources */ = {isa = PBXBuildFile; fileRef = OBJ_99 /* _Interval.pb.swift */; };
		OBJ_273 /* _Key.pb.swift in Sources */ = {isa = PBXBuildFile; fileRef = OBJ_100 /* _Key.pb.swift */; };
		OBJ_274 /* _Measure.pb.swift in Sources */ = {isa = PBXBuildFile; fileRef = OBJ_101 /* _Measure.pb.swift */; };
		OBJ_275 /* _MeasureRepeat.pb.swift in Sources */ = {isa = PBXBuildFile; fileRef = OBJ_102 /* _MeasureRepeat.pb.swift */; };
		OBJ_276 /* _Note.pb.swift in Sources */ = {isa = PBXBuildFile; fileRef = OBJ_103 /* _Note.pb.swift */; };
		OBJ_277 /* _NoteDuration.pb.swift in Sources */ = {isa = PBXBuildFile; fileRef = OBJ_104 /* _NoteDuration.pb.swift */; };
		OBJ_278 /* _Staff.pb.swift in Sources */ = {isa = PBXBuildFile; fileRef = OBJ_105 /* _Staff.pb.swift */; };
		OBJ_279 /* _StaffLocation.pb.swift in Sources */ = {isa = PBXBuildFile; fileRef = OBJ_106 /* _StaffLocation.pb.swift */; };
		OBJ_280 /* _TimeSignature.pb.swift in Sources */ = {isa = PBXBuildFile; fileRef = OBJ_107 /* _TimeSignature.pb.swift */; };
		OBJ_281 /* _Tone.pb.swift in Sources */ = {isa = PBXBuildFile; fileRef = OBJ_108 /* _Tone.pb.swift */; };
		OBJ_282 /* _Tuplet.pb.swift in Sources */ = {isa = PBXBuildFile; fileRef = OBJ_109 /* _Tuplet.pb.swift */; };
		OBJ_283 /* _Types.pb.swift in Sources */ = {isa = PBXBuildFile; fileRef = OBJ_110 /* _Types.pb.swift */; };
		OBJ_284 /* _Clef+Transform.swift in Sources */ = {isa = PBXBuildFile; fileRef = OBJ_113 /* _Clef+Transform.swift */; };
		OBJ_285 /* _Interval+Transform.swift in Sources */ = {isa = PBXBuildFile; fileRef = OBJ_114 /* _Interval+Transform.swift */; };
		OBJ_286 /* _Key+Transform.swift in Sources */ = {isa = PBXBuildFile; fileRef = OBJ_115 /* _Key+Transform.swift */; };
		OBJ_287 /* _Measure+Transform.swift in Sources */ = {isa = PBXBuildFile; fileRef = OBJ_116 /* _Measure+Transform.swift */; };
		OBJ_288 /* _MeasureRepeat+Transform.swift in Sources */ = {isa = PBXBuildFile; fileRef = OBJ_117 /* _MeasureRepeat+Transform.swift */; };
		OBJ_289 /* _Note+Transform.swift in Sources */ = {isa = PBXBuildFile; fileRef = OBJ_118 /* _Note+Transform.swift */; };
		OBJ_290 /* _NoteDuration+Transform.swift in Sources */ = {isa = PBXBuildFile; fileRef = OBJ_119 /* _NoteDuration+Transform.swift */; };
		OBJ_291 /* _Staff+Transform.swift in Sources */ = {isa = PBXBuildFile; fileRef = OBJ_120 /* _Staff+Transform.swift */; };
		OBJ_292 /* _StaffLocation+Transform.swift in Sources */ = {isa = PBXBuildFile; fileRef = OBJ_121 /* _StaffLocation+Transform.swift */; };
		OBJ_293 /* _TimeSignature+Transform.swift in Sources */ = {isa = PBXBuildFile; fileRef = OBJ_122 /* _TimeSignature+Transform.swift */; };
		OBJ_294 /* _Tone+Transform.swift in Sources */ = {isa = PBXBuildFile; fileRef = OBJ_123 /* _Tone+Transform.swift */; };
		OBJ_295 /* _Tuplet+Transform.swift in Sources */ = {isa = PBXBuildFile; fileRef = OBJ_124 /* _Tuplet+Transform.swift */; };
		OBJ_296 /* _Types+Transform.swift in Sources */ = {isa = PBXBuildFile; fileRef = OBJ_125 /* _Types+Transform.swift */; };
		OBJ_298 /* MusicNotationCore.framework in Frameworks */ = {isa = PBXBuildFile; fileRef = OBJ_146 /* MusicNotationCore.framework */; };
		OBJ_299 /* SwiftProtobuf.framework in Frameworks */ = {isa = PBXBuildFile; fileRef = OBJ_149 /* SwiftProtobuf.framework */; };
		OBJ_300 /* PluginLibrary.framework in Frameworks */ = {isa = PBXBuildFile; fileRef = OBJ_147 /* PluginLibrary.framework */; };
		OBJ_309 /* _ClefTests.swift in Sources */ = {isa = PBXBuildFile; fileRef = OBJ_128 /* _ClefTests.swift */; };
		OBJ_310 /* _IntervalTests.swift in Sources */ = {isa = PBXBuildFile; fileRef = OBJ_129 /* _IntervalTests.swift */; };
		OBJ_311 /* _KeyTests.swift in Sources */ = {isa = PBXBuildFile; fileRef = OBJ_130 /* _KeyTests.swift */; };
		OBJ_312 /* _MeasureRepeatTests.swift in Sources */ = {isa = PBXBuildFile; fileRef = OBJ_131 /* _MeasureRepeatTests.swift */; };
		OBJ_313 /* _MeasureTests.swift in Sources */ = {isa = PBXBuildFile; fileRef = OBJ_132 /* _MeasureTests.swift */; };
		OBJ_314 /* _NoteDurationTests.swift in Sources */ = {isa = PBXBuildFile; fileRef = OBJ_133 /* _NoteDurationTests.swift */; };
		OBJ_315 /* _NoteTests.swift in Sources */ = {isa = PBXBuildFile; fileRef = OBJ_134 /* _NoteTests.swift */; };
		OBJ_316 /* _StaffLocationTests.swift in Sources */ = {isa = PBXBuildFile; fileRef = OBJ_135 /* _StaffLocationTests.swift */; };
		OBJ_317 /* _StaffTests.swift in Sources */ = {isa = PBXBuildFile; fileRef = OBJ_136 /* _StaffTests.swift */; };
		OBJ_318 /* _TimeSignatureTests.swift in Sources */ = {isa = PBXBuildFile; fileRef = OBJ_137 /* _TimeSignatureTests.swift */; };
		OBJ_319 /* _ToneTests.swift in Sources */ = {isa = PBXBuildFile; fileRef = OBJ_138 /* _ToneTests.swift */; };
		OBJ_320 /* _TupletTests.swift in Sources */ = {isa = PBXBuildFile; fileRef = OBJ_139 /* _TupletTests.swift */; };
		OBJ_321 /* _Types.swift in Sources */ = {isa = PBXBuildFile; fileRef = OBJ_140 /* _Types.swift */; };
		OBJ_322 /* MusicNotationKitTests.swift in Sources */ = {isa = PBXBuildFile; fileRef = OBJ_141 /* MusicNotationKitTests.swift */; };
		OBJ_323 /* TestHelpers.swift in Sources */ = {isa = PBXBuildFile; fileRef = OBJ_142 /* TestHelpers.swift */; };
		OBJ_325 /* MusicNotationCore.framework in Frameworks */ = {isa = PBXBuildFile; fileRef = OBJ_146 /* MusicNotationCore.framework */; };
		OBJ_326 /* SwiftProtobuf.framework in Frameworks */ = {isa = PBXBuildFile; fileRef = OBJ_149 /* SwiftProtobuf.framework */; };
		OBJ_327 /* PluginLibrary.framework in Frameworks */ = {isa = PBXBuildFile; fileRef = OBJ_147 /* PluginLibrary.framework */; };
		OBJ_328 /* MusicNotationKit.framework in Frameworks */ = {isa = PBXBuildFile; fileRef = OBJ_150 /* MusicNotationKit.framework */; };
/* End PBXBuildFile section */

/* Begin PBXContainerItemProxy section */
		24DDBDF31E84BEBC009F8F93 /* PBXContainerItemProxy */ = {
			isa = PBXContainerItemProxy;
			containerPortal = OBJ_1 /* Project object */;
			proxyType = 1;
			remoteGlobalIDString = OBJ_188;
			remoteInfo = SwiftProtobuf;
		};
		24DDBDF41E84BEBC009F8F93 /* PBXContainerItemProxy */ = {
			isa = PBXContainerItemProxy;
			containerPortal = OBJ_1 /* Project object */;
			proxyType = 1;
			remoteGlobalIDString = OBJ_188;
			remoteInfo = SwiftProtobuf;
		};
		24DDBDF51E84BEBC009F8F93 /* PBXContainerItemProxy */ = {
			isa = PBXContainerItemProxy;
			containerPortal = OBJ_1 /* Project object */;
			proxyType = 1;
			remoteGlobalIDString = OBJ_178;
			remoteInfo = PluginLibrary;
		};
		24DDBDF61E84BEBC009F8F93 /* PBXContainerItemProxy */ = {
			isa = PBXContainerItemProxy;
			containerPortal = OBJ_1 /* Project object */;
			proxyType = 1;
			remoteGlobalIDString = OBJ_152;
			remoteInfo = MusicNotationCore;
		};
		24DDBDF71E84BEBC009F8F93 /* PBXContainerItemProxy */ = {
			isa = PBXContainerItemProxy;
			containerPortal = OBJ_1 /* Project object */;
			proxyType = 1;
			remoteGlobalIDString = OBJ_188;
			remoteInfo = SwiftProtobuf;
		};
		24DDBDF81E84BEBC009F8F93 /* PBXContainerItemProxy */ = {
			isa = PBXContainerItemProxy;
			containerPortal = OBJ_1 /* Project object */;
			proxyType = 1;
			remoteGlobalIDString = OBJ_178;
			remoteInfo = PluginLibrary;
		};
		24DDBDF91E84BEBC009F8F93 /* PBXContainerItemProxy */ = {
			isa = PBXContainerItemProxy;
			containerPortal = OBJ_1 /* Project object */;
			proxyType = 1;
			remoteGlobalIDString = OBJ_152;
			remoteInfo = MusicNotationCore;
		};
		24DDBDFA1E84BEBC009F8F93 /* PBXContainerItemProxy */ = {
			isa = PBXContainerItemProxy;
			containerPortal = OBJ_1 /* Project object */;
			proxyType = 1;
			remoteGlobalIDString = OBJ_188;
			remoteInfo = SwiftProtobuf;
		};
		24DDBDFB1E84BEBC009F8F93 /* PBXContainerItemProxy */ = {
			isa = PBXContainerItemProxy;
			containerPortal = OBJ_1 /* Project object */;
			proxyType = 1;
			remoteGlobalIDString = OBJ_178;
			remoteInfo = PluginLibrary;
		};
		24DDBDFC1E84BEBC009F8F93 /* PBXContainerItemProxy */ = {
			isa = PBXContainerItemProxy;
			containerPortal = OBJ_1 /* Project object */;
			proxyType = 1;
			remoteGlobalIDString = OBJ_265;
			remoteInfo = MusicNotationKit;
		};
/* End PBXContainerItemProxy section */

/* Begin PBXFileReference section */
		OBJ_10 /* Enharmonic.swift */ = {isa = PBXFileReference; lastKnownFileType = sourcecode.swift; path = Enharmonic.swift; sourceTree = "<group>"; };
		OBJ_100 /* _Key.pb.swift */ = {isa = PBXFileReference; lastKnownFileType = sourcecode.swift; path = _Key.pb.swift; sourceTree = "<group>"; };
		OBJ_101 /* _Measure.pb.swift */ = {isa = PBXFileReference; lastKnownFileType = sourcecode.swift; path = _Measure.pb.swift; sourceTree = "<group>"; };
		OBJ_102 /* _MeasureRepeat.pb.swift */ = {isa = PBXFileReference; lastKnownFileType = sourcecode.swift; path = _MeasureRepeat.pb.swift; sourceTree = "<group>"; };
		OBJ_103 /* _Note.pb.swift */ = {isa = PBXFileReference; lastKnownFileType = sourcecode.swift; path = _Note.pb.swift; sourceTree = "<group>"; };
		OBJ_104 /* _NoteDuration.pb.swift */ = {isa = PBXFileReference; lastKnownFileType = sourcecode.swift; path = _NoteDuration.pb.swift; sourceTree = "<group>"; };
		OBJ_105 /* _Staff.pb.swift */ = {isa = PBXFileReference; lastKnownFileType = sourcecode.swift; path = _Staff.pb.swift; sourceTree = "<group>"; };
		OBJ_106 /* _StaffLocation.pb.swift */ = {isa = PBXFileReference; lastKnownFileType = sourcecode.swift; path = _StaffLocation.pb.swift; sourceTree = "<group>"; };
		OBJ_107 /* _TimeSignature.pb.swift */ = {isa = PBXFileReference; lastKnownFileType = sourcecode.swift; path = _TimeSignature.pb.swift; sourceTree = "<group>"; };
		OBJ_108 /* _Tone.pb.swift */ = {isa = PBXFileReference; lastKnownFileType = sourcecode.swift; path = _Tone.pb.swift; sourceTree = "<group>"; };
		OBJ_109 /* _Tuplet.pb.swift */ = {isa = PBXFileReference; lastKnownFileType = sourcecode.swift; path = _Tuplet.pb.swift; sourceTree = "<group>"; };
		OBJ_11 /* ImmutableMeasure.swift */ = {isa = PBXFileReference; lastKnownFileType = sourcecode.swift; path = ImmutableMeasure.swift; sourceTree = "<group>"; };
		OBJ_110 /* _Types.pb.swift */ = {isa = PBXFileReference; lastKnownFileType = sourcecode.swift; path = _Types.pb.swift; sourceTree = "<group>"; };
		OBJ_113 /* _Clef+Transform.swift */ = {isa = PBXFileReference; lastKnownFileType = sourcecode.swift; path = "_Clef+Transform.swift"; sourceTree = "<group>"; };
		OBJ_114 /* _Interval+Transform.swift */ = {isa = PBXFileReference; lastKnownFileType = sourcecode.swift; path = "_Interval+Transform.swift"; sourceTree = "<group>"; };
		OBJ_115 /* _Key+Transform.swift */ = {isa = PBXFileReference; lastKnownFileType = sourcecode.swift; path = "_Key+Transform.swift"; sourceTree = "<group>"; };
		OBJ_116 /* _Measure+Transform.swift */ = {isa = PBXFileReference; lastKnownFileType = sourcecode.swift; path = "_Measure+Transform.swift"; sourceTree = "<group>"; };
		OBJ_117 /* _MeasureRepeat+Transform.swift */ = {isa = PBXFileReference; lastKnownFileType = sourcecode.swift; path = "_MeasureRepeat+Transform.swift"; sourceTree = "<group>"; };
		OBJ_118 /* _Note+Transform.swift */ = {isa = PBXFileReference; lastKnownFileType = sourcecode.swift; path = "_Note+Transform.swift"; sourceTree = "<group>"; };
		OBJ_119 /* _NoteDuration+Transform.swift */ = {isa = PBXFileReference; lastKnownFileType = sourcecode.swift; path = "_NoteDuration+Transform.swift"; sourceTree = "<group>"; };
		OBJ_12 /* Interval.swift */ = {isa = PBXFileReference; lastKnownFileType = sourcecode.swift; path = Interval.swift; sourceTree = "<group>"; };
		OBJ_120 /* _Staff+Transform.swift */ = {isa = PBXFileReference; lastKnownFileType = sourcecode.swift; path = "_Staff+Transform.swift"; sourceTree = "<group>"; };
		OBJ_121 /* _StaffLocation+Transform.swift */ = {isa = PBXFileReference; lastKnownFileType = sourcecode.swift; path = "_StaffLocation+Transform.swift"; sourceTree = "<group>"; };
		OBJ_122 /* _TimeSignature+Transform.swift */ = {isa = PBXFileReference; lastKnownFileType = sourcecode.swift; path = "_TimeSignature+Transform.swift"; sourceTree = "<group>"; };
		OBJ_123 /* _Tone+Transform.swift */ = {isa = PBXFileReference; lastKnownFileType = sourcecode.swift; path = "_Tone+Transform.swift"; sourceTree = "<group>"; };
		OBJ_124 /* _Tuplet+Transform.swift */ = {isa = PBXFileReference; lastKnownFileType = sourcecode.swift; path = "_Tuplet+Transform.swift"; sourceTree = "<group>"; };
		OBJ_125 /* _Types+Transform.swift */ = {isa = PBXFileReference; lastKnownFileType = sourcecode.swift; path = "_Types+Transform.swift"; sourceTree = "<group>"; };
		OBJ_128 /* _ClefTests.swift */ = {isa = PBXFileReference; lastKnownFileType = sourcecode.swift; path = _ClefTests.swift; sourceTree = "<group>"; };
		OBJ_129 /* _IntervalTests.swift */ = {isa = PBXFileReference; lastKnownFileType = sourcecode.swift; path = _IntervalTests.swift; sourceTree = "<group>"; };
		OBJ_13 /* Key.swift */ = {isa = PBXFileReference; lastKnownFileType = sourcecode.swift; path = Key.swift; sourceTree = "<group>"; };
		OBJ_130 /* _KeyTests.swift */ = {isa = PBXFileReference; lastKnownFileType = sourcecode.swift; path = _KeyTests.swift; sourceTree = "<group>"; };
		OBJ_131 /* _MeasureRepeatTests.swift */ = {isa = PBXFileReference; lastKnownFileType = sourcecode.swift; path = _MeasureRepeatTests.swift; sourceTree = "<group>"; };
		OBJ_132 /* _MeasureTests.swift */ = {isa = PBXFileReference; lastKnownFileType = sourcecode.swift; path = _MeasureTests.swift; sourceTree = "<group>"; };
		OBJ_133 /* _NoteDurationTests.swift */ = {isa = PBXFileReference; lastKnownFileType = sourcecode.swift; path = _NoteDurationTests.swift; sourceTree = "<group>"; };
		OBJ_134 /* _NoteTests.swift */ = {isa = PBXFileReference; lastKnownFileType = sourcecode.swift; path = _NoteTests.swift; sourceTree = "<group>"; };
		OBJ_135 /* _StaffLocationTests.swift */ = {isa = PBXFileReference; lastKnownFileType = sourcecode.swift; path = _StaffLocationTests.swift; sourceTree = "<group>"; };
		OBJ_136 /* _StaffTests.swift */ = {isa = PBXFileReference; lastKnownFileType = sourcecode.swift; path = _StaffTests.swift; sourceTree = "<group>"; };
		OBJ_137 /* _TimeSignatureTests.swift */ = {isa = PBXFileReference; lastKnownFileType = sourcecode.swift; path = _TimeSignatureTests.swift; sourceTree = "<group>"; };
		OBJ_138 /* _ToneTests.swift */ = {isa = PBXFileReference; lastKnownFileType = sourcecode.swift; path = _ToneTests.swift; sourceTree = "<group>"; };
		OBJ_139 /* _TupletTests.swift */ = {isa = PBXFileReference; lastKnownFileType = sourcecode.swift; path = _TupletTests.swift; sourceTree = "<group>"; };
		OBJ_14 /* Measure.swift */ = {isa = PBXFileReference; lastKnownFileType = sourcecode.swift; path = Measure.swift; sourceTree = "<group>"; };
		OBJ_140 /* _Types.swift */ = {isa = PBXFileReference; lastKnownFileType = sourcecode.swift; path = _Types.swift; sourceTree = "<group>"; };
		OBJ_141 /* MusicNotationKitTests.swift */ = {isa = PBXFileReference; lastKnownFileType = sourcecode.swift; path = MusicNotationKitTests.swift; sourceTree = "<group>"; };
		OBJ_142 /* TestHelpers.swift */ = {isa = PBXFileReference; lastKnownFileType = sourcecode.swift; path = TestHelpers.swift; sourceTree = "<group>"; };
		OBJ_143 /* Bin */ = {isa = PBXFileReference; lastKnownFileType = folder; path = Bin; sourceTree = SOURCE_ROOT; };
		OBJ_144 /* Proto */ = {isa = PBXFileReference; lastKnownFileType = folder; path = Proto; sourceTree = SOURCE_ROOT; };
		OBJ_146 /* MusicNotationCore.framework */ = {isa = PBXFileReference; explicitFileType = wrapper.framework; path = MusicNotationCore.framework; sourceTree = BUILT_PRODUCTS_DIR; };
		OBJ_147 /* PluginLibrary.framework */ = {isa = PBXFileReference; explicitFileType = wrapper.framework; path = PluginLibrary.framework; sourceTree = BUILT_PRODUCTS_DIR; };
		OBJ_148 /* protoc-gen-swift */ = {isa = PBXFileReference; lastKnownFileType = text; path = "protoc-gen-swift"; sourceTree = BUILT_PRODUCTS_DIR; };
		OBJ_149 /* SwiftProtobuf.framework */ = {isa = PBXFileReference; explicitFileType = wrapper.framework; path = SwiftProtobuf.framework; sourceTree = BUILT_PRODUCTS_DIR; };
		OBJ_15 /* MeasureDurationValidator.swift */ = {isa = PBXFileReference; lastKnownFileType = sourcecode.swift; path = MeasureDurationValidator.swift; sourceTree = "<group>"; };
		OBJ_150 /* MusicNotationKit.framework */ = {isa = PBXFileReference; explicitFileType = wrapper.framework; path = MusicNotationKit.framework; sourceTree = BUILT_PRODUCTS_DIR; };
		OBJ_151 /* MusicNotationKitTests.xctest */ = {isa = PBXFileReference; lastKnownFileType = file; path = MusicNotationKitTests.xctest; sourceTree = BUILT_PRODUCTS_DIR; };
		OBJ_16 /* MeasureRepeat.swift */ = {isa = PBXFileReference; lastKnownFileType = sourcecode.swift; path = MeasureRepeat.swift; sourceTree = "<group>"; };
		OBJ_17 /* Note.swift */ = {isa = PBXFileReference; lastKnownFileType = sourcecode.swift; path = Note.swift; sourceTree = "<group>"; };
		OBJ_18 /* NoteCollection.swift */ = {isa = PBXFileReference; lastKnownFileType = sourcecode.swift; path = NoteCollection.swift; sourceTree = "<group>"; };
		OBJ_19 /* NoteDuration.swift */ = {isa = PBXFileReference; lastKnownFileType = sourcecode.swift; path = NoteDuration.swift; sourceTree = "<group>"; };
		OBJ_20 /* NoteHolder.swift */ = {isa = PBXFileReference; lastKnownFileType = sourcecode.swift; path = NoteHolder.swift; sourceTree = "<group>"; };
		OBJ_21 /* RepeatedMeasure.swift */ = {isa = PBXFileReference; lastKnownFileType = sourcecode.swift; path = RepeatedMeasure.swift; sourceTree = "<group>"; };
		OBJ_22 /* Staff.swift */ = {isa = PBXFileReference; lastKnownFileType = sourcecode.swift; path = Staff.swift; sourceTree = "<group>"; };
		OBJ_23 /* StaffLocation.swift */ = {isa = PBXFileReference; lastKnownFileType = sourcecode.swift; path = StaffLocation.swift; sourceTree = "<group>"; };
		OBJ_24 /* SwiftHelpers.swift */ = {isa = PBXFileReference; lastKnownFileType = sourcecode.swift; path = SwiftHelpers.swift; sourceTree = "<group>"; };
		OBJ_25 /* TimeSignature.swift */ = {isa = PBXFileReference; lastKnownFileType = sourcecode.swift; path = TimeSignature.swift; sourceTree = "<group>"; };
		OBJ_26 /* Tone.swift */ = {isa = PBXFileReference; lastKnownFileType = sourcecode.swift; path = Tone.swift; sourceTree = "<group>"; };
		OBJ_27 /* Tuplet.swift */ = {isa = PBXFileReference; lastKnownFileType = sourcecode.swift; path = Tuplet.swift; sourceTree = "<group>"; };
		OBJ_28 /* Types.swift */ = {isa = PBXFileReference; lastKnownFileType = sourcecode.swift; path = Types.swift; sourceTree = "<group>"; };
		OBJ_30 /* descriptor.pb.swift */ = {isa = PBXFileReference; lastKnownFileType = sourcecode.swift; path = descriptor.pb.swift; sourceTree = "<group>"; };
		OBJ_31 /* plugin.pb.swift */ = {isa = PBXFileReference; lastKnownFileType = sourcecode.swift; path = plugin.pb.swift; sourceTree = "<group>"; };
		OBJ_33 /* CodePrinter.swift */ = {isa = PBXFileReference; lastKnownFileType = sourcecode.swift; path = CodePrinter.swift; sourceTree = "<group>"; };
		OBJ_34 /* Context.swift */ = {isa = PBXFileReference; lastKnownFileType = sourcecode.swift; path = Context.swift; sourceTree = "<group>"; };
		OBJ_35 /* EnumGenerator.swift */ = {isa = PBXFileReference; lastKnownFileType = sourcecode.swift; path = EnumGenerator.swift; sourceTree = "<group>"; };
		OBJ_36 /* ExtensionGenerator.swift */ = {isa = PBXFileReference; lastKnownFileType = sourcecode.swift; path = ExtensionGenerator.swift; sourceTree = "<group>"; };
		OBJ_37 /* FileGenerator.swift */ = {isa = PBXFileReference; lastKnownFileType = sourcecode.swift; path = FileGenerator.swift; sourceTree = "<group>"; };
		OBJ_38 /* FileIo.swift */ = {isa = PBXFileReference; lastKnownFileType = sourcecode.swift; path = FileIo.swift; sourceTree = "<group>"; };
		OBJ_39 /* main.swift */ = {isa = PBXFileReference; lastKnownFileType = sourcecode.swift; path = main.swift; sourceTree = "<group>"; };
		OBJ_40 /* MessageFieldGenerator.swift */ = {isa = PBXFileReference; lastKnownFileType = sourcecode.swift; path = MessageFieldGenerator.swift; sourceTree = "<group>"; };
		OBJ_41 /* MessageGenerator.swift */ = {isa = PBXFileReference; lastKnownFileType = sourcecode.swift; path = MessageGenerator.swift; sourceTree = "<group>"; };
		OBJ_42 /* OneofGenerator.swift */ = {isa = PBXFileReference; lastKnownFileType = sourcecode.swift; path = OneofGenerator.swift; sourceTree = "<group>"; };
		OBJ_43 /* ReservedWords.swift */ = {isa = PBXFileReference; lastKnownFileType = sourcecode.swift; path = ReservedWords.swift; sourceTree = "<group>"; };
		OBJ_44 /* StringUtils.swift */ = {isa = PBXFileReference; lastKnownFileType = sourcecode.swift; path = StringUtils.swift; sourceTree = "<group>"; };
		OBJ_45 /* Version.swift */ = {isa = PBXFileReference; lastKnownFileType = sourcecode.swift; path = Version.swift; sourceTree = "<group>"; };
		OBJ_47 /* api.pb.swift */ = {isa = PBXFileReference; lastKnownFileType = sourcecode.swift; path = api.pb.swift; sourceTree = "<group>"; };
		OBJ_48 /* DebugDescriptionVisitor.swift */ = {isa = PBXFileReference; lastKnownFileType = sourcecode.swift; path = DebugDescriptionVisitor.swift; sourceTree = "<group>"; };
		OBJ_49 /* duration.pb.swift */ = {isa = PBXFileReference; lastKnownFileType = sourcecode.swift; path = duration.pb.swift; sourceTree = "<group>"; };
		OBJ_50 /* empty.pb.swift */ = {isa = PBXFileReference; lastKnownFileType = sourcecode.swift; path = empty.pb.swift; sourceTree = "<group>"; };
		OBJ_51 /* Enum.swift */ = {isa = PBXFileReference; lastKnownFileType = sourcecode.swift; path = Enum.swift; sourceTree = "<group>"; };
		OBJ_52 /* Errors.swift */ = {isa = PBXFileReference; lastKnownFileType = sourcecode.swift; path = Errors.swift; sourceTree = "<group>"; };
		OBJ_53 /* ExtensibleMessage.swift */ = {isa = PBXFileReference; lastKnownFileType = sourcecode.swift; path = ExtensibleMessage.swift; sourceTree = "<group>"; };
		OBJ_54 /* ExtensionFields.swift */ = {isa = PBXFileReference; lastKnownFileType = sourcecode.swift; path = ExtensionFields.swift; sourceTree = "<group>"; };
		OBJ_55 /* ExtensionFieldValueSet.swift */ = {isa = PBXFileReference; lastKnownFileType = sourcecode.swift; path = ExtensionFieldValueSet.swift; sourceTree = "<group>"; };
		OBJ_56 /* ExtensionSet.swift */ = {isa = PBXFileReference; lastKnownFileType = sourcecode.swift; path = ExtensionSet.swift; sourceTree = "<group>"; };
		OBJ_57 /* field_mask.pb.swift */ = {isa = PBXFileReference; lastKnownFileType = sourcecode.swift; path = field_mask.pb.swift; sourceTree = "<group>"; };
		OBJ_58 /* FieldDecoder.swift */ = {isa = PBXFileReference; lastKnownFileType = sourcecode.swift; path = FieldDecoder.swift; sourceTree = "<group>"; };
		OBJ_59 /* FieldNameMap.swift */ = {isa = PBXFileReference; lastKnownFileType = sourcecode.swift; path = FieldNameMap.swift; sourceTree = "<group>"; };
		OBJ_6 /* Package.swift */ = {isa = PBXFileReference; explicitFileType = sourcecode.swift; path = Package.swift; sourceTree = "<group>"; };
		OBJ_60 /* FieldTag.swift */ = {isa = PBXFileReference; lastKnownFileType = sourcecode.swift; path = FieldTag.swift; sourceTree = "<group>"; };
		OBJ_61 /* FieldTypes.swift */ = {isa = PBXFileReference; lastKnownFileType = sourcecode.swift; path = FieldTypes.swift; sourceTree = "<group>"; };
		OBJ_62 /* Google_Protobuf_Any.swift */ = {isa = PBXFileReference; lastKnownFileType = sourcecode.swift; path = Google_Protobuf_Any.swift; sourceTree = "<group>"; };
		OBJ_63 /* Google_Protobuf_Duration_Extensions.swift */ = {isa = PBXFileReference; lastKnownFileType = sourcecode.swift; path = Google_Protobuf_Duration_Extensions.swift; sourceTree = "<group>"; };
		OBJ_64 /* Google_Protobuf_FieldMask_Extensions.swift */ = {isa = PBXFileReference; lastKnownFileType = sourcecode.swift; path = Google_Protobuf_FieldMask_Extensions.swift; sourceTree = "<group>"; };
		OBJ_65 /* Google_Protobuf_Struct.swift */ = {isa = PBXFileReference; lastKnownFileType = sourcecode.swift; path = Google_Protobuf_Struct.swift; sourceTree = "<group>"; };
		OBJ_66 /* Google_Protobuf_Timestamp_Extensions.swift */ = {isa = PBXFileReference; lastKnownFileType = sourcecode.swift; path = Google_Protobuf_Timestamp_Extensions.swift; sourceTree = "<group>"; };
		OBJ_67 /* Google_Protobuf_Wrappers+Extensions.swift */ = {isa = PBXFileReference; lastKnownFileType = sourcecode.swift; path = "Google_Protobuf_Wrappers+Extensions.swift"; sourceTree = "<group>"; };
		OBJ_68 /* HashVisitor.swift */ = {isa = PBXFileReference; lastKnownFileType = sourcecode.swift; path = HashVisitor.swift; sourceTree = "<group>"; };
		OBJ_69 /* JSONDecoder.swift */ = {isa = PBXFileReference; lastKnownFileType = sourcecode.swift; path = JSONDecoder.swift; sourceTree = "<group>"; };
		OBJ_70 /* JSONEncoder.swift */ = {isa = PBXFileReference; lastKnownFileType = sourcecode.swift; path = JSONEncoder.swift; sourceTree = "<group>"; };
		OBJ_71 /* JSONScanner.swift */ = {isa = PBXFileReference; lastKnownFileType = sourcecode.swift; path = JSONScanner.swift; sourceTree = "<group>"; };
		OBJ_72 /* JSONToken.swift */ = {isa = PBXFileReference; lastKnownFileType = sourcecode.swift; path = JSONToken.swift; sourceTree = "<group>"; };
		OBJ_73 /* JSONTypeAdditions.swift */ = {isa = PBXFileReference; lastKnownFileType = sourcecode.swift; path = JSONTypeAdditions.swift; sourceTree = "<group>"; };
		OBJ_74 /* Map.swift */ = {isa = PBXFileReference; lastKnownFileType = sourcecode.swift; path = Map.swift; sourceTree = "<group>"; };
		OBJ_75 /* Message.swift */ = {isa = PBXFileReference; lastKnownFileType = sourcecode.swift; path = Message.swift; sourceTree = "<group>"; };
		OBJ_76 /* MessageExtension.swift */ = {isa = PBXFileReference; lastKnownFileType = sourcecode.swift; path = MessageExtension.swift; sourceTree = "<group>"; };
		OBJ_77 /* MirrorVisitor.swift */ = {isa = PBXFileReference; lastKnownFileType = sourcecode.swift; path = MirrorVisitor.swift; sourceTree = "<group>"; };
		OBJ_78 /* OneofEnum.swift */ = {isa = PBXFileReference; lastKnownFileType = sourcecode.swift; path = OneofEnum.swift; sourceTree = "<group>"; };
		OBJ_79 /* ProtobufDecoder.swift */ = {isa = PBXFileReference; lastKnownFileType = sourcecode.swift; path = ProtobufDecoder.swift; sourceTree = "<group>"; };
		OBJ_80 /* ProtobufEncoder.swift */ = {isa = PBXFileReference; lastKnownFileType = sourcecode.swift; path = ProtobufEncoder.swift; sourceTree = "<group>"; };
		OBJ_81 /* ProtobufEncodingSizeVisitor.swift */ = {isa = PBXFileReference; lastKnownFileType = sourcecode.swift; path = ProtobufEncodingSizeVisitor.swift; sourceTree = "<group>"; };
		OBJ_82 /* ProtobufEncodingVisitor.swift */ = {isa = PBXFileReference; lastKnownFileType = sourcecode.swift; path = ProtobufEncodingVisitor.swift; sourceTree = "<group>"; };
		OBJ_83 /* ProtobufTypeAdditions.swift */ = {isa = PBXFileReference; lastKnownFileType = sourcecode.swift; path = ProtobufTypeAdditions.swift; sourceTree = "<group>"; };
		OBJ_84 /* ProtoNameProviding.swift */ = {isa = PBXFileReference; lastKnownFileType = sourcecode.swift; path = ProtoNameProviding.swift; sourceTree = "<group>"; };
		OBJ_85 /* ProtoNameResolvers.swift */ = {isa = PBXFileReference; lastKnownFileType = sourcecode.swift; path = ProtoNameResolvers.swift; sourceTree = "<group>"; };
		OBJ_86 /* source_context.pb.swift */ = {isa = PBXFileReference; lastKnownFileType = sourcecode.swift; path = source_context.pb.swift; sourceTree = "<group>"; };
		OBJ_87 /* timestamp.pb.swift */ = {isa = PBXFileReference; lastKnownFileType = sourcecode.swift; path = timestamp.pb.swift; sourceTree = "<group>"; };
		OBJ_88 /* type.pb.swift */ = {isa = PBXFileReference; lastKnownFileType = sourcecode.swift; path = type.pb.swift; sourceTree = "<group>"; };
		OBJ_89 /* UnknownStorage.swift */ = {isa = PBXFileReference; lastKnownFileType = sourcecode.swift; path = UnknownStorage.swift; sourceTree = "<group>"; };
		OBJ_9 /* Clef.swift */ = {isa = PBXFileReference; lastKnownFileType = sourcecode.swift; path = Clef.swift; sourceTree = "<group>"; };
		OBJ_90 /* Varint.swift */ = {isa = PBXFileReference; lastKnownFileType = sourcecode.swift; path = Varint.swift; sourceTree = "<group>"; };
		OBJ_91 /* Visitor.swift */ = {isa = PBXFileReference; lastKnownFileType = sourcecode.swift; path = Visitor.swift; sourceTree = "<group>"; };
		OBJ_92 /* WireFormat.swift */ = {isa = PBXFileReference; lastKnownFileType = sourcecode.swift; path = WireFormat.swift; sourceTree = "<group>"; };
		OBJ_93 /* wrappers.pb.swift */ = {isa = PBXFileReference; lastKnownFileType = sourcecode.swift; path = wrappers.pb.swift; sourceTree = "<group>"; };
		OBJ_94 /* ZigZag.swift */ = {isa = PBXFileReference; lastKnownFileType = sourcecode.swift; path = ZigZag.swift; sourceTree = "<group>"; };
		OBJ_96 /* MusicNotationKit.swift */ = {isa = PBXFileReference; lastKnownFileType = sourcecode.swift; path = MusicNotationKit.swift; sourceTree = "<group>"; };
		OBJ_98 /* _Clef.pb.swift */ = {isa = PBXFileReference; lastKnownFileType = sourcecode.swift; path = _Clef.pb.swift; sourceTree = "<group>"; };
		OBJ_99 /* _Interval.pb.swift */ = {isa = PBXFileReference; lastKnownFileType = sourcecode.swift; path = _Interval.pb.swift; sourceTree = "<group>"; };
/* End PBXFileReference section */

/* Begin PBXFrameworksBuildPhase section */
		OBJ_177 /* Frameworks */ = {
			isa = PBXFrameworksBuildPhase;
			buildActionMask = 0;
			files = (
			);
			runOnlyForDeploymentPostprocessing = 0;
		};
		OBJ_185 /* Frameworks */ = {
			isa = PBXFrameworksBuildPhase;
			buildActionMask = 0;
			files = (
				OBJ_186 /* SwiftProtobuf.framework in Frameworks */,
			);
			runOnlyForDeploymentPostprocessing = 0;
		};
		OBJ_207 /* Frameworks */ = {
			isa = PBXFrameworksBuildPhase;
			buildActionMask = 0;
			files = (
				OBJ_208 /* SwiftProtobuf.framework in Frameworks */,
				OBJ_209 /* PluginLibrary.framework in Frameworks */,
			);
			runOnlyForDeploymentPostprocessing = 0;
		};
		OBJ_264 /* Frameworks */ = {
			isa = PBXFrameworksBuildPhase;
			buildActionMask = 0;
			files = (
			);
			runOnlyForDeploymentPostprocessing = 0;
		};
		OBJ_297 /* Frameworks */ = {
			isa = PBXFrameworksBuildPhase;
			buildActionMask = 0;
			files = (
				OBJ_298 /* MusicNotationCore.framework in Frameworks */,
				OBJ_299 /* SwiftProtobuf.framework in Frameworks */,
				OBJ_300 /* PluginLibrary.framework in Frameworks */,
			);
			runOnlyForDeploymentPostprocessing = 0;
		};
		OBJ_324 /* Frameworks */ = {
			isa = PBXFrameworksBuildPhase;
			buildActionMask = 0;
			files = (
				OBJ_325 /* MusicNotationCore.framework in Frameworks */,
				OBJ_326 /* SwiftProtobuf.framework in Frameworks */,
				OBJ_327 /* PluginLibrary.framework in Frameworks */,
				OBJ_328 /* MusicNotationKit.framework in Frameworks */,
			);
			runOnlyForDeploymentPostprocessing = 0;
		};
/* End PBXFrameworksBuildPhase section */

/* Begin PBXGroup section */
		OBJ_111 /* FileIO */ = {
			isa = PBXGroup;
			children = (
				OBJ_112 /* Protobuf */,
			);
			path = FileIO;
			sourceTree = "<group>";
		};
		OBJ_112 /* Protobuf */ = {
			isa = PBXGroup;
			children = (
				OBJ_113 /* _Clef+Transform.swift */,
				OBJ_114 /* _Interval+Transform.swift */,
				OBJ_115 /* _Key+Transform.swift */,
				OBJ_116 /* _Measure+Transform.swift */,
				OBJ_117 /* _MeasureRepeat+Transform.swift */,
				OBJ_118 /* _Note+Transform.swift */,
				OBJ_119 /* _NoteDuration+Transform.swift */,
				OBJ_120 /* _Staff+Transform.swift */,
				OBJ_121 /* _StaffLocation+Transform.swift */,
				OBJ_122 /* _TimeSignature+Transform.swift */,
				OBJ_123 /* _Tone+Transform.swift */,
				OBJ_124 /* _Tuplet+Transform.swift */,
				OBJ_125 /* _Types+Transform.swift */,
			);
			path = Protobuf;
			sourceTree = "<group>";
		};
		OBJ_126 /* Tests */ = {
			isa = PBXGroup;
			children = (
				OBJ_127 /* MusicNotationKitTests */,
			);
			path = Tests;
			sourceTree = "<group>";
		};
		OBJ_127 /* MusicNotationKitTests */ = {
			isa = PBXGroup;
			children = (
				OBJ_128 /* _ClefTests.swift */,
				OBJ_129 /* _IntervalTests.swift */,
				OBJ_130 /* _KeyTests.swift */,
				OBJ_131 /* _MeasureRepeatTests.swift */,
				OBJ_132 /* _MeasureTests.swift */,
				OBJ_133 /* _NoteDurationTests.swift */,
				OBJ_134 /* _NoteTests.swift */,
				OBJ_135 /* _StaffLocationTests.swift */,
				OBJ_136 /* _StaffTests.swift */,
				OBJ_137 /* _TimeSignatureTests.swift */,
				OBJ_138 /* _ToneTests.swift */,
				OBJ_139 /* _TupletTests.swift */,
				OBJ_140 /* _Types.swift */,
				OBJ_141 /* MusicNotationKitTests.swift */,
				OBJ_142 /* TestHelpers.swift */,
			);
			name = MusicNotationKitTests;
			path = Tests/MusicNotationKitTests;
			sourceTree = SOURCE_ROOT;
		};
		OBJ_145 /* Products */ = {
			isa = PBXGroup;
			children = (
				OBJ_146 /* MusicNotationCore.framework */,
				OBJ_147 /* PluginLibrary.framework */,
				OBJ_148 /* protoc-gen-swift */,
				OBJ_149 /* SwiftProtobuf.framework */,
				OBJ_150 /* MusicNotationKit.framework */,
				OBJ_151 /* MusicNotationKitTests.xctest */,
			);
			name = Products;
			sourceTree = BUILT_PRODUCTS_DIR;
		};
		OBJ_29 /* PluginLibrary */ = {
			isa = PBXGroup;
			children = (
				OBJ_30 /* descriptor.pb.swift */,
				OBJ_31 /* plugin.pb.swift */,
			);
			name = PluginLibrary;
			path = "Packages/SwiftProtobuf-0.9.26/Sources/PluginLibrary";
			sourceTree = SOURCE_ROOT;
		};
		OBJ_32 /* protoc-gen-swift */ = {
			isa = PBXGroup;
			children = (
				OBJ_33 /* CodePrinter.swift */,
				OBJ_34 /* Context.swift */,
				OBJ_35 /* EnumGenerator.swift */,
				OBJ_36 /* ExtensionGenerator.swift */,
				OBJ_37 /* FileGenerator.swift */,
				OBJ_38 /* FileIo.swift */,
				OBJ_39 /* main.swift */,
				OBJ_40 /* MessageFieldGenerator.swift */,
				OBJ_41 /* MessageGenerator.swift */,
				OBJ_42 /* OneofGenerator.swift */,
				OBJ_43 /* ReservedWords.swift */,
				OBJ_44 /* StringUtils.swift */,
				OBJ_45 /* Version.swift */,
			);
			name = "protoc-gen-swift";
			path = "Packages/SwiftProtobuf-0.9.26/Sources/protoc-gen-swift";
			sourceTree = SOURCE_ROOT;
		};
		OBJ_46 /* SwiftProtobuf */ = {
			isa = PBXGroup;
			children = (
				OBJ_47 /* api.pb.swift */,
				OBJ_48 /* DebugDescriptionVisitor.swift */,
				OBJ_49 /* duration.pb.swift */,
				OBJ_50 /* empty.pb.swift */,
				OBJ_51 /* Enum.swift */,
				OBJ_52 /* Errors.swift */,
				OBJ_53 /* ExtensibleMessage.swift */,
				OBJ_54 /* ExtensionFields.swift */,
				OBJ_55 /* ExtensionFieldValueSet.swift */,
				OBJ_56 /* ExtensionSet.swift */,
				OBJ_57 /* field_mask.pb.swift */,
				OBJ_58 /* FieldDecoder.swift */,
				OBJ_59 /* FieldNameMap.swift */,
				OBJ_60 /* FieldTag.swift */,
				OBJ_61 /* FieldTypes.swift */,
				OBJ_62 /* Google_Protobuf_Any.swift */,
				OBJ_63 /* Google_Protobuf_Duration_Extensions.swift */,
				OBJ_64 /* Google_Protobuf_FieldMask_Extensions.swift */,
				OBJ_65 /* Google_Protobuf_Struct.swift */,
				OBJ_66 /* Google_Protobuf_Timestamp_Extensions.swift */,
				OBJ_67 /* Google_Protobuf_Wrappers+Extensions.swift */,
				OBJ_68 /* HashVisitor.swift */,
				OBJ_69 /* JSONDecoder.swift */,
				OBJ_70 /* JSONEncoder.swift */,
				OBJ_71 /* JSONScanner.swift */,
				OBJ_72 /* JSONToken.swift */,
				OBJ_73 /* JSONTypeAdditions.swift */,
				OBJ_74 /* Map.swift */,
				OBJ_75 /* Message.swift */,
				OBJ_76 /* MessageExtension.swift */,
				OBJ_77 /* MirrorVisitor.swift */,
				OBJ_78 /* OneofEnum.swift */,
				OBJ_79 /* ProtobufDecoder.swift */,
				OBJ_80 /* ProtobufEncoder.swift */,
				OBJ_81 /* ProtobufEncodingSizeVisitor.swift */,
				OBJ_82 /* ProtobufEncodingVisitor.swift */,
				OBJ_83 /* ProtobufTypeAdditions.swift */,
				OBJ_84 /* ProtoNameProviding.swift */,
				OBJ_85 /* ProtoNameResolvers.swift */,
				OBJ_86 /* source_context.pb.swift */,
				OBJ_87 /* timestamp.pb.swift */,
				OBJ_88 /* type.pb.swift */,
				OBJ_89 /* UnknownStorage.swift */,
				OBJ_90 /* Varint.swift */,
				OBJ_91 /* Visitor.swift */,
				OBJ_92 /* WireFormat.swift */,
				OBJ_93 /* wrappers.pb.swift */,
				OBJ_94 /* ZigZag.swift */,
			);
			name = SwiftProtobuf;
			path = "Packages/SwiftProtobuf-0.9.26/Sources/SwiftProtobuf";
			sourceTree = SOURCE_ROOT;
		};
		OBJ_5 /*  */ = {
			isa = PBXGroup;
			children = (
				OBJ_6 /* Package.swift */,
				OBJ_7 /* Sources */,
				OBJ_126 /* Tests */,
				OBJ_143 /* Bin */,
				OBJ_144 /* Proto */,
				OBJ_145 /* Products */,
			);
			name = "";
			sourceTree = "<group>";
		};
		OBJ_7 /* Sources */ = {
			isa = PBXGroup;
			children = (
				OBJ_8 /* MusicNotationCore */,
				OBJ_29 /* PluginLibrary */,
				OBJ_32 /* protoc-gen-swift */,
				OBJ_46 /* SwiftProtobuf */,
				OBJ_95 /* MusicNotationKit */,
			);
			path = Sources;
			sourceTree = "<group>";
		};
		OBJ_8 /* MusicNotationCore */ = {
			isa = PBXGroup;
			children = (
				OBJ_9 /* Clef.swift */,
				OBJ_10 /* Enharmonic.swift */,
				OBJ_11 /* ImmutableMeasure.swift */,
				OBJ_12 /* Interval.swift */,
				OBJ_13 /* Key.swift */,
				OBJ_14 /* Measure.swift */,
				OBJ_15 /* MeasureDurationValidator.swift */,
				OBJ_16 /* MeasureRepeat.swift */,
				OBJ_17 /* Note.swift */,
				OBJ_18 /* NoteCollection.swift */,
				OBJ_19 /* NoteDuration.swift */,
				OBJ_20 /* NoteHolder.swift */,
				OBJ_21 /* RepeatedMeasure.swift */,
				OBJ_22 /* Staff.swift */,
				OBJ_23 /* StaffLocation.swift */,
				OBJ_24 /* SwiftHelpers.swift */,
				OBJ_25 /* TimeSignature.swift */,
				OBJ_26 /* Tone.swift */,
				OBJ_27 /* Tuplet.swift */,
				OBJ_28 /* Types.swift */,
			);
			name = MusicNotationCore;
			path = "Packages/MusicNotationCore-0.1.0/Sources";
			sourceTree = SOURCE_ROOT;
		};
		OBJ_95 /* MusicNotationKit */ = {
			isa = PBXGroup;
			children = (
				OBJ_96 /* MusicNotationKit.swift */,
				OBJ_97 /* GeneratedModels */,
				OBJ_111 /* FileIO */,
			);
			name = MusicNotationKit;
			path = Sources/MusicNotationKit;
			sourceTree = SOURCE_ROOT;
		};
		OBJ_97 /* GeneratedModels */ = {
			isa = PBXGroup;
			children = (
				OBJ_98 /* _Clef.pb.swift */,
				OBJ_99 /* _Interval.pb.swift */,
				OBJ_100 /* _Key.pb.swift */,
				OBJ_101 /* _Measure.pb.swift */,
				OBJ_102 /* _MeasureRepeat.pb.swift */,
				OBJ_103 /* _Note.pb.swift */,
				OBJ_104 /* _NoteDuration.pb.swift */,
				OBJ_105 /* _Staff.pb.swift */,
				OBJ_106 /* _StaffLocation.pb.swift */,
				OBJ_107 /* _TimeSignature.pb.swift */,
				OBJ_108 /* _Tone.pb.swift */,
				OBJ_109 /* _Tuplet.pb.swift */,
				OBJ_110 /* _Types.pb.swift */,
			);
			path = GeneratedModels;
			sourceTree = "<group>";
		};
/* End PBXGroup section */

/* Begin PBXNativeTarget section */
		OBJ_152 /* MusicNotationCore */ = {
			isa = PBXNativeTarget;
			buildConfigurationList = OBJ_153 /* Build configuration list for PBXNativeTarget "MusicNotationCore" */;
			buildPhases = (
				OBJ_156 /* Sources */,
				OBJ_177 /* Frameworks */,
			);
			buildRules = (
			);
			dependencies = (
			);
			name = MusicNotationCore;
			productName = MusicNotationCore;
			productReference = OBJ_146 /* MusicNotationCore.framework */;
			productType = "com.apple.product-type.framework";
		};
		OBJ_178 /* PluginLibrary */ = {
			isa = PBXNativeTarget;
			buildConfigurationList = OBJ_179 /* Build configuration list for PBXNativeTarget "PluginLibrary" */;
			buildPhases = (
				OBJ_182 /* Sources */,
				OBJ_185 /* Frameworks */,
			);
			buildRules = (
			);
			dependencies = (
				OBJ_187 /* PBXTargetDependency */,
			);
			name = PluginLibrary;
			productName = PluginLibrary;
			productReference = OBJ_147 /* PluginLibrary.framework */;
			productType = "com.apple.product-type.framework";
		};
		OBJ_188 /* SwiftProtobuf */ = {
			isa = PBXNativeTarget;
			buildConfigurationList = OBJ_212 /* Build configuration list for PBXNativeTarget "SwiftProtobuf" */;
			buildPhases = (
				OBJ_215 /* Sources */,
				OBJ_264 /* Frameworks */,
			);
			buildRules = (
			);
			dependencies = (
			);
			name = SwiftProtobuf;
			productName = SwiftProtobuf;
			productReference = OBJ_149 /* SwiftProtobuf.framework */;
			productType = "com.apple.product-type.framework";
		};
		OBJ_189 /* protoc-gen-swift */ = {
			isa = PBXNativeTarget;
			buildConfigurationList = OBJ_190 /* Build configuration list for PBXNativeTarget "protoc-gen-swift" */;
			buildPhases = (
				OBJ_193 /* Sources */,
				OBJ_207 /* Frameworks */,
			);
			buildRules = (
			);
			dependencies = (
				OBJ_210 /* PBXTargetDependency */,
				OBJ_211 /* PBXTargetDependency */,
			);
			name = "protoc-gen-swift";
			productName = protoc_gen_swift;
			productReference = OBJ_148 /* protoc-gen-swift */;
			productType = "com.apple.product-type.tool";
		};
		OBJ_265 /* MusicNotationKit */ = {
			isa = PBXNativeTarget;
			buildConfigurationList = OBJ_266 /* Build configuration list for PBXNativeTarget "MusicNotationKit" */;
			buildPhases = (
				OBJ_269 /* Sources */,
				OBJ_297 /* Frameworks */,
			);
			buildRules = (
			);
			dependencies = (
				OBJ_301 /* PBXTargetDependency */,
				OBJ_302 /* PBXTargetDependency */,
				OBJ_303 /* PBXTargetDependency */,
			);
			name = MusicNotationKit;
			productName = MusicNotationKit;
			productReference = OBJ_150 /* MusicNotationKit.framework */;
			productType = "com.apple.product-type.framework";
		};
		OBJ_304 /* MusicNotationKitTests */ = {
			isa = PBXNativeTarget;
			buildConfigurationList = OBJ_305 /* Build configuration list for PBXNativeTarget "MusicNotationKitTests" */;
			buildPhases = (
				OBJ_308 /* Sources */,
				OBJ_324 /* Frameworks */,
			);
			buildRules = (
			);
			dependencies = (
				OBJ_329 /* PBXTargetDependency */,
				OBJ_330 /* PBXTargetDependency */,
				OBJ_331 /* PBXTargetDependency */,
				OBJ_332 /* PBXTargetDependency */,
			);
			name = MusicNotationKitTests;
			productName = MusicNotationKitTests;
			productReference = OBJ_151 /* MusicNotationKitTests.xctest */;
			productType = "com.apple.product-type.bundle.unit-test";
		};
/* End PBXNativeTarget section */

/* Begin PBXProject section */
		OBJ_1 /* Project object */ = {
			isa = PBXProject;
			attributes = {
				LastUpgradeCheck = 9999;
			};
			buildConfigurationList = OBJ_2 /* Build configuration list for PBXProject "MusicNotationKit" */;
			compatibilityVersion = "Xcode 3.2";
			developmentRegion = English;
			hasScannedForEncodings = 0;
			knownRegions = (
				en,
			);
			mainGroup = OBJ_5 /*  */;
			productRefGroup = OBJ_145 /* Products */;
			projectDirPath = "";
			projectRoot = "";
			targets = (
				OBJ_152 /* MusicNotationCore */,
				OBJ_178 /* PluginLibrary */,
				OBJ_189 /* protoc-gen-swift */,
				OBJ_188 /* SwiftProtobuf */,
				OBJ_265 /* MusicNotationKit */,
				OBJ_304 /* MusicNotationKitTests */,
			);
		};
/* End PBXProject section */

/* Begin PBXSourcesBuildPhase section */
		OBJ_156 /* Sources */ = {
			isa = PBXSourcesBuildPhase;
			buildActionMask = 0;
			files = (
				OBJ_157 /* Clef.swift in Sources */,
				OBJ_158 /* Enharmonic.swift in Sources */,
				OBJ_159 /* ImmutableMeasure.swift in Sources */,
				OBJ_160 /* Interval.swift in Sources */,
				OBJ_161 /* Key.swift in Sources */,
				OBJ_162 /* Measure.swift in Sources */,
				OBJ_163 /* MeasureDurationValidator.swift in Sources */,
				OBJ_164 /* MeasureRepeat.swift in Sources */,
				OBJ_165 /* Note.swift in Sources */,
				OBJ_166 /* NoteCollection.swift in Sources */,
				OBJ_167 /* NoteDuration.swift in Sources */,
				OBJ_168 /* NoteHolder.swift in Sources */,
				OBJ_169 /* RepeatedMeasure.swift in Sources */,
				OBJ_170 /* Staff.swift in Sources */,
				OBJ_171 /* StaffLocation.swift in Sources */,
				OBJ_172 /* SwiftHelpers.swift in Sources */,
				OBJ_173 /* TimeSignature.swift in Sources */,
				OBJ_174 /* Tone.swift in Sources */,
				OBJ_175 /* Tuplet.swift in Sources */,
				OBJ_176 /* Types.swift in Sources */,
			);
			runOnlyForDeploymentPostprocessing = 0;
		};
		OBJ_182 /* Sources */ = {
			isa = PBXSourcesBuildPhase;
			buildActionMask = 0;
			files = (
				OBJ_183 /* descriptor.pb.swift in Sources */,
				OBJ_184 /* plugin.pb.swift in Sources */,
			);
			runOnlyForDeploymentPostprocessing = 0;
		};
		OBJ_193 /* Sources */ = {
			isa = PBXSourcesBuildPhase;
			buildActionMask = 0;
			files = (
				OBJ_194 /* CodePrinter.swift in Sources */,
				OBJ_195 /* Context.swift in Sources */,
				OBJ_196 /* EnumGenerator.swift in Sources */,
				OBJ_197 /* ExtensionGenerator.swift in Sources */,
				OBJ_198 /* FileGenerator.swift in Sources */,
				OBJ_199 /* FileIo.swift in Sources */,
				OBJ_200 /* main.swift in Sources */,
				OBJ_201 /* MessageFieldGenerator.swift in Sources */,
				OBJ_202 /* MessageGenerator.swift in Sources */,
				OBJ_203 /* OneofGenerator.swift in Sources */,
				OBJ_204 /* ReservedWords.swift in Sources */,
				OBJ_205 /* StringUtils.swift in Sources */,
				OBJ_206 /* Version.swift in Sources */,
			);
			runOnlyForDeploymentPostprocessing = 0;
		};
		OBJ_215 /* Sources */ = {
			isa = PBXSourcesBuildPhase;
			buildActionMask = 0;
			files = (
				OBJ_216 /* api.pb.swift in Sources */,
				OBJ_217 /* DebugDescriptionVisitor.swift in Sources */,
				OBJ_218 /* duration.pb.swift in Sources */,
				OBJ_219 /* empty.pb.swift in Sources */,
				OBJ_220 /* Enum.swift in Sources */,
				OBJ_221 /* Errors.swift in Sources */,
				OBJ_222 /* ExtensibleMessage.swift in Sources */,
				OBJ_223 /* ExtensionFields.swift in Sources */,
				OBJ_224 /* ExtensionFieldValueSet.swift in Sources */,
				OBJ_225 /* ExtensionSet.swift in Sources */,
				OBJ_226 /* field_mask.pb.swift in Sources */,
				OBJ_227 /* FieldDecoder.swift in Sources */,
				OBJ_228 /* FieldNameMap.swift in Sources */,
				OBJ_229 /* FieldTag.swift in Sources */,
				OBJ_230 /* FieldTypes.swift in Sources */,
				OBJ_231 /* Google_Protobuf_Any.swift in Sources */,
				OBJ_232 /* Google_Protobuf_Duration_Extensions.swift in Sources */,
				OBJ_233 /* Google_Protobuf_FieldMask_Extensions.swift in Sources */,
				OBJ_234 /* Google_Protobuf_Struct.swift in Sources */,
				OBJ_235 /* Google_Protobuf_Timestamp_Extensions.swift in Sources */,
				OBJ_236 /* Google_Protobuf_Wrappers+Extensions.swift in Sources */,
				OBJ_237 /* HashVisitor.swift in Sources */,
				OBJ_238 /* JSONDecoder.swift in Sources */,
				OBJ_239 /* JSONEncoder.swift in Sources */,
				OBJ_240 /* JSONScanner.swift in Sources */,
				OBJ_241 /* JSONToken.swift in Sources */,
				OBJ_242 /* JSONTypeAdditions.swift in Sources */,
				OBJ_243 /* Map.swift in Sources */,
				OBJ_244 /* Message.swift in Sources */,
				OBJ_245 /* MessageExtension.swift in Sources */,
				OBJ_246 /* MirrorVisitor.swift in Sources */,
				OBJ_247 /* OneofEnum.swift in Sources */,
				OBJ_248 /* ProtobufDecoder.swift in Sources */,
				OBJ_249 /* ProtobufEncoder.swift in Sources */,
				OBJ_250 /* ProtobufEncodingSizeVisitor.swift in Sources */,
				OBJ_251 /* ProtobufEncodingVisitor.swift in Sources */,
				OBJ_252 /* ProtobufTypeAdditions.swift in Sources */,
				OBJ_253 /* ProtoNameProviding.swift in Sources */,
				OBJ_254 /* ProtoNameResolvers.swift in Sources */,
				OBJ_255 /* source_context.pb.swift in Sources */,
				OBJ_256 /* timestamp.pb.swift in Sources */,
				OBJ_257 /* type.pb.swift in Sources */,
				OBJ_258 /* UnknownStorage.swift in Sources */,
				OBJ_259 /* Varint.swift in Sources */,
				OBJ_260 /* Visitor.swift in Sources */,
				OBJ_261 /* WireFormat.swift in Sources */,
				OBJ_262 /* wrappers.pb.swift in Sources */,
				OBJ_263 /* ZigZag.swift in Sources */,
			);
			runOnlyForDeploymentPostprocessing = 0;
		};
		OBJ_269 /* Sources */ = {
			isa = PBXSourcesBuildPhase;
			buildActionMask = 0;
			files = (
				OBJ_270 /* MusicNotationKit.swift in Sources */,
				OBJ_271 /* _Clef.pb.swift in Sources */,
				OBJ_272 /* _Interval.pb.swift in Sources */,
				OBJ_273 /* _Key.pb.swift in Sources */,
				OBJ_274 /* _Measure.pb.swift in Sources */,
				OBJ_275 /* _MeasureRepeat.pb.swift in Sources */,
				OBJ_276 /* _Note.pb.swift in Sources */,
				OBJ_277 /* _NoteDuration.pb.swift in Sources */,
				OBJ_278 /* _Staff.pb.swift in Sources */,
				OBJ_279 /* _StaffLocation.pb.swift in Sources */,
				OBJ_280 /* _TimeSignature.pb.swift in Sources */,
				OBJ_281 /* _Tone.pb.swift in Sources */,
				OBJ_282 /* _Tuplet.pb.swift in Sources */,
				OBJ_283 /* _Types.pb.swift in Sources */,
				OBJ_284 /* _Clef+Transform.swift in Sources */,
				OBJ_285 /* _Interval+Transform.swift in Sources */,
				OBJ_286 /* _Key+Transform.swift in Sources */,
				OBJ_287 /* _Measure+Transform.swift in Sources */,
				OBJ_288 /* _MeasureRepeat+Transform.swift in Sources */,
				OBJ_289 /* _Note+Transform.swift in Sources */,
				OBJ_290 /* _NoteDuration+Transform.swift in Sources */,
				OBJ_291 /* _Staff+Transform.swift in Sources */,
				OBJ_292 /* _StaffLocation+Transform.swift in Sources */,
				OBJ_293 /* _TimeSignature+Transform.swift in Sources */,
				OBJ_294 /* _Tone+Transform.swift in Sources */,
				OBJ_295 /* _Tuplet+Transform.swift in Sources */,
				OBJ_296 /* _Types+Transform.swift in Sources */,
			);
			runOnlyForDeploymentPostprocessing = 0;
		};
		OBJ_308 /* Sources */ = {
			isa = PBXSourcesBuildPhase;
			buildActionMask = 0;
			files = (
				OBJ_309 /* _ClefTests.swift in Sources */,
				OBJ_310 /* _IntervalTests.swift in Sources */,
				OBJ_311 /* _KeyTests.swift in Sources */,
				OBJ_312 /* _MeasureRepeatTests.swift in Sources */,
				OBJ_313 /* _MeasureTests.swift in Sources */,
				OBJ_314 /* _NoteDurationTests.swift in Sources */,
				OBJ_315 /* _NoteTests.swift in Sources */,
				OBJ_316 /* _StaffLocationTests.swift in Sources */,
				OBJ_317 /* _StaffTests.swift in Sources */,
				OBJ_318 /* _TimeSignatureTests.swift in Sources */,
				OBJ_319 /* _ToneTests.swift in Sources */,
				OBJ_320 /* _TupletTests.swift in Sources */,
				OBJ_321 /* _Types.swift in Sources */,
				OBJ_322 /* MusicNotationKitTests.swift in Sources */,
				OBJ_323 /* TestHelpers.swift in Sources */,
			);
			runOnlyForDeploymentPostprocessing = 0;
		};
/* End PBXSourcesBuildPhase section */

/* Begin PBXTargetDependency section */
		OBJ_187 /* PBXTargetDependency */ = {
			isa = PBXTargetDependency;
			target = OBJ_188 /* SwiftProtobuf */;
			targetProxy = 24DDBDF31E84BEBC009F8F93 /* PBXContainerItemProxy */;
		};
		OBJ_210 /* PBXTargetDependency */ = {
			isa = PBXTargetDependency;
			target = OBJ_188 /* SwiftProtobuf */;
			targetProxy = 24DDBDF41E84BEBC009F8F93 /* PBXContainerItemProxy */;
		};
		OBJ_211 /* PBXTargetDependency */ = {
			isa = PBXTargetDependency;
			target = OBJ_178 /* PluginLibrary */;
			targetProxy = 24DDBDF51E84BEBC009F8F93 /* PBXContainerItemProxy */;
		};
		OBJ_301 /* PBXTargetDependency */ = {
			isa = PBXTargetDependency;
			target = OBJ_152 /* MusicNotationCore */;
			targetProxy = 24DDBDF61E84BEBC009F8F93 /* PBXContainerItemProxy */;
		};
		OBJ_302 /* PBXTargetDependency */ = {
			isa = PBXTargetDependency;
			target = OBJ_188 /* SwiftProtobuf */;
			targetProxy = 24DDBDF71E84BEBC009F8F93 /* PBXContainerItemProxy */;
		};
		OBJ_303 /* PBXTargetDependency */ = {
			isa = PBXTargetDependency;
			target = OBJ_178 /* PluginLibrary */;
			targetProxy = 24DDBDF81E84BEBC009F8F93 /* PBXContainerItemProxy */;
		};
		OBJ_329 /* PBXTargetDependency */ = {
			isa = PBXTargetDependency;
			target = OBJ_152 /* MusicNotationCore */;
			targetProxy = 24DDBDF91E84BEBC009F8F93 /* PBXContainerItemProxy */;
		};
		OBJ_330 /* PBXTargetDependency */ = {
			isa = PBXTargetDependency;
			target = OBJ_188 /* SwiftProtobuf */;
			targetProxy = 24DDBDFA1E84BEBC009F8F93 /* PBXContainerItemProxy */;
		};
		OBJ_331 /* PBXTargetDependency */ = {
			isa = PBXTargetDependency;
			target = OBJ_178 /* PluginLibrary */;
			targetProxy = 24DDBDFB1E84BEBC009F8F93 /* PBXContainerItemProxy */;
		};
		OBJ_332 /* PBXTargetDependency */ = {
			isa = PBXTargetDependency;
			target = OBJ_265 /* MusicNotationKit */;
			targetProxy = 24DDBDFC1E84BEBC009F8F93 /* PBXContainerItemProxy */;
		};
/* End PBXTargetDependency section */

/* Begin XCBuildConfiguration section */
		OBJ_154 /* Debug */ = {
			isa = XCBuildConfiguration;
			buildSettings = {
				ENABLE_TESTABILITY = YES;
				FRAMEWORK_SEARCH_PATHS = (
					"$(inherited)",
					"$(PLATFORM_DIR)/Developer/Library/Frameworks",
				);
				HEADER_SEARCH_PATHS = "$(inherited)";
				INFOPLIST_FILE = MusicNotationKit.xcodeproj/MusicNotationCore_Info.plist;
				LD_RUNPATH_SEARCH_PATHS = "$(TOOLCHAIN_DIR)/usr/lib/swift/macosx";
				OTHER_LDFLAGS = "$(inherited)";
				OTHER_SWIFT_FLAGS = "$(inherited)";
				PRODUCT_BUNDLE_IDENTIFIER = MusicNotationCore;
				PRODUCT_MODULE_NAME = "$(TARGET_NAME:c99extidentifier)";
				PRODUCT_NAME = "$(TARGET_NAME:c99extidentifier)";
				TARGET_NAME = MusicNotationCore;
			};
			name = Debug;
		};
		OBJ_155 /* Release */ = {
			isa = XCBuildConfiguration;
			buildSettings = {
				ENABLE_TESTABILITY = YES;
				FRAMEWORK_SEARCH_PATHS = (
					"$(inherited)",
					"$(PLATFORM_DIR)/Developer/Library/Frameworks",
				);
				HEADER_SEARCH_PATHS = "$(inherited)";
				INFOPLIST_FILE = MusicNotationKit.xcodeproj/MusicNotationCore_Info.plist;
				LD_RUNPATH_SEARCH_PATHS = "$(TOOLCHAIN_DIR)/usr/lib/swift/macosx";
				OTHER_LDFLAGS = "$(inherited)";
				OTHER_SWIFT_FLAGS = "$(inherited)";
				PRODUCT_BUNDLE_IDENTIFIER = MusicNotationCore;
				PRODUCT_MODULE_NAME = "$(TARGET_NAME:c99extidentifier)";
				PRODUCT_NAME = "$(TARGET_NAME:c99extidentifier)";
				TARGET_NAME = MusicNotationCore;
			};
			name = Release;
		};
		OBJ_180 /* Debug */ = {
			isa = XCBuildConfiguration;
			buildSettings = {
				ENABLE_TESTABILITY = YES;
				FRAMEWORK_SEARCH_PATHS = (
					"$(inherited)",
					"$(PLATFORM_DIR)/Developer/Library/Frameworks",
				);
				HEADER_SEARCH_PATHS = "$(inherited)";
				INFOPLIST_FILE = MusicNotationKit.xcodeproj/PluginLibrary_Info.plist;
				LD_RUNPATH_SEARCH_PATHS = "$(TOOLCHAIN_DIR)/usr/lib/swift/macosx";
				OTHER_LDFLAGS = "$(inherited)";
				OTHER_SWIFT_FLAGS = "$(inherited)";
				PRODUCT_BUNDLE_IDENTIFIER = PluginLibrary;
				PRODUCT_MODULE_NAME = "$(TARGET_NAME:c99extidentifier)";
				PRODUCT_NAME = "$(TARGET_NAME:c99extidentifier)";
				TARGET_NAME = PluginLibrary;
			};
			name = Debug;
		};
		OBJ_181 /* Release */ = {
			isa = XCBuildConfiguration;
			buildSettings = {
				ENABLE_TESTABILITY = YES;
				FRAMEWORK_SEARCH_PATHS = (
					"$(inherited)",
					"$(PLATFORM_DIR)/Developer/Library/Frameworks",
				);
				HEADER_SEARCH_PATHS = "$(inherited)";
				INFOPLIST_FILE = MusicNotationKit.xcodeproj/PluginLibrary_Info.plist;
				LD_RUNPATH_SEARCH_PATHS = "$(TOOLCHAIN_DIR)/usr/lib/swift/macosx";
				OTHER_LDFLAGS = "$(inherited)";
				OTHER_SWIFT_FLAGS = "$(inherited)";
				PRODUCT_BUNDLE_IDENTIFIER = PluginLibrary;
				PRODUCT_MODULE_NAME = "$(TARGET_NAME:c99extidentifier)";
				PRODUCT_NAME = "$(TARGET_NAME:c99extidentifier)";
				TARGET_NAME = PluginLibrary;
			};
			name = Release;
		};
		OBJ_191 /* Debug */ = {
			isa = XCBuildConfiguration;
			buildSettings = {
				FRAMEWORK_SEARCH_PATHS = (
					"$(inherited)",
					"$(PLATFORM_DIR)/Developer/Library/Frameworks",
				);
				HEADER_SEARCH_PATHS = "$(inherited)";
				INFOPLIST_FILE = MusicNotationKit.xcodeproj/protoc_gen_swift_Info.plist;
				LD_RUNPATH_SEARCH_PATHS = "$(TOOLCHAIN_DIR)/usr/lib/swift/macosx @executable_path";
				OTHER_LDFLAGS = "$(inherited)";
				OTHER_SWIFT_FLAGS = "$(inherited)";
				SWIFT_FORCE_DYNAMIC_LINK_STDLIB = YES;
				SWIFT_FORCE_STATIC_LINK_STDLIB = NO;
				TARGET_NAME = "protoc-gen-swift";
			};
			name = Debug;
		};
		OBJ_192 /* Release */ = {
			isa = XCBuildConfiguration;
			buildSettings = {
				FRAMEWORK_SEARCH_PATHS = (
					"$(inherited)",
					"$(PLATFORM_DIR)/Developer/Library/Frameworks",
				);
				HEADER_SEARCH_PATHS = "$(inherited)";
				INFOPLIST_FILE = MusicNotationKit.xcodeproj/protoc_gen_swift_Info.plist;
				LD_RUNPATH_SEARCH_PATHS = "$(TOOLCHAIN_DIR)/usr/lib/swift/macosx @executable_path";
				OTHER_LDFLAGS = "$(inherited)";
				OTHER_SWIFT_FLAGS = "$(inherited)";
				SWIFT_FORCE_DYNAMIC_LINK_STDLIB = YES;
				SWIFT_FORCE_STATIC_LINK_STDLIB = NO;
				TARGET_NAME = "protoc-gen-swift";
			};
			name = Release;
		};
		OBJ_213 /* Debug */ = {
			isa = XCBuildConfiguration;
			buildSettings = {
				ENABLE_TESTABILITY = YES;
				FRAMEWORK_SEARCH_PATHS = (
					"$(inherited)",
					"$(PLATFORM_DIR)/Developer/Library/Frameworks",
				);
				HEADER_SEARCH_PATHS = "$(inherited)";
				INFOPLIST_FILE = MusicNotationKit.xcodeproj/SwiftProtobuf_Info.plist;
				LD_RUNPATH_SEARCH_PATHS = "$(TOOLCHAIN_DIR)/usr/lib/swift/macosx";
				OTHER_LDFLAGS = "$(inherited)";
				OTHER_SWIFT_FLAGS = "$(inherited)";
				PRODUCT_BUNDLE_IDENTIFIER = SwiftProtobuf;
				PRODUCT_MODULE_NAME = "$(TARGET_NAME:c99extidentifier)";
				PRODUCT_NAME = "$(TARGET_NAME:c99extidentifier)";
				TARGET_NAME = SwiftProtobuf;
			};
			name = Debug;
		};
		OBJ_214 /* Release */ = {
			isa = XCBuildConfiguration;
			buildSettings = {
				ENABLE_TESTABILITY = YES;
				FRAMEWORK_SEARCH_PATHS = (
					"$(inherited)",
					"$(PLATFORM_DIR)/Developer/Library/Frameworks",
				);
				HEADER_SEARCH_PATHS = "$(inherited)";
				INFOPLIST_FILE = MusicNotationKit.xcodeproj/SwiftProtobuf_Info.plist;
				LD_RUNPATH_SEARCH_PATHS = "$(TOOLCHAIN_DIR)/usr/lib/swift/macosx";
				OTHER_LDFLAGS = "$(inherited)";
				OTHER_SWIFT_FLAGS = "$(inherited)";
				PRODUCT_BUNDLE_IDENTIFIER = SwiftProtobuf;
				PRODUCT_MODULE_NAME = "$(TARGET_NAME:c99extidentifier)";
				PRODUCT_NAME = "$(TARGET_NAME:c99extidentifier)";
				TARGET_NAME = SwiftProtobuf;
			};
			name = Release;
		};
		OBJ_267 /* Debug */ = {
			isa = XCBuildConfiguration;
			buildSettings = {
				ENABLE_TESTABILITY = YES;
				FRAMEWORK_SEARCH_PATHS = (
					"$(inherited)",
					"$(PLATFORM_DIR)/Developer/Library/Frameworks",
				);
				HEADER_SEARCH_PATHS = "$(inherited)";
				INFOPLIST_FILE = MusicNotationKit.xcodeproj/MusicNotationKit_Info.plist;
				LD_RUNPATH_SEARCH_PATHS = "$(TOOLCHAIN_DIR)/usr/lib/swift/macosx";
				OTHER_LDFLAGS = "$(inherited)";
				OTHER_SWIFT_FLAGS = "$(inherited)";
				PRODUCT_BUNDLE_IDENTIFIER = MusicNotationKit;
				PRODUCT_MODULE_NAME = "$(TARGET_NAME:c99extidentifier)";
				PRODUCT_NAME = "$(TARGET_NAME:c99extidentifier)";
				TARGET_NAME = MusicNotationKit;
			};
			name = Debug;
		};
		OBJ_268 /* Release */ = {
			isa = XCBuildConfiguration;
			buildSettings = {
				ENABLE_TESTABILITY = YES;
				FRAMEWORK_SEARCH_PATHS = (
					"$(inherited)",
					"$(PLATFORM_DIR)/Developer/Library/Frameworks",
				);
				HEADER_SEARCH_PATHS = "$(inherited)";
				INFOPLIST_FILE = MusicNotationKit.xcodeproj/MusicNotationKit_Info.plist;
				LD_RUNPATH_SEARCH_PATHS = "$(TOOLCHAIN_DIR)/usr/lib/swift/macosx";
				OTHER_LDFLAGS = "$(inherited)";
				OTHER_SWIFT_FLAGS = "$(inherited)";
				PRODUCT_BUNDLE_IDENTIFIER = MusicNotationKit;
				PRODUCT_MODULE_NAME = "$(TARGET_NAME:c99extidentifier)";
				PRODUCT_NAME = "$(TARGET_NAME:c99extidentifier)";
				TARGET_NAME = MusicNotationKit;
			};
			name = Release;
		};
		OBJ_3 /* Debug */ = {
			isa = XCBuildConfiguration;
			buildSettings = {
				COMBINE_HIDPI_IMAGES = YES;
				COPY_PHASE_STRIP = NO;
				DEBUG_INFORMATION_FORMAT = dwarf;
				DYLIB_INSTALL_NAME_BASE = "@rpath";
				ENABLE_NS_ASSERTIONS = YES;
				GCC_OPTIMIZATION_LEVEL = 0;
				MACOSX_DEPLOYMENT_TARGET = 10.10;
				ONLY_ACTIVE_ARCH = YES;
				OTHER_SWIFT_FLAGS = "-DXcode";
				PRODUCT_NAME = "$(TARGET_NAME)";
				SDKROOT = macosx;
				SUPPORTED_PLATFORMS = "macosx iphoneos iphonesimulator appletvos appletvsimulator watchos watchsimulator";
				SWIFT_ACTIVE_COMPILATION_CONDITIONS = SWIFT_PACKAGE;
				SWIFT_OPTIMIZATION_LEVEL = "-Onone";
				SWIFT_VERSION = 3.0;
				USE_HEADERMAP = NO;
			};
			name = Debug;
		};
		OBJ_306 /* Debug */ = {
			isa = XCBuildConfiguration;
			buildSettings = {
				EMBEDDED_CONTENT_CONTAINS_SWIFT = YES;
				FRAMEWORK_SEARCH_PATHS = (
					"$(inherited)",
					"$(PLATFORM_DIR)/Developer/Library/Frameworks",
				);
				HEADER_SEARCH_PATHS = "$(inherited)";
				INFOPLIST_FILE = MusicNotationKit.xcodeproj/MusicNotationKitTests_Info.plist;
				LD_RUNPATH_SEARCH_PATHS = "@loader_path/../Frameworks";
				OTHER_LDFLAGS = "$(inherited)";
				OTHER_SWIFT_FLAGS = "$(inherited)";
				TARGET_NAME = MusicNotationKitTests;
			};
			name = Debug;
		};
		OBJ_307 /* Release */ = {
			isa = XCBuildConfiguration;
			buildSettings = {
				EMBEDDED_CONTENT_CONTAINS_SWIFT = YES;
				FRAMEWORK_SEARCH_PATHS = (
					"$(inherited)",
					"$(PLATFORM_DIR)/Developer/Library/Frameworks",
				);
				HEADER_SEARCH_PATHS = "$(inherited)";
				INFOPLIST_FILE = MusicNotationKit.xcodeproj/MusicNotationKitTests_Info.plist;
				LD_RUNPATH_SEARCH_PATHS = "@loader_path/../Frameworks";
				OTHER_LDFLAGS = "$(inherited)";
				OTHER_SWIFT_FLAGS = "$(inherited)";
				TARGET_NAME = MusicNotationKitTests;
			};
			name = Release;
		};
		OBJ_4 /* Release */ = {
			isa = XCBuildConfiguration;
			buildSettings = {
				COMBINE_HIDPI_IMAGES = YES;
				COPY_PHASE_STRIP = YES;
				DEBUG_INFORMATION_FORMAT = "dwarf-with-dsym";
				DYLIB_INSTALL_NAME_BASE = "@rpath";
				GCC_OPTIMIZATION_LEVEL = s;
				MACOSX_DEPLOYMENT_TARGET = 10.10;
				OTHER_SWIFT_FLAGS = "-DXcode";
				PRODUCT_NAME = "$(TARGET_NAME)";
				SDKROOT = macosx;
				SUPPORTED_PLATFORMS = "macosx iphoneos iphonesimulator appletvos appletvsimulator watchos watchsimulator";
				SWIFT_ACTIVE_COMPILATION_CONDITIONS = SWIFT_PACKAGE;
				SWIFT_OPTIMIZATION_LEVEL = "-O";
				SWIFT_VERSION = 3.0;
				USE_HEADERMAP = NO;
			};
			name = Release;
		};
/* End XCBuildConfiguration section */

/* Begin XCConfigurationList section */
		OBJ_153 /* Build configuration list for PBXNativeTarget "MusicNotationCore" */ = {
			isa = XCConfigurationList;
			buildConfigurations = (
				OBJ_154 /* Debug */,
				OBJ_155 /* Release */,
			);
			defaultConfigurationIsVisible = 0;
			defaultConfigurationName = Debug;
		};
		OBJ_179 /* Build configuration list for PBXNativeTarget "PluginLibrary" */ = {
			isa = XCConfigurationList;
			buildConfigurations = (
				OBJ_180 /* Debug */,
				OBJ_181 /* Release */,
			);
			defaultConfigurationIsVisible = 0;
			defaultConfigurationName = Debug;
		};
		OBJ_190 /* Build configuration list for PBXNativeTarget "protoc-gen-swift" */ = {
			isa = XCConfigurationList;
			buildConfigurations = (
				OBJ_191 /* Debug */,
				OBJ_192 /* Release */,
			);
			defaultConfigurationIsVisible = 0;
			defaultConfigurationName = Debug;
		};
		OBJ_2 /* Build configuration list for PBXProject "MusicNotationKit" */ = {
			isa = XCConfigurationList;
			buildConfigurations = (
				OBJ_3 /* Debug */,
				OBJ_4 /* Release */,
			);
			defaultConfigurationIsVisible = 0;
			defaultConfigurationName = Debug;
		};
		OBJ_212 /* Build configuration list for PBXNativeTarget "SwiftProtobuf" */ = {
			isa = XCConfigurationList;
			buildConfigurations = (
				OBJ_213 /* Debug */,
				OBJ_214 /* Release */,
			);
			defaultConfigurationIsVisible = 0;
			defaultConfigurationName = Debug;
		};
		OBJ_266 /* Build configuration list for PBXNativeTarget "MusicNotationKit" */ = {
			isa = XCConfigurationList;
			buildConfigurations = (
				OBJ_267 /* Debug */,
				OBJ_268 /* Release */,
			);
			defaultConfigurationIsVisible = 0;
			defaultConfigurationName = Debug;
		};
		OBJ_305 /* Build configuration list for PBXNativeTarget "MusicNotationKitTests" */ = {
			isa = XCConfigurationList;
			buildConfigurations = (
				OBJ_306 /* Debug */,
				OBJ_307 /* Release */,
			);
			defaultConfigurationIsVisible = 0;
			defaultConfigurationName = Debug;
		};
/* End XCConfigurationList section */
	};
	rootObject = OBJ_1 /* Project object */;
}
