// !$*UTF8*$!
{
	archiveVersion = 1;
	classes = {
	};
	objectVersion = 46;
	objects = {

/* Begin PBXBuildFile section */
		OBJ_119 /* Clef.swift in Sources */ = {isa = PBXBuildFile; fileRef = OBJ_9 /* Clef.swift */; };
		OBJ_120 /* Enharmonic.swift in Sources */ = {isa = PBXBuildFile; fileRef = OBJ_10 /* Enharmonic.swift */; };
		OBJ_121 /* ImmutableMeasure.swift in Sources */ = {isa = PBXBuildFile; fileRef = OBJ_11 /* ImmutableMeasure.swift */; };
		OBJ_122 /* Interval.swift in Sources */ = {isa = PBXBuildFile; fileRef = OBJ_12 /* Interval.swift */; };
		OBJ_123 /* Key.swift in Sources */ = {isa = PBXBuildFile; fileRef = OBJ_13 /* Key.swift */; };
		OBJ_124 /* Measure.swift in Sources */ = {isa = PBXBuildFile; fileRef = OBJ_14 /* Measure.swift */; };
		OBJ_125 /* MeasureDurationValidator.swift in Sources */ = {isa = PBXBuildFile; fileRef = OBJ_15 /* MeasureDurationValidator.swift */; };
		OBJ_126 /* MeasureRepeat.swift in Sources */ = {isa = PBXBuildFile; fileRef = OBJ_16 /* MeasureRepeat.swift */; };
		OBJ_127 /* Note.swift in Sources */ = {isa = PBXBuildFile; fileRef = OBJ_17 /* Note.swift */; };
		OBJ_128 /* NoteCollection.swift in Sources */ = {isa = PBXBuildFile; fileRef = OBJ_18 /* NoteCollection.swift */; };
		OBJ_129 /* NoteDuration.swift in Sources */ = {isa = PBXBuildFile; fileRef = OBJ_19 /* NoteDuration.swift */; };
		OBJ_130 /* NoteHolder.swift in Sources */ = {isa = PBXBuildFile; fileRef = OBJ_20 /* NoteHolder.swift */; };
		OBJ_131 /* RepeatedMeasure.swift in Sources */ = {isa = PBXBuildFile; fileRef = OBJ_21 /* RepeatedMeasure.swift */; };
		OBJ_132 /* Staff.swift in Sources */ = {isa = PBXBuildFile; fileRef = OBJ_22 /* Staff.swift */; };
		OBJ_133 /* StaffLocation.swift in Sources */ = {isa = PBXBuildFile; fileRef = OBJ_23 /* StaffLocation.swift */; };
		OBJ_134 /* SwiftHelpers.swift in Sources */ = {isa = PBXBuildFile; fileRef = OBJ_24 /* SwiftHelpers.swift */; };
		OBJ_135 /* TimeSignature.swift in Sources */ = {isa = PBXBuildFile; fileRef = OBJ_25 /* TimeSignature.swift */; };
		OBJ_136 /* Tone.swift in Sources */ = {isa = PBXBuildFile; fileRef = OBJ_26 /* Tone.swift */; };
		OBJ_137 /* Tuplet.swift in Sources */ = {isa = PBXBuildFile; fileRef = OBJ_27 /* Tuplet.swift */; };
		OBJ_138 /* Types.swift in Sources */ = {isa = PBXBuildFile; fileRef = OBJ_28 /* Types.swift */; };
		OBJ_145 /* descriptor.pb.swift in Sources */ = {isa = PBXBuildFile; fileRef = OBJ_30 /* descriptor.pb.swift */; };
		OBJ_146 /* plugin.pb.swift in Sources */ = {isa = PBXBuildFile; fileRef = OBJ_31 /* plugin.pb.swift */; };
		OBJ_148 /* SwiftProtobuf.framework in Frameworks */ = {isa = PBXBuildFile; fileRef = OBJ_111 /* SwiftProtobuf.framework */; };
		OBJ_156 /* CodePrinter.swift in Sources */ = {isa = PBXBuildFile; fileRef = OBJ_33 /* CodePrinter.swift */; };
		OBJ_157 /* Context.swift in Sources */ = {isa = PBXBuildFile; fileRef = OBJ_34 /* Context.swift */; };
		OBJ_158 /* EnumGenerator.swift in Sources */ = {isa = PBXBuildFile; fileRef = OBJ_35 /* EnumGenerator.swift */; };
		OBJ_159 /* ExtensionGenerator.swift in Sources */ = {isa = PBXBuildFile; fileRef = OBJ_36 /* ExtensionGenerator.swift */; };
		OBJ_160 /* FileGenerator.swift in Sources */ = {isa = PBXBuildFile; fileRef = OBJ_37 /* FileGenerator.swift */; };
		OBJ_161 /* FileIo.swift in Sources */ = {isa = PBXBuildFile; fileRef = OBJ_38 /* FileIo.swift */; };
		OBJ_162 /* main.swift in Sources */ = {isa = PBXBuildFile; fileRef = OBJ_39 /* main.swift */; };
		OBJ_163 /* MessageFieldGenerator.swift in Sources */ = {isa = PBXBuildFile; fileRef = OBJ_40 /* MessageFieldGenerator.swift */; };
		OBJ_164 /* MessageGenerator.swift in Sources */ = {isa = PBXBuildFile; fileRef = OBJ_41 /* MessageGenerator.swift */; };
		OBJ_165 /* OneofGenerator.swift in Sources */ = {isa = PBXBuildFile; fileRef = OBJ_42 /* OneofGenerator.swift */; };
		OBJ_166 /* ReservedWords.swift in Sources */ = {isa = PBXBuildFile; fileRef = OBJ_43 /* ReservedWords.swift */; };
		OBJ_167 /* StringUtils.swift in Sources */ = {isa = PBXBuildFile; fileRef = OBJ_44 /* StringUtils.swift */; };
		OBJ_168 /* Version.swift in Sources */ = {isa = PBXBuildFile; fileRef = OBJ_45 /* Version.swift */; };
		OBJ_170 /* SwiftProtobuf.framework in Frameworks */ = {isa = PBXBuildFile; fileRef = OBJ_111 /* SwiftProtobuf.framework */; };
		OBJ_171 /* PluginLibrary.framework in Frameworks */ = {isa = PBXBuildFile; fileRef = OBJ_109 /* PluginLibrary.framework */; };
		OBJ_178 /* api.pb.swift in Sources */ = {isa = PBXBuildFile; fileRef = OBJ_47 /* api.pb.swift */; };
		OBJ_179 /* DebugDescriptionVisitor.swift in Sources */ = {isa = PBXBuildFile; fileRef = OBJ_48 /* DebugDescriptionVisitor.swift */; };
		OBJ_180 /* duration.pb.swift in Sources */ = {isa = PBXBuildFile; fileRef = OBJ_49 /* duration.pb.swift */; };
		OBJ_181 /* empty.pb.swift in Sources */ = {isa = PBXBuildFile; fileRef = OBJ_50 /* empty.pb.swift */; };
		OBJ_182 /* Enum.swift in Sources */ = {isa = PBXBuildFile; fileRef = OBJ_51 /* Enum.swift */; };
		OBJ_183 /* Errors.swift in Sources */ = {isa = PBXBuildFile; fileRef = OBJ_52 /* Errors.swift */; };
		OBJ_184 /* ExtensibleMessage.swift in Sources */ = {isa = PBXBuildFile; fileRef = OBJ_53 /* ExtensibleMessage.swift */; };
		OBJ_185 /* ExtensionFields.swift in Sources */ = {isa = PBXBuildFile; fileRef = OBJ_54 /* ExtensionFields.swift */; };
		OBJ_186 /* ExtensionFieldValueSet.swift in Sources */ = {isa = PBXBuildFile; fileRef = OBJ_55 /* ExtensionFieldValueSet.swift */; };
		OBJ_187 /* ExtensionSet.swift in Sources */ = {isa = PBXBuildFile; fileRef = OBJ_56 /* ExtensionSet.swift */; };
		OBJ_188 /* field_mask.pb.swift in Sources */ = {isa = PBXBuildFile; fileRef = OBJ_57 /* field_mask.pb.swift */; };
		OBJ_189 /* FieldDecoder.swift in Sources */ = {isa = PBXBuildFile; fileRef = OBJ_58 /* FieldDecoder.swift */; };
		OBJ_190 /* FieldNameMap.swift in Sources */ = {isa = PBXBuildFile; fileRef = OBJ_59 /* FieldNameMap.swift */; };
		OBJ_191 /* FieldTag.swift in Sources */ = {isa = PBXBuildFile; fileRef = OBJ_60 /* FieldTag.swift */; };
		OBJ_192 /* FieldTypes.swift in Sources */ = {isa = PBXBuildFile; fileRef = OBJ_61 /* FieldTypes.swift */; };
		OBJ_193 /* Google_Protobuf_Any.swift in Sources */ = {isa = PBXBuildFile; fileRef = OBJ_62 /* Google_Protobuf_Any.swift */; };
		OBJ_194 /* Google_Protobuf_Duration_Extensions.swift in Sources */ = {isa = PBXBuildFile; fileRef = OBJ_63 /* Google_Protobuf_Duration_Extensions.swift */; };
		OBJ_195 /* Google_Protobuf_FieldMask_Extensions.swift in Sources */ = {isa = PBXBuildFile; fileRef = OBJ_64 /* Google_Protobuf_FieldMask_Extensions.swift */; };
		OBJ_196 /* Google_Protobuf_Struct.swift in Sources */ = {isa = PBXBuildFile; fileRef = OBJ_65 /* Google_Protobuf_Struct.swift */; };
		OBJ_197 /* Google_Protobuf_Timestamp_Extensions.swift in Sources */ = {isa = PBXBuildFile; fileRef = OBJ_66 /* Google_Protobuf_Timestamp_Extensions.swift */; };
		OBJ_198 /* Google_Protobuf_Wrappers+Extensions.swift in Sources */ = {isa = PBXBuildFile; fileRef = OBJ_67 /* Google_Protobuf_Wrappers+Extensions.swift */; };
		OBJ_199 /* HashVisitor.swift in Sources */ = {isa = PBXBuildFile; fileRef = OBJ_68 /* HashVisitor.swift */; };
		OBJ_200 /* JSONDecoder.swift in Sources */ = {isa = PBXBuildFile; fileRef = OBJ_69 /* JSONDecoder.swift */; };
		OBJ_201 /* JSONEncoder.swift in Sources */ = {isa = PBXBuildFile; fileRef = OBJ_70 /* JSONEncoder.swift */; };
		OBJ_202 /* JSONScanner.swift in Sources */ = {isa = PBXBuildFile; fileRef = OBJ_71 /* JSONScanner.swift */; };
		OBJ_203 /* JSONToken.swift in Sources */ = {isa = PBXBuildFile; fileRef = OBJ_72 /* JSONToken.swift */; };
		OBJ_204 /* JSONTypeAdditions.swift in Sources */ = {isa = PBXBuildFile; fileRef = OBJ_73 /* JSONTypeAdditions.swift */; };
		OBJ_205 /* Map.swift in Sources */ = {isa = PBXBuildFile; fileRef = OBJ_74 /* Map.swift */; };
		OBJ_206 /* Message.swift in Sources */ = {isa = PBXBuildFile; fileRef = OBJ_75 /* Message.swift */; };
		OBJ_207 /* MessageExtension.swift in Sources */ = {isa = PBXBuildFile; fileRef = OBJ_76 /* MessageExtension.swift */; };
		OBJ_208 /* MirrorVisitor.swift in Sources */ = {isa = PBXBuildFile; fileRef = OBJ_77 /* MirrorVisitor.swift */; };
		OBJ_209 /* OneofEnum.swift in Sources */ = {isa = PBXBuildFile; fileRef = OBJ_78 /* OneofEnum.swift */; };
		OBJ_210 /* ProtobufDecoder.swift in Sources */ = {isa = PBXBuildFile; fileRef = OBJ_79 /* ProtobufDecoder.swift */; };
		OBJ_211 /* ProtobufEncoder.swift in Sources */ = {isa = PBXBuildFile; fileRef = OBJ_80 /* ProtobufEncoder.swift */; };
		OBJ_212 /* ProtobufEncodingSizeVisitor.swift in Sources */ = {isa = PBXBuildFile; fileRef = OBJ_81 /* ProtobufEncodingSizeVisitor.swift */; };
		OBJ_213 /* ProtobufEncodingVisitor.swift in Sources */ = {isa = PBXBuildFile; fileRef = OBJ_82 /* ProtobufEncodingVisitor.swift */; };
		OBJ_214 /* ProtobufTypeAdditions.swift in Sources */ = {isa = PBXBuildFile; fileRef = OBJ_83 /* ProtobufTypeAdditions.swift */; };
		OBJ_215 /* ProtoNameProviding.swift in Sources */ = {isa = PBXBuildFile; fileRef = OBJ_84 /* ProtoNameProviding.swift */; };
		OBJ_216 /* ProtoNameResolvers.swift in Sources */ = {isa = PBXBuildFile; fileRef = OBJ_85 /* ProtoNameResolvers.swift */; };
		OBJ_217 /* source_context.pb.swift in Sources */ = {isa = PBXBuildFile; fileRef = OBJ_86 /* source_context.pb.swift */; };
		OBJ_218 /* timestamp.pb.swift in Sources */ = {isa = PBXBuildFile; fileRef = OBJ_87 /* timestamp.pb.swift */; };
		OBJ_219 /* type.pb.swift in Sources */ = {isa = PBXBuildFile; fileRef = OBJ_88 /* type.pb.swift */; };
		OBJ_220 /* UnknownStorage.swift in Sources */ = {isa = PBXBuildFile; fileRef = OBJ_89 /* UnknownStorage.swift */; };
		OBJ_221 /* Varint.swift in Sources */ = {isa = PBXBuildFile; fileRef = OBJ_90 /* Varint.swift */; };
		OBJ_222 /* Visitor.swift in Sources */ = {isa = PBXBuildFile; fileRef = OBJ_91 /* Visitor.swift */; };
		OBJ_223 /* WireFormat.swift in Sources */ = {isa = PBXBuildFile; fileRef = OBJ_92 /* WireFormat.swift */; };
		OBJ_224 /* wrappers.pb.swift in Sources */ = {isa = PBXBuildFile; fileRef = OBJ_93 /* wrappers.pb.swift */; };
		OBJ_225 /* ZigZag.swift in Sources */ = {isa = PBXBuildFile; fileRef = OBJ_94 /* ZigZag.swift */; };
		OBJ_232 /* Key.pb.swift in Sources */ = {isa = PBXBuildFile; fileRef = OBJ_96 /* Key.pb.swift */; };
		OBJ_233 /* MusicNotationKit.swift in Sources */ = {isa = PBXBuildFile; fileRef = OBJ_97 /* MusicNotationKit.swift */; };
		OBJ_234 /* Staff.pb.swift in Sources */ = {isa = PBXBuildFile; fileRef = OBJ_98 /* Staff.pb.swift */; };
		OBJ_235 /* Types.pb.swift in Sources */ = {isa = PBXBuildFile; fileRef = OBJ_99 /* Types.pb.swift */; };
		OBJ_237 /* MusicNotationCore.framework in Frameworks */ = {isa = PBXBuildFile; fileRef = OBJ_108 /* MusicNotationCore.framework */; };
		OBJ_238 /* SwiftProtobuf.framework in Frameworks */ = {isa = PBXBuildFile; fileRef = OBJ_111 /* SwiftProtobuf.framework */; };
		OBJ_239 /* PluginLibrary.framework in Frameworks */ = {isa = PBXBuildFile; fileRef = OBJ_109 /* PluginLibrary.framework */; };
		OBJ_248 /* KeyTests.swift in Sources */ = {isa = PBXBuildFile; fileRef = OBJ_102 /* KeyTests.swift */; };
		OBJ_249 /* MusicNotationKitTests.swift in Sources */ = {isa = PBXBuildFile; fileRef = OBJ_103 /* MusicNotationKitTests.swift */; };
		OBJ_250 /* TestHelpers.swift in Sources */ = {isa = PBXBuildFile; fileRef = OBJ_104 /* TestHelpers.swift */; };
		OBJ_252 /* MusicNotationCore.framework in Frameworks */ = {isa = PBXBuildFile; fileRef = OBJ_108 /* MusicNotationCore.framework */; };
		OBJ_253 /* SwiftProtobuf.framework in Frameworks */ = {isa = PBXBuildFile; fileRef = OBJ_111 /* SwiftProtobuf.framework */; };
		OBJ_254 /* PluginLibrary.framework in Frameworks */ = {isa = PBXBuildFile; fileRef = OBJ_109 /* PluginLibrary.framework */; };
		OBJ_255 /* MusicNotationKit.framework in Frameworks */ = {isa = PBXBuildFile; fileRef = OBJ_112 /* MusicNotationKit.framework */; };
/* End PBXBuildFile section */

/* Begin PBXContainerItemProxy section */
		241F918D1E5D724700BB4B31 /* PBXContainerItemProxy */ = {
			isa = PBXContainerItemProxy;
			containerPortal = OBJ_1 /* Project object */;
			proxyType = 1;
			remoteGlobalIDString = OBJ_150;
			remoteInfo = SwiftProtobuf;
		};
		241F918E1E5D724700BB4B31 /* PBXContainerItemProxy */ = {
			isa = PBXContainerItemProxy;
			containerPortal = OBJ_1 /* Project object */;
			proxyType = 1;
			remoteGlobalIDString = OBJ_150;
			remoteInfo = SwiftProtobuf;
		};
		241F918F1E5D724700BB4B31 /* PBXContainerItemProxy */ = {
			isa = PBXContainerItemProxy;
			containerPortal = OBJ_1 /* Project object */;
			proxyType = 1;
			remoteGlobalIDString = OBJ_140;
			remoteInfo = PluginLibrary;
		};
		241F91901E5D724700BB4B31 /* PBXContainerItemProxy */ = {
			isa = PBXContainerItemProxy;
			containerPortal = OBJ_1 /* Project object */;
			proxyType = 1;
			remoteGlobalIDString = OBJ_114;
			remoteInfo = MusicNotationCore;
		};
		241F91911E5D724700BB4B31 /* PBXContainerItemProxy */ = {
			isa = PBXContainerItemProxy;
			containerPortal = OBJ_1 /* Project object */;
			proxyType = 1;
			remoteGlobalIDString = OBJ_150;
			remoteInfo = SwiftProtobuf;
		};
		241F91921E5D724700BB4B31 /* PBXContainerItemProxy */ = {
			isa = PBXContainerItemProxy;
			containerPortal = OBJ_1 /* Project object */;
			proxyType = 1;
			remoteGlobalIDString = OBJ_140;
			remoteInfo = PluginLibrary;
		};
		241F91931E5D724700BB4B31 /* PBXContainerItemProxy */ = {
			isa = PBXContainerItemProxy;
			containerPortal = OBJ_1 /* Project object */;
			proxyType = 1;
			remoteGlobalIDString = OBJ_114;
			remoteInfo = MusicNotationCore;
		};
		241F91941E5D724700BB4B31 /* PBXContainerItemProxy */ = {
			isa = PBXContainerItemProxy;
			containerPortal = OBJ_1 /* Project object */;
			proxyType = 1;
			remoteGlobalIDString = OBJ_150;
			remoteInfo = SwiftProtobuf;
		};
		241F91951E5D724700BB4B31 /* PBXContainerItemProxy */ = {
			isa = PBXContainerItemProxy;
			containerPortal = OBJ_1 /* Project object */;
			proxyType = 1;
			remoteGlobalIDString = OBJ_140;
			remoteInfo = PluginLibrary;
		};
		241F91961E5D724700BB4B31 /* PBXContainerItemProxy */ = {
			isa = PBXContainerItemProxy;
			containerPortal = OBJ_1 /* Project object */;
			proxyType = 1;
			remoteGlobalIDString = OBJ_227;
			remoteInfo = MusicNotationKit;
		};
/* End PBXContainerItemProxy section */

/* Begin PBXFileReference section */
		OBJ_10 /* Enharmonic.swift */ = {isa = PBXFileReference; lastKnownFileType = sourcecode.swift; path = Enharmonic.swift; sourceTree = "<group>"; };
		OBJ_102 /* KeyTests.swift */ = {isa = PBXFileReference; lastKnownFileType = sourcecode.swift; path = KeyTests.swift; sourceTree = "<group>"; };
		OBJ_103 /* MusicNotationKitTests.swift */ = {isa = PBXFileReference; lastKnownFileType = sourcecode.swift; path = MusicNotationKitTests.swift; sourceTree = "<group>"; };
		OBJ_104 /* TestHelpers.swift */ = {isa = PBXFileReference; lastKnownFileType = sourcecode.swift; path = TestHelpers.swift; sourceTree = "<group>"; };
		OBJ_105 /* Bin */ = {isa = PBXFileReference; lastKnownFileType = folder; path = Bin; sourceTree = SOURCE_ROOT; };
		OBJ_106 /* Proto */ = {isa = PBXFileReference; lastKnownFileType = folder; path = Proto; sourceTree = SOURCE_ROOT; };
		OBJ_108 /* MusicNotationCore.framework */ = {isa = PBXFileReference; explicitFileType = wrapper.framework; path = MusicNotationCore.framework; sourceTree = BUILT_PRODUCTS_DIR; };
		OBJ_109 /* PluginLibrary.framework */ = {isa = PBXFileReference; explicitFileType = wrapper.framework; path = PluginLibrary.framework; sourceTree = BUILT_PRODUCTS_DIR; };
		OBJ_11 /* ImmutableMeasure.swift */ = {isa = PBXFileReference; lastKnownFileType = sourcecode.swift; path = ImmutableMeasure.swift; sourceTree = "<group>"; };
		OBJ_110 /* protoc-gen-swift */ = {isa = PBXFileReference; lastKnownFileType = text; path = "protoc-gen-swift"; sourceTree = BUILT_PRODUCTS_DIR; };
		OBJ_111 /* SwiftProtobuf.framework */ = {isa = PBXFileReference; explicitFileType = wrapper.framework; path = SwiftProtobuf.framework; sourceTree = BUILT_PRODUCTS_DIR; };
		OBJ_112 /* MusicNotationKit.framework */ = {isa = PBXFileReference; explicitFileType = wrapper.framework; path = MusicNotationKit.framework; sourceTree = BUILT_PRODUCTS_DIR; };
		OBJ_113 /* MusicNotationKitTests.xctest */ = {isa = PBXFileReference; lastKnownFileType = file; path = MusicNotationKitTests.xctest; sourceTree = BUILT_PRODUCTS_DIR; };
		OBJ_12 /* Interval.swift */ = {isa = PBXFileReference; lastKnownFileType = sourcecode.swift; path = Interval.swift; sourceTree = "<group>"; };
		OBJ_13 /* Key.swift */ = {isa = PBXFileReference; lastKnownFileType = sourcecode.swift; path = Key.swift; sourceTree = "<group>"; };
		OBJ_14 /* Measure.swift */ = {isa = PBXFileReference; lastKnownFileType = sourcecode.swift; path = Measure.swift; sourceTree = "<group>"; };
		OBJ_15 /* MeasureDurationValidator.swift */ = {isa = PBXFileReference; lastKnownFileType = sourcecode.swift; path = MeasureDurationValidator.swift; sourceTree = "<group>"; };
		OBJ_16 /* MeasureRepeat.swift */ = {isa = PBXFileReference; lastKnownFileType = sourcecode.swift; path = MeasureRepeat.swift; sourceTree = "<group>"; };
		OBJ_17 /* Note.swift */ = {isa = PBXFileReference; lastKnownFileType = sourcecode.swift; path = Note.swift; sourceTree = "<group>"; };
		OBJ_18 /* NoteCollection.swift */ = {isa = PBXFileReference; lastKnownFileType = sourcecode.swift; path = NoteCollection.swift; sourceTree = "<group>"; };
		OBJ_19 /* NoteDuration.swift */ = {isa = PBXFileReference; lastKnownFileType = sourcecode.swift; path = NoteDuration.swift; sourceTree = "<group>"; };
		OBJ_20 /* NoteHolder.swift */ = {isa = PBXFileReference; lastKnownFileType = sourcecode.swift; path = NoteHolder.swift; sourceTree = "<group>"; };
		OBJ_21 /* RepeatedMeasure.swift */ = {isa = PBXFileReference; lastKnownFileType = sourcecode.swift; path = RepeatedMeasure.swift; sourceTree = "<group>"; };
		OBJ_22 /* Staff.swift */ = {isa = PBXFileReference; lastKnownFileType = sourcecode.swift; path = Staff.swift; sourceTree = "<group>"; };
		OBJ_23 /* StaffLocation.swift */ = {isa = PBXFileReference; lastKnownFileType = sourcecode.swift; path = StaffLocation.swift; sourceTree = "<group>"; };
		OBJ_24 /* SwiftHelpers.swift */ = {isa = PBXFileReference; lastKnownFileType = sourcecode.swift; path = SwiftHelpers.swift; sourceTree = "<group>"; };
		OBJ_25 /* TimeSignature.swift */ = {isa = PBXFileReference; lastKnownFileType = sourcecode.swift; path = TimeSignature.swift; sourceTree = "<group>"; };
		OBJ_26 /* Tone.swift */ = {isa = PBXFileReference; lastKnownFileType = sourcecode.swift; path = Tone.swift; sourceTree = "<group>"; };
		OBJ_27 /* Tuplet.swift */ = {isa = PBXFileReference; lastKnownFileType = sourcecode.swift; path = Tuplet.swift; sourceTree = "<group>"; };
		OBJ_28 /* Types.swift */ = {isa = PBXFileReference; lastKnownFileType = sourcecode.swift; path = Types.swift; sourceTree = "<group>"; };
		OBJ_30 /* descriptor.pb.swift */ = {isa = PBXFileReference; lastKnownFileType = sourcecode.swift; path = descriptor.pb.swift; sourceTree = "<group>"; };
		OBJ_31 /* plugin.pb.swift */ = {isa = PBXFileReference; lastKnownFileType = sourcecode.swift; path = plugin.pb.swift; sourceTree = "<group>"; };
		OBJ_33 /* CodePrinter.swift */ = {isa = PBXFileReference; lastKnownFileType = sourcecode.swift; path = CodePrinter.swift; sourceTree = "<group>"; };
		OBJ_34 /* Context.swift */ = {isa = PBXFileReference; lastKnownFileType = sourcecode.swift; path = Context.swift; sourceTree = "<group>"; };
		OBJ_35 /* EnumGenerator.swift */ = {isa = PBXFileReference; lastKnownFileType = sourcecode.swift; path = EnumGenerator.swift; sourceTree = "<group>"; };
		OBJ_36 /* ExtensionGenerator.swift */ = {isa = PBXFileReference; lastKnownFileType = sourcecode.swift; path = ExtensionGenerator.swift; sourceTree = "<group>"; };
		OBJ_37 /* FileGenerator.swift */ = {isa = PBXFileReference; lastKnownFileType = sourcecode.swift; path = FileGenerator.swift; sourceTree = "<group>"; };
		OBJ_38 /* FileIo.swift */ = {isa = PBXFileReference; lastKnownFileType = sourcecode.swift; path = FileIo.swift; sourceTree = "<group>"; };
		OBJ_39 /* main.swift */ = {isa = PBXFileReference; lastKnownFileType = sourcecode.swift; path = main.swift; sourceTree = "<group>"; };
		OBJ_40 /* MessageFieldGenerator.swift */ = {isa = PBXFileReference; lastKnownFileType = sourcecode.swift; path = MessageFieldGenerator.swift; sourceTree = "<group>"; };
		OBJ_41 /* MessageGenerator.swift */ = {isa = PBXFileReference; lastKnownFileType = sourcecode.swift; path = MessageGenerator.swift; sourceTree = "<group>"; };
		OBJ_42 /* OneofGenerator.swift */ = {isa = PBXFileReference; lastKnownFileType = sourcecode.swift; path = OneofGenerator.swift; sourceTree = "<group>"; };
		OBJ_43 /* ReservedWords.swift */ = {isa = PBXFileReference; lastKnownFileType = sourcecode.swift; path = ReservedWords.swift; sourceTree = "<group>"; };
		OBJ_44 /* StringUtils.swift */ = {isa = PBXFileReference; lastKnownFileType = sourcecode.swift; path = StringUtils.swift; sourceTree = "<group>"; };
		OBJ_45 /* Version.swift */ = {isa = PBXFileReference; lastKnownFileType = sourcecode.swift; path = Version.swift; sourceTree = "<group>"; };
		OBJ_47 /* api.pb.swift */ = {isa = PBXFileReference; lastKnownFileType = sourcecode.swift; path = api.pb.swift; sourceTree = "<group>"; };
		OBJ_48 /* DebugDescriptionVisitor.swift */ = {isa = PBXFileReference; lastKnownFileType = sourcecode.swift; path = DebugDescriptionVisitor.swift; sourceTree = "<group>"; };
		OBJ_49 /* duration.pb.swift */ = {isa = PBXFileReference; lastKnownFileType = sourcecode.swift; path = duration.pb.swift; sourceTree = "<group>"; };
		OBJ_50 /* empty.pb.swift */ = {isa = PBXFileReference; lastKnownFileType = sourcecode.swift; path = empty.pb.swift; sourceTree = "<group>"; };
		OBJ_51 /* Enum.swift */ = {isa = PBXFileReference; lastKnownFileType = sourcecode.swift; path = Enum.swift; sourceTree = "<group>"; };
		OBJ_52 /* Errors.swift */ = {isa = PBXFileReference; lastKnownFileType = sourcecode.swift; path = Errors.swift; sourceTree = "<group>"; };
		OBJ_53 /* ExtensibleMessage.swift */ = {isa = PBXFileReference; lastKnownFileType = sourcecode.swift; path = ExtensibleMessage.swift; sourceTree = "<group>"; };
		OBJ_54 /* ExtensionFields.swift */ = {isa = PBXFileReference; lastKnownFileType = sourcecode.swift; path = ExtensionFields.swift; sourceTree = "<group>"; };
		OBJ_55 /* ExtensionFieldValueSet.swift */ = {isa = PBXFileReference; lastKnownFileType = sourcecode.swift; path = ExtensionFieldValueSet.swift; sourceTree = "<group>"; };
		OBJ_56 /* ExtensionSet.swift */ = {isa = PBXFileReference; lastKnownFileType = sourcecode.swift; path = ExtensionSet.swift; sourceTree = "<group>"; };
		OBJ_57 /* field_mask.pb.swift */ = {isa = PBXFileReference; lastKnownFileType = sourcecode.swift; path = field_mask.pb.swift; sourceTree = "<group>"; };
		OBJ_58 /* FieldDecoder.swift */ = {isa = PBXFileReference; lastKnownFileType = sourcecode.swift; path = FieldDecoder.swift; sourceTree = "<group>"; };
		OBJ_59 /* FieldNameMap.swift */ = {isa = PBXFileReference; lastKnownFileType = sourcecode.swift; path = FieldNameMap.swift; sourceTree = "<group>"; };
		OBJ_6 /* Package.swift */ = {isa = PBXFileReference; explicitFileType = sourcecode.swift; path = Package.swift; sourceTree = "<group>"; };
		OBJ_60 /* FieldTag.swift */ = {isa = PBXFileReference; lastKnownFileType = sourcecode.swift; path = FieldTag.swift; sourceTree = "<group>"; };
		OBJ_61 /* FieldTypes.swift */ = {isa = PBXFileReference; lastKnownFileType = sourcecode.swift; path = FieldTypes.swift; sourceTree = "<group>"; };
		OBJ_62 /* Google_Protobuf_Any.swift */ = {isa = PBXFileReference; lastKnownFileType = sourcecode.swift; path = Google_Protobuf_Any.swift; sourceTree = "<group>"; };
		OBJ_63 /* Google_Protobuf_Duration_Extensions.swift */ = {isa = PBXFileReference; lastKnownFileType = sourcecode.swift; path = Google_Protobuf_Duration_Extensions.swift; sourceTree = "<group>"; };
		OBJ_64 /* Google_Protobuf_FieldMask_Extensions.swift */ = {isa = PBXFileReference; lastKnownFileType = sourcecode.swift; path = Google_Protobuf_FieldMask_Extensions.swift; sourceTree = "<group>"; };
		OBJ_65 /* Google_Protobuf_Struct.swift */ = {isa = PBXFileReference; lastKnownFileType = sourcecode.swift; path = Google_Protobuf_Struct.swift; sourceTree = "<group>"; };
		OBJ_66 /* Google_Protobuf_Timestamp_Extensions.swift */ = {isa = PBXFileReference; lastKnownFileType = sourcecode.swift; path = Google_Protobuf_Timestamp_Extensions.swift; sourceTree = "<group>"; };
		OBJ_67 /* Google_Protobuf_Wrappers+Extensions.swift */ = {isa = PBXFileReference; lastKnownFileType = sourcecode.swift; path = "Google_Protobuf_Wrappers+Extensions.swift"; sourceTree = "<group>"; };
		OBJ_68 /* HashVisitor.swift */ = {isa = PBXFileReference; lastKnownFileType = sourcecode.swift; path = HashVisitor.swift; sourceTree = "<group>"; };
		OBJ_69 /* JSONDecoder.swift */ = {isa = PBXFileReference; lastKnownFileType = sourcecode.swift; path = JSONDecoder.swift; sourceTree = "<group>"; };
		OBJ_70 /* JSONEncoder.swift */ = {isa = PBXFileReference; lastKnownFileType = sourcecode.swift; path = JSONEncoder.swift; sourceTree = "<group>"; };
		OBJ_71 /* JSONScanner.swift */ = {isa = PBXFileReference; lastKnownFileType = sourcecode.swift; path = JSONScanner.swift; sourceTree = "<group>"; };
		OBJ_72 /* JSONToken.swift */ = {isa = PBXFileReference; lastKnownFileType = sourcecode.swift; path = JSONToken.swift; sourceTree = "<group>"; };
		OBJ_73 /* JSONTypeAdditions.swift */ = {isa = PBXFileReference; lastKnownFileType = sourcecode.swift; path = JSONTypeAdditions.swift; sourceTree = "<group>"; };
		OBJ_74 /* Map.swift */ = {isa = PBXFileReference; lastKnownFileType = sourcecode.swift; path = Map.swift; sourceTree = "<group>"; };
		OBJ_75 /* Message.swift */ = {isa = PBXFileReference; lastKnownFileType = sourcecode.swift; path = Message.swift; sourceTree = "<group>"; };
		OBJ_76 /* MessageExtension.swift */ = {isa = PBXFileReference; lastKnownFileType = sourcecode.swift; path = MessageExtension.swift; sourceTree = "<group>"; };
		OBJ_77 /* MirrorVisitor.swift */ = {isa = PBXFileReference; lastKnownFileType = sourcecode.swift; path = MirrorVisitor.swift; sourceTree = "<group>"; };
		OBJ_78 /* OneofEnum.swift */ = {isa = PBXFileReference; lastKnownFileType = sourcecode.swift; path = OneofEnum.swift; sourceTree = "<group>"; };
		OBJ_79 /* ProtobufDecoder.swift */ = {isa = PBXFileReference; lastKnownFileType = sourcecode.swift; path = ProtobufDecoder.swift; sourceTree = "<group>"; };
		OBJ_80 /* ProtobufEncoder.swift */ = {isa = PBXFileReference; lastKnownFileType = sourcecode.swift; path = ProtobufEncoder.swift; sourceTree = "<group>"; };
		OBJ_81 /* ProtobufEncodingSizeVisitor.swift */ = {isa = PBXFileReference; lastKnownFileType = sourcecode.swift; path = ProtobufEncodingSizeVisitor.swift; sourceTree = "<group>"; };
		OBJ_82 /* ProtobufEncodingVisitor.swift */ = {isa = PBXFileReference; lastKnownFileType = sourcecode.swift; path = ProtobufEncodingVisitor.swift; sourceTree = "<group>"; };
		OBJ_83 /* ProtobufTypeAdditions.swift */ = {isa = PBXFileReference; lastKnownFileType = sourcecode.swift; path = ProtobufTypeAdditions.swift; sourceTree = "<group>"; };
		OBJ_84 /* ProtoNameProviding.swift */ = {isa = PBXFileReference; lastKnownFileType = sourcecode.swift; path = ProtoNameProviding.swift; sourceTree = "<group>"; };
		OBJ_85 /* ProtoNameResolvers.swift */ = {isa = PBXFileReference; lastKnownFileType = sourcecode.swift; path = ProtoNameResolvers.swift; sourceTree = "<group>"; };
		OBJ_86 /* source_context.pb.swift */ = {isa = PBXFileReference; lastKnownFileType = sourcecode.swift; path = source_context.pb.swift; sourceTree = "<group>"; };
		OBJ_87 /* timestamp.pb.swift */ = {isa = PBXFileReference; lastKnownFileType = sourcecode.swift; path = timestamp.pb.swift; sourceTree = "<group>"; };
		OBJ_88 /* type.pb.swift */ = {isa = PBXFileReference; lastKnownFileType = sourcecode.swift; path = type.pb.swift; sourceTree = "<group>"; };
		OBJ_89 /* UnknownStorage.swift */ = {isa = PBXFileReference; lastKnownFileType = sourcecode.swift; path = UnknownStorage.swift; sourceTree = "<group>"; };
		OBJ_9 /* Clef.swift */ = {isa = PBXFileReference; lastKnownFileType = sourcecode.swift; path = Clef.swift; sourceTree = "<group>"; };
		OBJ_90 /* Varint.swift */ = {isa = PBXFileReference; lastKnownFileType = sourcecode.swift; path = Varint.swift; sourceTree = "<group>"; };
		OBJ_91 /* Visitor.swift */ = {isa = PBXFileReference; lastKnownFileType = sourcecode.swift; path = Visitor.swift; sourceTree = "<group>"; };
		OBJ_92 /* WireFormat.swift */ = {isa = PBXFileReference; lastKnownFileType = sourcecode.swift; path = WireFormat.swift; sourceTree = "<group>"; };
		OBJ_93 /* wrappers.pb.swift */ = {isa = PBXFileReference; lastKnownFileType = sourcecode.swift; path = wrappers.pb.swift; sourceTree = "<group>"; };
		OBJ_94 /* ZigZag.swift */ = {isa = PBXFileReference; lastKnownFileType = sourcecode.swift; path = ZigZag.swift; sourceTree = "<group>"; };
		OBJ_96 /* Key.pb.swift */ = {isa = PBXFileReference; lastKnownFileType = sourcecode.swift; path = Key.pb.swift; sourceTree = "<group>"; };
		OBJ_97 /* MusicNotationKit.swift */ = {isa = PBXFileReference; lastKnownFileType = sourcecode.swift; path = MusicNotationKit.swift; sourceTree = "<group>"; };
		OBJ_98 /* Staff.pb.swift */ = {isa = PBXFileReference; lastKnownFileType = sourcecode.swift; path = Staff.pb.swift; sourceTree = "<group>"; };
		OBJ_99 /* Types.pb.swift */ = {isa = PBXFileReference; lastKnownFileType = sourcecode.swift; path = Types.pb.swift; sourceTree = "<group>"; };
/* End PBXFileReference section */

/* Begin PBXFrameworksBuildPhase section */
		OBJ_139 /* Frameworks */ = {
			isa = PBXFrameworksBuildPhase;
			buildActionMask = 0;
			files = (
			);
			runOnlyForDeploymentPostprocessing = 0;
		};
		OBJ_147 /* Frameworks */ = {
			isa = PBXFrameworksBuildPhase;
			buildActionMask = 0;
			files = (
				OBJ_148 /* SwiftProtobuf.framework in Frameworks */,
			);
			runOnlyForDeploymentPostprocessing = 0;
		};
		OBJ_169 /* Frameworks */ = {
			isa = PBXFrameworksBuildPhase;
			buildActionMask = 0;
			files = (
				OBJ_170 /* SwiftProtobuf.framework in Frameworks */,
				OBJ_171 /* PluginLibrary.framework in Frameworks */,
			);
			runOnlyForDeploymentPostprocessing = 0;
		};
		OBJ_226 /* Frameworks */ = {
			isa = PBXFrameworksBuildPhase;
			buildActionMask = 0;
			files = (
			);
			runOnlyForDeploymentPostprocessing = 0;
		};
		OBJ_236 /* Frameworks */ = {
			isa = PBXFrameworksBuildPhase;
			buildActionMask = 0;
			files = (
				OBJ_237 /* MusicNotationCore.framework in Frameworks */,
				OBJ_238 /* SwiftProtobuf.framework in Frameworks */,
				OBJ_239 /* PluginLibrary.framework in Frameworks */,
			);
			runOnlyForDeploymentPostprocessing = 0;
		};
		OBJ_251 /* Frameworks */ = {
			isa = PBXFrameworksBuildPhase;
			buildActionMask = 0;
			files = (
				OBJ_252 /* MusicNotationCore.framework in Frameworks */,
				OBJ_253 /* SwiftProtobuf.framework in Frameworks */,
				OBJ_254 /* PluginLibrary.framework in Frameworks */,
				OBJ_255 /* MusicNotationKit.framework in Frameworks */,
			);
			runOnlyForDeploymentPostprocessing = 0;
		};
/* End PBXFrameworksBuildPhase section */

/* Begin PBXGroup section */
		OBJ_100 /* Tests */ = {
			isa = PBXGroup;
			children = (
				OBJ_101 /* MusicNotationKitTests */,
			);
			path = Tests;
			sourceTree = "<group>";
		};
		OBJ_101 /* MusicNotationKitTests */ = {
			isa = PBXGroup;
			children = (
				OBJ_102 /* KeyTests.swift */,
				OBJ_103 /* MusicNotationKitTests.swift */,
				OBJ_104 /* TestHelpers.swift */,
			);
			name = MusicNotationKitTests;
			path = Tests/MusicNotationKitTests;
			sourceTree = SOURCE_ROOT;
		};
		OBJ_107 /* Products */ = {
			isa = PBXGroup;
			children = (
				OBJ_108 /* MusicNotationCore.framework */,
				OBJ_109 /* PluginLibrary.framework */,
				OBJ_110 /* protoc-gen-swift */,
				OBJ_111 /* SwiftProtobuf.framework */,
				OBJ_112 /* MusicNotationKit.framework */,
				OBJ_113 /* MusicNotationKitTests.xctest */,
			);
			name = Products;
			sourceTree = BUILT_PRODUCTS_DIR;
		};
		OBJ_29 /* PluginLibrary */ = {
			isa = PBXGroup;
			children = (
				OBJ_30 /* descriptor.pb.swift */,
				OBJ_31 /* plugin.pb.swift */,
			);
			name = PluginLibrary;
			path = "Packages/SwiftProtobuf-0.9.26/Sources/PluginLibrary";
			sourceTree = SOURCE_ROOT;
		};
		OBJ_32 /* protoc-gen-swift */ = {
			isa = PBXGroup;
			children = (
				OBJ_33 /* CodePrinter.swift */,
				OBJ_34 /* Context.swift */,
				OBJ_35 /* EnumGenerator.swift */,
				OBJ_36 /* ExtensionGenerator.swift */,
				OBJ_37 /* FileGenerator.swift */,
				OBJ_38 /* FileIo.swift */,
				OBJ_39 /* main.swift */,
				OBJ_40 /* MessageFieldGenerator.swift */,
				OBJ_41 /* MessageGenerator.swift */,
				OBJ_42 /* OneofGenerator.swift */,
				OBJ_43 /* ReservedWords.swift */,
				OBJ_44 /* StringUtils.swift */,
				OBJ_45 /* Version.swift */,
			);
			name = "protoc-gen-swift";
			path = "Packages/SwiftProtobuf-0.9.26/Sources/protoc-gen-swift";
			sourceTree = SOURCE_ROOT;
		};
		OBJ_46 /* SwiftProtobuf */ = {
			isa = PBXGroup;
			children = (
				OBJ_47 /* api.pb.swift */,
				OBJ_48 /* DebugDescriptionVisitor.swift */,
				OBJ_49 /* duration.pb.swift */,
				OBJ_50 /* empty.pb.swift */,
				OBJ_51 /* Enum.swift */,
				OBJ_52 /* Errors.swift */,
				OBJ_53 /* ExtensibleMessage.swift */,
				OBJ_54 /* ExtensionFields.swift */,
				OBJ_55 /* ExtensionFieldValueSet.swift */,
				OBJ_56 /* ExtensionSet.swift */,
				OBJ_57 /* field_mask.pb.swift */,
				OBJ_58 /* FieldDecoder.swift */,
				OBJ_59 /* FieldNameMap.swift */,
				OBJ_60 /* FieldTag.swift */,
				OBJ_61 /* FieldTypes.swift */,
				OBJ_62 /* Google_Protobuf_Any.swift */,
				OBJ_63 /* Google_Protobuf_Duration_Extensions.swift */,
				OBJ_64 /* Google_Protobuf_FieldMask_Extensions.swift */,
				OBJ_65 /* Google_Protobuf_Struct.swift */,
				OBJ_66 /* Google_Protobuf_Timestamp_Extensions.swift */,
				OBJ_67 /* Google_Protobuf_Wrappers+Extensions.swift */,
				OBJ_68 /* HashVisitor.swift */,
				OBJ_69 /* JSONDecoder.swift */,
				OBJ_70 /* JSONEncoder.swift */,
				OBJ_71 /* JSONScanner.swift */,
				OBJ_72 /* JSONToken.swift */,
				OBJ_73 /* JSONTypeAdditions.swift */,
				OBJ_74 /* Map.swift */,
				OBJ_75 /* Message.swift */,
				OBJ_76 /* MessageExtension.swift */,
				OBJ_77 /* MirrorVisitor.swift */,
				OBJ_78 /* OneofEnum.swift */,
				OBJ_79 /* ProtobufDecoder.swift */,
				OBJ_80 /* ProtobufEncoder.swift */,
				OBJ_81 /* ProtobufEncodingSizeVisitor.swift */,
				OBJ_82 /* ProtobufEncodingVisitor.swift */,
				OBJ_83 /* ProtobufTypeAdditions.swift */,
				OBJ_84 /* ProtoNameProviding.swift */,
				OBJ_85 /* ProtoNameResolvers.swift */,
				OBJ_86 /* source_context.pb.swift */,
				OBJ_87 /* timestamp.pb.swift */,
				OBJ_88 /* type.pb.swift */,
				OBJ_89 /* UnknownStorage.swift */,
				OBJ_90 /* Varint.swift */,
				OBJ_91 /* Visitor.swift */,
				OBJ_92 /* WireFormat.swift */,
				OBJ_93 /* wrappers.pb.swift */,
				OBJ_94 /* ZigZag.swift */,
			);
			name = SwiftProtobuf;
			path = "Packages/SwiftProtobuf-0.9.26/Sources/SwiftProtobuf";
			sourceTree = SOURCE_ROOT;
		};
		OBJ_5 /*  */ = {
			isa = PBXGroup;
			children = (
				OBJ_6 /* Package.swift */,
				OBJ_7 /* Sources */,
				OBJ_100 /* Tests */,
				OBJ_105 /* Bin */,
				OBJ_106 /* Proto */,
				OBJ_107 /* Products */,
			);
			name = "";
			sourceTree = "<group>";
		};
		OBJ_7 /* Sources */ = {
			isa = PBXGroup;
			children = (
				OBJ_8 /* MusicNotationCore */,
				OBJ_29 /* PluginLibrary */,
				OBJ_32 /* protoc-gen-swift */,
				OBJ_46 /* SwiftProtobuf */,
				OBJ_95 /* MusicNotationKit */,
			);
			path = Sources;
			sourceTree = "<group>";
		};
		OBJ_8 /* MusicNotationCore */ = {
			isa = PBXGroup;
			children = (
				OBJ_9 /* Clef.swift */,
				OBJ_10 /* Enharmonic.swift */,
				OBJ_11 /* ImmutableMeasure.swift */,
				OBJ_12 /* Interval.swift */,
				OBJ_13 /* Key.swift */,
				OBJ_14 /* Measure.swift */,
				OBJ_15 /* MeasureDurationValidator.swift */,
				OBJ_16 /* MeasureRepeat.swift */,
				OBJ_17 /* Note.swift */,
				OBJ_18 /* NoteCollection.swift */,
				OBJ_19 /* NoteDuration.swift */,
				OBJ_20 /* NoteHolder.swift */,
				OBJ_21 /* RepeatedMeasure.swift */,
				OBJ_22 /* Staff.swift */,
				OBJ_23 /* StaffLocation.swift */,
				OBJ_24 /* SwiftHelpers.swift */,
				OBJ_25 /* TimeSignature.swift */,
				OBJ_26 /* Tone.swift */,
				OBJ_27 /* Tuplet.swift */,
				OBJ_28 /* Types.swift */,
			);
			name = MusicNotationCore;
			path = "Packages/MusicNotationCore-0.1.0/Sources";
			sourceTree = SOURCE_ROOT;
		};
		OBJ_95 /* MusicNotationKit */ = {
			isa = PBXGroup;
			children = (
				OBJ_96 /* Key.pb.swift */,
				OBJ_97 /* MusicNotationKit.swift */,
				OBJ_98 /* Staff.pb.swift */,
				OBJ_99 /* Types.pb.swift */,
			);
			name = MusicNotationKit;
			path = Sources/MusicNotationKit;
			sourceTree = SOURCE_ROOT;
		};
/* End PBXGroup section */

/* Begin PBXNativeTarget section */
		OBJ_114 /* MusicNotationCore */ = {
			isa = PBXNativeTarget;
			buildConfigurationList = OBJ_115 /* Build configuration list for PBXNativeTarget "MusicNotationCore" */;
			buildPhases = (
				OBJ_118 /* Sources */,
				OBJ_139 /* Frameworks */,
			);
			buildRules = (
			);
			dependencies = (
			);
			name = MusicNotationCore;
			productName = MusicNotationCore;
			productReference = OBJ_108 /* MusicNotationCore.framework */;
			productType = "com.apple.product-type.framework";
		};
		OBJ_140 /* PluginLibrary */ = {
			isa = PBXNativeTarget;
			buildConfigurationList = OBJ_141 /* Build configuration list for PBXNativeTarget "PluginLibrary" */;
			buildPhases = (
				OBJ_144 /* Sources */,
				OBJ_147 /* Frameworks */,
			);
			buildRules = (
			);
			dependencies = (
				OBJ_149 /* PBXTargetDependency */,
			);
			name = PluginLibrary;
			productName = PluginLibrary;
			productReference = OBJ_109 /* PluginLibrary.framework */;
			productType = "com.apple.product-type.framework";
		};
		OBJ_150 /* SwiftProtobuf */ = {
			isa = PBXNativeTarget;
			buildConfigurationList = OBJ_174 /* Build configuration list for PBXNativeTarget "SwiftProtobuf" */;
			buildPhases = (
				OBJ_177 /* Sources */,
				OBJ_226 /* Frameworks */,
			);
			buildRules = (
			);
			dependencies = (
			);
			name = SwiftProtobuf;
			productName = SwiftProtobuf;
			productReference = OBJ_111 /* SwiftProtobuf.framework */;
			productType = "com.apple.product-type.framework";
		};
		OBJ_151 /* protoc-gen-swift */ = {
			isa = PBXNativeTarget;
			buildConfigurationList = OBJ_152 /* Build configuration list for PBXNativeTarget "protoc-gen-swift" */;
			buildPhases = (
				OBJ_155 /* Sources */,
				OBJ_169 /* Frameworks */,
			);
			buildRules = (
			);
			dependencies = (
				OBJ_172 /* PBXTargetDependency */,
				OBJ_173 /* PBXTargetDependency */,
			);
			name = "protoc-gen-swift";
			productName = protoc_gen_swift;
			productReference = OBJ_110 /* protoc-gen-swift */;
			productType = "com.apple.product-type.tool";
		};
		OBJ_227 /* MusicNotationKit */ = {
			isa = PBXNativeTarget;
			buildConfigurationList = OBJ_228 /* Build configuration list for PBXNativeTarget "MusicNotationKit" */;
			buildPhases = (
				OBJ_231 /* Sources */,
				OBJ_236 /* Frameworks */,
			);
			buildRules = (
			);
			dependencies = (
				OBJ_240 /* PBXTargetDependency */,
				OBJ_241 /* PBXTargetDependency */,
				OBJ_242 /* PBXTargetDependency */,
			);
			name = MusicNotationKit;
			productName = MusicNotationKit;
			productReference = OBJ_112 /* MusicNotationKit.framework */;
			productType = "com.apple.product-type.framework";
		};
		OBJ_243 /* MusicNotationKitTests */ = {
			isa = PBXNativeTarget;
			buildConfigurationList = OBJ_244 /* Build configuration list for PBXNativeTarget "MusicNotationKitTests" */;
			buildPhases = (
				OBJ_247 /* Sources */,
				OBJ_251 /* Frameworks */,
			);
			buildRules = (
			);
			dependencies = (
				OBJ_256 /* PBXTargetDependency */,
				OBJ_257 /* PBXTargetDependency */,
				OBJ_258 /* PBXTargetDependency */,
				OBJ_259 /* PBXTargetDependency */,
			);
			name = MusicNotationKitTests;
			productName = MusicNotationKitTests;
			productReference = OBJ_113 /* MusicNotationKitTests.xctest */;
			productType = "com.apple.product-type.bundle.unit-test";
		};
/* End PBXNativeTarget section */

/* Begin PBXProject section */
		OBJ_1 /* Project object */ = {
			isa = PBXProject;
			attributes = {
				LastUpgradeCheck = 9999;
			};
			buildConfigurationList = OBJ_2 /* Build configuration list for PBXProject "MusicNotationKit" */;
			compatibilityVersion = "Xcode 3.2";
			developmentRegion = English;
			hasScannedForEncodings = 0;
			knownRegions = (
				en,
			);
			mainGroup = OBJ_5 /*  */;
			productRefGroup = OBJ_107 /* Products */;
			projectDirPath = "";
			projectRoot = "";
			targets = (
				OBJ_114 /* MusicNotationCore */,
				OBJ_140 /* PluginLibrary */,
				OBJ_151 /* protoc-gen-swift */,
				OBJ_150 /* SwiftProtobuf */,
				OBJ_227 /* MusicNotationKit */,
				OBJ_243 /* MusicNotationKitTests */,
			);
		};
/* End PBXProject section */

/* Begin PBXSourcesBuildPhase section */
		OBJ_118 /* Sources */ = {
			isa = PBXSourcesBuildPhase;
			buildActionMask = 0;
			files = (
				OBJ_119 /* Clef.swift in Sources */,
				OBJ_120 /* Enharmonic.swift in Sources */,
				OBJ_121 /* ImmutableMeasure.swift in Sources */,
				OBJ_122 /* Interval.swift in Sources */,
				OBJ_123 /* Key.swift in Sources */,
				OBJ_124 /* Measure.swift in Sources */,
				OBJ_125 /* MeasureDurationValidator.swift in Sources */,
				OBJ_126 /* MeasureRepeat.swift in Sources */,
				OBJ_127 /* Note.swift in Sources */,
				OBJ_128 /* NoteCollection.swift in Sources */,
				OBJ_129 /* NoteDuration.swift in Sources */,
				OBJ_130 /* NoteHolder.swift in Sources */,
				OBJ_131 /* RepeatedMeasure.swift in Sources */,
				OBJ_132 /* Staff.swift in Sources */,
				OBJ_133 /* StaffLocation.swift in Sources */,
				OBJ_134 /* SwiftHelpers.swift in Sources */,
				OBJ_135 /* TimeSignature.swift in Sources */,
				OBJ_136 /* Tone.swift in Sources */,
				OBJ_137 /* Tuplet.swift in Sources */,
				OBJ_138 /* Types.swift in Sources */,
			);
			runOnlyForDeploymentPostprocessing = 0;
		};
		OBJ_144 /* Sources */ = {
			isa = PBXSourcesBuildPhase;
			buildActionMask = 0;
			files = (
				OBJ_145 /* descriptor.pb.swift in Sources */,
				OBJ_146 /* plugin.pb.swift in Sources */,
			);
			runOnlyForDeploymentPostprocessing = 0;
		};
		OBJ_155 /* Sources */ = {
			isa = PBXSourcesBuildPhase;
			buildActionMask = 0;
			files = (
				OBJ_156 /* CodePrinter.swift in Sources */,
				OBJ_157 /* Context.swift in Sources */,
				OBJ_158 /* EnumGenerator.swift in Sources */,
				OBJ_159 /* ExtensionGenerator.swift in Sources */,
				OBJ_160 /* FileGenerator.swift in Sources */,
				OBJ_161 /* FileIo.swift in Sources */,
				OBJ_162 /* main.swift in Sources */,
				OBJ_163 /* MessageFieldGenerator.swift in Sources */,
				OBJ_164 /* MessageGenerator.swift in Sources */,
				OBJ_165 /* OneofGenerator.swift in Sources */,
				OBJ_166 /* ReservedWords.swift in Sources */,
				OBJ_167 /* StringUtils.swift in Sources */,
				OBJ_168 /* Version.swift in Sources */,
			);
			runOnlyForDeploymentPostprocessing = 0;
		};
		OBJ_177 /* Sources */ = {
			isa = PBXSourcesBuildPhase;
			buildActionMask = 0;
			files = (
				OBJ_178 /* api.pb.swift in Sources */,
				OBJ_179 /* DebugDescriptionVisitor.swift in Sources */,
				OBJ_180 /* duration.pb.swift in Sources */,
				OBJ_181 /* empty.pb.swift in Sources */,
				OBJ_182 /* Enum.swift in Sources */,
				OBJ_183 /* Errors.swift in Sources */,
				OBJ_184 /* ExtensibleMessage.swift in Sources */,
				OBJ_185 /* ExtensionFields.swift in Sources */,
				OBJ_186 /* ExtensionFieldValueSet.swift in Sources */,
				OBJ_187 /* ExtensionSet.swift in Sources */,
				OBJ_188 /* field_mask.pb.swift in Sources */,
				OBJ_189 /* FieldDecoder.swift in Sources */,
				OBJ_190 /* FieldNameMap.swift in Sources */,
				OBJ_191 /* FieldTag.swift in Sources */,
				OBJ_192 /* FieldTypes.swift in Sources */,
				OBJ_193 /* Google_Protobuf_Any.swift in Sources */,
				OBJ_194 /* Google_Protobuf_Duration_Extensions.swift in Sources */,
				OBJ_195 /* Google_Protobuf_FieldMask_Extensions.swift in Sources */,
				OBJ_196 /* Google_Protobuf_Struct.swift in Sources */,
				OBJ_197 /* Google_Protobuf_Timestamp_Extensions.swift in Sources */,
				OBJ_198 /* Google_Protobuf_Wrappers+Extensions.swift in Sources */,
				OBJ_199 /* HashVisitor.swift in Sources */,
				OBJ_200 /* JSONDecoder.swift in Sources */,
				OBJ_201 /* JSONEncoder.swift in Sources */,
				OBJ_202 /* JSONScanner.swift in Sources */,
				OBJ_203 /* JSONToken.swift in Sources */,
				OBJ_204 /* JSONTypeAdditions.swift in Sources */,
				OBJ_205 /* Map.swift in Sources */,
				OBJ_206 /* Message.swift in Sources */,
				OBJ_207 /* MessageExtension.swift in Sources */,
				OBJ_208 /* MirrorVisitor.swift in Sources */,
				OBJ_209 /* OneofEnum.swift in Sources */,
				OBJ_210 /* ProtobufDecoder.swift in Sources */,
				OBJ_211 /* ProtobufEncoder.swift in Sources */,
				OBJ_212 /* ProtobufEncodingSizeVisitor.swift in Sources */,
				OBJ_213 /* ProtobufEncodingVisitor.swift in Sources */,
				OBJ_214 /* ProtobufTypeAdditions.swift in Sources */,
				OBJ_215 /* ProtoNameProviding.swift in Sources */,
				OBJ_216 /* ProtoNameResolvers.swift in Sources */,
				OBJ_217 /* source_context.pb.swift in Sources */,
				OBJ_218 /* timestamp.pb.swift in Sources */,
				OBJ_219 /* type.pb.swift in Sources */,
				OBJ_220 /* UnknownStorage.swift in Sources */,
				OBJ_221 /* Varint.swift in Sources */,
				OBJ_222 /* Visitor.swift in Sources */,
				OBJ_223 /* WireFormat.swift in Sources */,
				OBJ_224 /* wrappers.pb.swift in Sources */,
				OBJ_225 /* ZigZag.swift in Sources */,
			);
			runOnlyForDeploymentPostprocessing = 0;
		};
		OBJ_231 /* Sources */ = {
			isa = PBXSourcesBuildPhase;
			buildActionMask = 0;
			files = (
				OBJ_232 /* Key.pb.swift in Sources */,
				OBJ_233 /* MusicNotationKit.swift in Sources */,
				OBJ_234 /* Staff.pb.swift in Sources */,
				OBJ_235 /* Types.pb.swift in Sources */,
			);
			runOnlyForDeploymentPostprocessing = 0;
		};
		OBJ_247 /* Sources */ = {
			isa = PBXSourcesBuildPhase;
			buildActionMask = 0;
			files = (
				OBJ_248 /* KeyTests.swift in Sources */,
				OBJ_249 /* MusicNotationKitTests.swift in Sources */,
				OBJ_250 /* TestHelpers.swift in Sources */,
			);
			runOnlyForDeploymentPostprocessing = 0;
		};
/* End PBXSourcesBuildPhase section */

/* Begin PBXTargetDependency section */
		OBJ_149 /* PBXTargetDependency */ = {
			isa = PBXTargetDependency;
			target = OBJ_150 /* SwiftProtobuf */;
			targetProxy = 241F918D1E5D724700BB4B31 /* PBXContainerItemProxy */;
		};
		OBJ_172 /* PBXTargetDependency */ = {
			isa = PBXTargetDependency;
			target = OBJ_150 /* SwiftProtobuf */;
			targetProxy = 241F918E1E5D724700BB4B31 /* PBXContainerItemProxy */;
		};
		OBJ_173 /* PBXTargetDependency */ = {
			isa = PBXTargetDependency;
			target = OBJ_140 /* PluginLibrary */;
			targetProxy = 241F918F1E5D724700BB4B31 /* PBXContainerItemProxy */;
		};
		OBJ_240 /* PBXTargetDependency */ = {
			isa = PBXTargetDependency;
			target = OBJ_114 /* MusicNotationCore */;
			targetProxy = 241F91901E5D724700BB4B31 /* PBXContainerItemProxy */;
		};
		OBJ_241 /* PBXTargetDependency */ = {
			isa = PBXTargetDependency;
			target = OBJ_150 /* SwiftProtobuf */;
			targetProxy = 241F91911E5D724700BB4B31 /* PBXContainerItemProxy */;
		};
		OBJ_242 /* PBXTargetDependency */ = {
			isa = PBXTargetDependency;
			target = OBJ_140 /* PluginLibrary */;
			targetProxy = 241F91921E5D724700BB4B31 /* PBXContainerItemProxy */;
		};
		OBJ_256 /* PBXTargetDependency */ = {
			isa = PBXTargetDependency;
			target = OBJ_114 /* MusicNotationCore */;
			targetProxy = 241F91931E5D724700BB4B31 /* PBXContainerItemProxy */;
		};
		OBJ_257 /* PBXTargetDependency */ = {
			isa = PBXTargetDependency;
			target = OBJ_150 /* SwiftProtobuf */;
			targetProxy = 241F91941E5D724700BB4B31 /* PBXContainerItemProxy */;
		};
		OBJ_258 /* PBXTargetDependency */ = {
			isa = PBXTargetDependency;
			target = OBJ_140 /* PluginLibrary */;
			targetProxy = 241F91951E5D724700BB4B31 /* PBXContainerItemProxy */;
		};
		OBJ_259 /* PBXTargetDependency */ = {
			isa = PBXTargetDependency;
			target = OBJ_227 /* MusicNotationKit */;
			targetProxy = 241F91961E5D724700BB4B31 /* PBXContainerItemProxy */;
		};
/* End PBXTargetDependency section */

/* Begin XCBuildConfiguration section */
		OBJ_116 /* Debug */ = {
			isa = XCBuildConfiguration;
			buildSettings = {
				ENABLE_TESTABILITY = YES;
				FRAMEWORK_SEARCH_PATHS = (
					"$(inherited)",
					"$(PLATFORM_DIR)/Developer/Library/Frameworks",
				);
				HEADER_SEARCH_PATHS = "$(inherited)";
				INFOPLIST_FILE = MusicNotationKit.xcodeproj/MusicNotationCore_Info.plist;
				LD_RUNPATH_SEARCH_PATHS = "$(TOOLCHAIN_DIR)/usr/lib/swift/macosx";
				OTHER_LDFLAGS = "$(inherited)";
				OTHER_SWIFT_FLAGS = "$(inherited)";
				PRODUCT_BUNDLE_IDENTIFIER = MusicNotationCore;
				PRODUCT_MODULE_NAME = "$(TARGET_NAME:c99extidentifier)";
				PRODUCT_NAME = "$(TARGET_NAME:c99extidentifier)";
				TARGET_NAME = MusicNotationCore;
			};
			name = Debug;
		};
		OBJ_117 /* Release */ = {
			isa = XCBuildConfiguration;
			buildSettings = {
				ENABLE_TESTABILITY = YES;
				FRAMEWORK_SEARCH_PATHS = (
					"$(inherited)",
					"$(PLATFORM_DIR)/Developer/Library/Frameworks",
				);
				HEADER_SEARCH_PATHS = "$(inherited)";
				INFOPLIST_FILE = MusicNotationKit.xcodeproj/MusicNotationCore_Info.plist;
				LD_RUNPATH_SEARCH_PATHS = "$(TOOLCHAIN_DIR)/usr/lib/swift/macosx";
				OTHER_LDFLAGS = "$(inherited)";
				OTHER_SWIFT_FLAGS = "$(inherited)";
				PRODUCT_BUNDLE_IDENTIFIER = MusicNotationCore;
				PRODUCT_MODULE_NAME = "$(TARGET_NAME:c99extidentifier)";
				PRODUCT_NAME = "$(TARGET_NAME:c99extidentifier)";
				TARGET_NAME = MusicNotationCore;
			};
			name = Release;
		};
		OBJ_142 /* Debug */ = {
			isa = XCBuildConfiguration;
			buildSettings = {
				ENABLE_TESTABILITY = YES;
				FRAMEWORK_SEARCH_PATHS = (
					"$(inherited)",
					"$(PLATFORM_DIR)/Developer/Library/Frameworks",
				);
				HEADER_SEARCH_PATHS = "$(inherited)";
				INFOPLIST_FILE = MusicNotationKit.xcodeproj/PluginLibrary_Info.plist;
				LD_RUNPATH_SEARCH_PATHS = "$(TOOLCHAIN_DIR)/usr/lib/swift/macosx";
				OTHER_LDFLAGS = "$(inherited)";
				OTHER_SWIFT_FLAGS = "$(inherited)";
				PRODUCT_BUNDLE_IDENTIFIER = PluginLibrary;
				PRODUCT_MODULE_NAME = "$(TARGET_NAME:c99extidentifier)";
				PRODUCT_NAME = "$(TARGET_NAME:c99extidentifier)";
				TARGET_NAME = PluginLibrary;
			};
			name = Debug;
		};
		OBJ_143 /* Release */ = {
			isa = XCBuildConfiguration;
			buildSettings = {
				ENABLE_TESTABILITY = YES;
				FRAMEWORK_SEARCH_PATHS = (
					"$(inherited)",
					"$(PLATFORM_DIR)/Developer/Library/Frameworks",
				);
				HEADER_SEARCH_PATHS = "$(inherited)";
				INFOPLIST_FILE = MusicNotationKit.xcodeproj/PluginLibrary_Info.plist;
				LD_RUNPATH_SEARCH_PATHS = "$(TOOLCHAIN_DIR)/usr/lib/swift/macosx";
				OTHER_LDFLAGS = "$(inherited)";
				OTHER_SWIFT_FLAGS = "$(inherited)";
				PRODUCT_BUNDLE_IDENTIFIER = PluginLibrary;
				PRODUCT_MODULE_NAME = "$(TARGET_NAME:c99extidentifier)";
				PRODUCT_NAME = "$(TARGET_NAME:c99extidentifier)";
				TARGET_NAME = PluginLibrary;
			};
			name = Release;
		};
		OBJ_153 /* Debug */ = {
			isa = XCBuildConfiguration;
			buildSettings = {
				FRAMEWORK_SEARCH_PATHS = (
					"$(inherited)",
					"$(PLATFORM_DIR)/Developer/Library/Frameworks",
				);
				HEADER_SEARCH_PATHS = "$(inherited)";
				INFOPLIST_FILE = MusicNotationKit.xcodeproj/protoc_gen_swift_Info.plist;
				LD_RUNPATH_SEARCH_PATHS = "$(TOOLCHAIN_DIR)/usr/lib/swift/macosx @executable_path";
				OTHER_LDFLAGS = "$(inherited)";
				OTHER_SWIFT_FLAGS = "$(inherited)";
				SWIFT_FORCE_DYNAMIC_LINK_STDLIB = YES;
				SWIFT_FORCE_STATIC_LINK_STDLIB = NO;
				TARGET_NAME = "protoc-gen-swift";
			};
			name = Debug;
		};
		OBJ_154 /* Release */ = {
			isa = XCBuildConfiguration;
			buildSettings = {
				FRAMEWORK_SEARCH_PATHS = (
					"$(inherited)",
					"$(PLATFORM_DIR)/Developer/Library/Frameworks",
				);
				HEADER_SEARCH_PATHS = "$(inherited)";
				INFOPLIST_FILE = MusicNotationKit.xcodeproj/protoc_gen_swift_Info.plist;
				LD_RUNPATH_SEARCH_PATHS = "$(TOOLCHAIN_DIR)/usr/lib/swift/macosx @executable_path";
				OTHER_LDFLAGS = "$(inherited)";
				OTHER_SWIFT_FLAGS = "$(inherited)";
				SWIFT_FORCE_DYNAMIC_LINK_STDLIB = YES;
				SWIFT_FORCE_STATIC_LINK_STDLIB = NO;
				TARGET_NAME = "protoc-gen-swift";
			};
			name = Release;
		};
		OBJ_175 /* Debug */ = {
			isa = XCBuildConfiguration;
			buildSettings = {
				ENABLE_TESTABILITY = YES;
				FRAMEWORK_SEARCH_PATHS = (
					"$(inherited)",
					"$(PLATFORM_DIR)/Developer/Library/Frameworks",
				);
				HEADER_SEARCH_PATHS = "$(inherited)";
				INFOPLIST_FILE = MusicNotationKit.xcodeproj/SwiftProtobuf_Info.plist;
				LD_RUNPATH_SEARCH_PATHS = "$(TOOLCHAIN_DIR)/usr/lib/swift/macosx";
				OTHER_LDFLAGS = "$(inherited)";
				OTHER_SWIFT_FLAGS = "$(inherited)";
				PRODUCT_BUNDLE_IDENTIFIER = SwiftProtobuf;
				PRODUCT_MODULE_NAME = "$(TARGET_NAME:c99extidentifier)";
				PRODUCT_NAME = "$(TARGET_NAME:c99extidentifier)";
				TARGET_NAME = SwiftProtobuf;
			};
			name = Debug;
		};
		OBJ_176 /* Release */ = {
			isa = XCBuildConfiguration;
			buildSettings = {
				ENABLE_TESTABILITY = YES;
				FRAMEWORK_SEARCH_PATHS = (
					"$(inherited)",
					"$(PLATFORM_DIR)/Developer/Library/Frameworks",
				);
				HEADER_SEARCH_PATHS = "$(inherited)";
				INFOPLIST_FILE = MusicNotationKit.xcodeproj/SwiftProtobuf_Info.plist;
				LD_RUNPATH_SEARCH_PATHS = "$(TOOLCHAIN_DIR)/usr/lib/swift/macosx";
				OTHER_LDFLAGS = "$(inherited)";
				OTHER_SWIFT_FLAGS = "$(inherited)";
				PRODUCT_BUNDLE_IDENTIFIER = SwiftProtobuf;
				PRODUCT_MODULE_NAME = "$(TARGET_NAME:c99extidentifier)";
				PRODUCT_NAME = "$(TARGET_NAME:c99extidentifier)";
				TARGET_NAME = SwiftProtobuf;
			};
			name = Release;
		};
		OBJ_229 /* Debug */ = {
			isa = XCBuildConfiguration;
			buildSettings = {
				ENABLE_TESTABILITY = YES;
				FRAMEWORK_SEARCH_PATHS = (
					"$(inherited)",
					"$(PLATFORM_DIR)/Developer/Library/Frameworks",
				);
				HEADER_SEARCH_PATHS = "$(inherited)";
				INFOPLIST_FILE = MusicNotationKit.xcodeproj/MusicNotationKit_Info.plist;
				LD_RUNPATH_SEARCH_PATHS = "$(TOOLCHAIN_DIR)/usr/lib/swift/macosx";
				OTHER_LDFLAGS = "$(inherited)";
				OTHER_SWIFT_FLAGS = "$(inherited)";
				PRODUCT_BUNDLE_IDENTIFIER = MusicNotationKit;
				PRODUCT_MODULE_NAME = "$(TARGET_NAME:c99extidentifier)";
				PRODUCT_NAME = "$(TARGET_NAME:c99extidentifier)";
				TARGET_NAME = MusicNotationKit;
			};
			name = Debug;
		};
		OBJ_230 /* Release */ = {
			isa = XCBuildConfiguration;
			buildSettings = {
				ENABLE_TESTABILITY = YES;
				FRAMEWORK_SEARCH_PATHS = (
					"$(inherited)",
					"$(PLATFORM_DIR)/Developer/Library/Frameworks",
				);
				HEADER_SEARCH_PATHS = "$(inherited)";
				INFOPLIST_FILE = MusicNotationKit.xcodeproj/MusicNotationKit_Info.plist;
				LD_RUNPATH_SEARCH_PATHS = "$(TOOLCHAIN_DIR)/usr/lib/swift/macosx";
				OTHER_LDFLAGS = "$(inherited)";
				OTHER_SWIFT_FLAGS = "$(inherited)";
				PRODUCT_BUNDLE_IDENTIFIER = MusicNotationKit;
				PRODUCT_MODULE_NAME = "$(TARGET_NAME:c99extidentifier)";
				PRODUCT_NAME = "$(TARGET_NAME:c99extidentifier)";
				TARGET_NAME = MusicNotationKit;
			};
			name = Release;
		};
		OBJ_245 /* Debug */ = {
			isa = XCBuildConfiguration;
			buildSettings = {
				EMBEDDED_CONTENT_CONTAINS_SWIFT = YES;
				FRAMEWORK_SEARCH_PATHS = (
					"$(inherited)",
					"$(PLATFORM_DIR)/Developer/Library/Frameworks",
				);
				HEADER_SEARCH_PATHS = "$(inherited)";
				INFOPLIST_FILE = MusicNotationKit.xcodeproj/MusicNotationKitTests_Info.plist;
				LD_RUNPATH_SEARCH_PATHS = "@loader_path/../Frameworks";
				OTHER_LDFLAGS = "$(inherited)";
				OTHER_SWIFT_FLAGS = "$(inherited)";
				TARGET_NAME = MusicNotationKitTests;
			};
			name = Debug;
		};
		OBJ_246 /* Release */ = {
			isa = XCBuildConfiguration;
			buildSettings = {
				EMBEDDED_CONTENT_CONTAINS_SWIFT = YES;
				FRAMEWORK_SEARCH_PATHS = (
					"$(inherited)",
					"$(PLATFORM_DIR)/Developer/Library/Frameworks",
				);
				HEADER_SEARCH_PATHS = "$(inherited)";
				INFOPLIST_FILE = MusicNotationKit.xcodeproj/MusicNotationKitTests_Info.plist;
				LD_RUNPATH_SEARCH_PATHS = "@loader_path/../Frameworks";
				OTHER_LDFLAGS = "$(inherited)";
				OTHER_SWIFT_FLAGS = "$(inherited)";
				TARGET_NAME = MusicNotationKitTests;
			};
			name = Release;
		};
		OBJ_3 /* Debug */ = {
			isa = XCBuildConfiguration;
			buildSettings = {
				COMBINE_HIDPI_IMAGES = YES;
				COPY_PHASE_STRIP = NO;
				DEBUG_INFORMATION_FORMAT = dwarf;
				DYLIB_INSTALL_NAME_BASE = "@rpath";
				ENABLE_NS_ASSERTIONS = YES;
				GCC_OPTIMIZATION_LEVEL = 0;
				MACOSX_DEPLOYMENT_TARGET = 10.10;
				ONLY_ACTIVE_ARCH = YES;
				OTHER_SWIFT_FLAGS = "-DXcode";
				PRODUCT_NAME = "$(TARGET_NAME)";
				SDKROOT = macosx;
				SUPPORTED_PLATFORMS = "macosx iphoneos iphonesimulator appletvos appletvsimulator watchos watchsimulator";
				SWIFT_ACTIVE_COMPILATION_CONDITIONS = SWIFT_PACKAGE;
				SWIFT_OPTIMIZATION_LEVEL = "-Onone";
				SWIFT_VERSION = 3.0;
				USE_HEADERMAP = NO;
			};
			name = Debug;
		};
		OBJ_4 /* Release */ = {
			isa = XCBuildConfiguration;
			buildSettings = {
				COMBINE_HIDPI_IMAGES = YES;
				COPY_PHASE_STRIP = YES;
				DEBUG_INFORMATION_FORMAT = "dwarf-with-dsym";
				DYLIB_INSTALL_NAME_BASE = "@rpath";
				GCC_OPTIMIZATION_LEVEL = s;
				MACOSX_DEPLOYMENT_TARGET = 10.10;
				OTHER_SWIFT_FLAGS = "-DXcode";
				PRODUCT_NAME = "$(TARGET_NAME)";
				SDKROOT = macosx;
				SUPPORTED_PLATFORMS = "macosx iphoneos iphonesimulator appletvos appletvsimulator watchos watchsimulator";
				SWIFT_ACTIVE_COMPILATION_CONDITIONS = SWIFT_PACKAGE;
				SWIFT_OPTIMIZATION_LEVEL = "-O";
				SWIFT_VERSION = 3.0;
				USE_HEADERMAP = NO;
			};
			name = Release;
		};
/* End XCBuildConfiguration section */

/* Begin XCConfigurationList section */
		OBJ_115 /* Build configuration list for PBXNativeTarget "MusicNotationCore" */ = {
			isa = XCConfigurationList;
			buildConfigurations = (
				OBJ_116 /* Debug */,
				OBJ_117 /* Release */,
			);
			defaultConfigurationIsVisible = 0;
			defaultConfigurationName = Debug;
		};
		OBJ_141 /* Build configuration list for PBXNativeTarget "PluginLibrary" */ = {
			isa = XCConfigurationList;
			buildConfigurations = (
				OBJ_142 /* Debug */,
				OBJ_143 /* Release */,
			);
			defaultConfigurationIsVisible = 0;
			defaultConfigurationName = Debug;
		};
		OBJ_152 /* Build configuration list for PBXNativeTarget "protoc-gen-swift" */ = {
			isa = XCConfigurationList;
			buildConfigurations = (
				OBJ_153 /* Debug */,
				OBJ_154 /* Release */,
			);
			defaultConfigurationIsVisible = 0;
			defaultConfigurationName = Debug;
		};
		OBJ_174 /* Build configuration list for PBXNativeTarget "SwiftProtobuf" */ = {
			isa = XCConfigurationList;
			buildConfigurations = (
				OBJ_175 /* Debug */,
				OBJ_176 /* Release */,
			);
			defaultConfigurationIsVisible = 0;
			defaultConfigurationName = Debug;
		};
		OBJ_2 /* Build configuration list for PBXProject "MusicNotationKit" */ = {
			isa = XCConfigurationList;
			buildConfigurations = (
				OBJ_3 /* Debug */,
				OBJ_4 /* Release */,
			);
			defaultConfigurationIsVisible = 0;
			defaultConfigurationName = Debug;
		};
		OBJ_228 /* Build configuration list for PBXNativeTarget "MusicNotationKit" */ = {
			isa = XCConfigurationList;
			buildConfigurations = (
				OBJ_229 /* Debug */,
				OBJ_230 /* Release */,
			);
			defaultConfigurationIsVisible = 0;
			defaultConfigurationName = Debug;
		};
		OBJ_244 /* Build configuration list for PBXNativeTarget "MusicNotationKitTests" */ = {
			isa = XCConfigurationList;
			buildConfigurations = (
				OBJ_245 /* Debug */,
				OBJ_246 /* Release */,
			);
			defaultConfigurationIsVisible = 0;
			defaultConfigurationName = Debug;
		};
/* End XCConfigurationList section */
	};
	rootObject = OBJ_1 /* Project object */;
}
